
Microsoft Visual Studio Solution File, Format Version 12.00
# Visual Studio Version 17
VisualStudioVersion = 17.1.32407.343
MinimumVisualStudioVersion = 10.0.40219.1
Project("{8BC9CEB8-8B4A-11D0-8D11-00A0C91BC942}") = "Arduino_RX", "Arduino_RX\Arduino_RX.vcxproj", "{C5F80730-F44F-4478-BDAE-6634EFC2CA88}"
EndProject
Project("{8BC9CEB8-8B4A-11D0-8D11-00A0C91BC942}") = "SharedCode", "SharedCode\SharedCode.vcxitems", "{BC5B2871-8236-4529-B6DC-335C9D28DB92}"
EndProject
Project("{8BC9CEB8-8B4A-11D0-8D11-00A0C91BC942}") = "Arduino_TX_Display", "Arduino_TX_Display\Arduino_TX_Display.vcxproj", "{3A0BFB1D-30BF-4191-95E4-7D536C294080}"
EndProject
Project("{8BC9CEB8-8B4A-11D0-8D11-00A0C91BC942}") = "GUISlice_HMI", "..\GUISlice_HMI\GUISlice_HMI\GUISlice_HMI.vcxitems", "{BB5F77C8-DFBC-4855-A030-A9190D47FDE1}"
EndProject
Project("{8BC9CEB8-8B4A-11D0-8D11-00A0C91BC942}") = "Arduino_TX_guislice", "Arduino_TX_guislice\Arduino_TX_guislice.vcxproj", "{6D26F218-0E90-43E2-8E48-F8D802DB7C92}"
EndProject
Project("{2150E333-8FDC-42A3-9474-1A3956D46DE8}") = "STMTests", "STMTests", "{A56518EF-36F8-4BFF-91A4-C395BA0F1EEC}"
EndProject
Project("{8BC9CEB8-8B4A-11D0-8D11-00A0C91BC942}") = "ExpenderTest", "ExpenderTest\ExpenderTest.vcxproj", "{02913CAE-7BC6-4226-8C35-6FCE92C5813E}"
EndProject
Project("{8BC9CEB8-8B4A-11D0-8D11-00A0C91BC942}") = "ADCDMATestHAL", "ADCDMATestHAL\ADCDMATestHAL.vcxproj", "{FEDD8D73-3D9C-412E-9876-F3D0D23C0855}"
EndProject
Project("{2150E333-8FDC-42A3-9474-1A3956D46DE8}") = "OldCode", "OldCode", "{E8973CD6-8028-4A07-B89C-08EE505BDDF2}"
EndProject
Project("{8BC9CEB8-8B4A-11D0-8D11-00A0C91BC942}") = "nrf24l01", "nrf24l01\nrf24l01.vcxitems", "{0D46D298-0ADD-4A83-889F-837A2DD50DEF}"
EndProject
Project("{8BC9CEB8-8B4A-11D0-8D11-00A0C91BC942}") = "nrf24l01Test", "nrf24l01Test\nrf24l01Test.vcxproj", "{CFDCC87F-C8CD-4327-903F-FB0E1ABAE02F}"
EndProject
Project("{8BC9CEB8-8B4A-11D0-8D11-00A0C91BC942}") = "IOTest", "IOTest\IOTest.vcxproj", "{63C4369E-2D7C-40A6-AA12-BB5E14864CFC}"
EndProject
Project("{8BC9CEB8-8B4A-11D0-8D11-00A0C91BC942}") = "LoggerLib", "LoggerLib\LoggerLib.vcxitems", "{DFCC4823-D101-4814-B8FF-A3453E413AE1}"
EndProject
Project("{8BC9CEB8-8B4A-11D0-8D11-00A0C91BC942}") = "PlotterLib", "PlotterLib\PlotterLib.vcxitems", "{4E8DCDDF-FE00-4262-A274-787E915DE595}"
EndProject
Project("{2150E333-8FDC-42A3-9474-1A3956D46DE8}") = "Plotter", "Plotter", "{7C03E39A-7E0D-4206-8BA1-9A454D9D7C67}"
EndProject
Project("{8BC9CEB8-8B4A-11D0-8D11-00A0C91BC942}") = "PlotterTest", "PlotterTest\PlotterTest.vcxproj", "{0BB8FA3E-749C-46F7-BEDC-F39DA272C1AE}"
EndProject
Project("{8BC9CEB8-8B4A-11D0-8D11-00A0C91BC942}") = "SerialControlLibrary", "SerialControlLibrary\SerialControlLibrary.vcxitems", "{4A6771CB-5C66-4AE6-A154-CF2DF85C91EE}"
EndProject
Project("{8BC9CEB8-8B4A-11D0-8D11-00A0C91BC942}") = "Arduino_TX_Main", "Arduino_TX_Main\Arduino_TX_Main.vcxproj", "{20F563AC-D1A9-468E-9766-FD7B32C69C5B}"
EndProject
Project("{2150E333-8FDC-42A3-9474-1A3956D46DE8}") = "SerialControlLib", "SerialControlLib", "{DE854AEF-B70E-4222-8434-83C36416D7B9}"
EndProject
Project("{8BC9CEB8-8B4A-11D0-8D11-00A0C91BC942}") = "SerialControlLibTest", "SerialControlLibTest\SerialControlLibTest.vcxproj", "{191A1E7B-4061-4571-BA5D-76DC5B3F35BA}"
EndProject
Project("{8BC9CEB8-8B4A-11D0-8D11-00A0C91BC942}") = "TX_Tests", "TX_Tests\TX_Tests.vcxproj", "{291CC304-B155-4A79-87F2-2DC354811A42}"
EndProject
Project("{2150E333-8FDC-42A3-9474-1A3956D46DE8}") = "Libraries", "Libraries", "{CA5FE918-E866-4CD6-9027-DEFDBAE84615}"
EndProject
Project("{2150E333-8FDC-42A3-9474-1A3956D46DE8}") = "ControllerCompanion", "ControllerCompanion", "{DF10E3D5-4F1F-47E9-9C44-AF17635EF783}"
EndProject
Project("{9A19103F-16F7-4668-BE54-9A1E7A4F7556}") = "ControllerCompanion", "ControllerCompanion\ControllerCompanion.csproj", "{0BD308D1-1085-4084-8F41-33EB87D06114}"
EndProject
Project("{8BC9CEB8-8B4A-11D0-8D11-00A0C91BC942}") = "ControllerCompanionQT", "ControllerCompanionQT\ControllerCompanionQT.vcxproj", "{9E5E9221-EC28-4DF5-AC87-8FE1C2546C9E}"
EndProject
Global
	GlobalSection(SolutionConfigurationPlatforms) = preSolution
		Debug|Any CPU = Debug|Any CPU
		Debug|x64 = Debug|x64
		Debug|x86 = Debug|x86
		Release|Any CPU = Release|Any CPU
		Release|x64 = Release|x64
		Release|x86 = Release|x86
	EndGlobalSection
	GlobalSection(ProjectConfigurationPlatforms) = postSolution
		{C5F80730-F44F-4478-BDAE-6634EFC2CA88}.Debug|Any CPU.ActiveCfg = Debug|Win32
		{C5F80730-F44F-4478-BDAE-6634EFC2CA88}.Debug|x64.ActiveCfg = Debug|Win32
		{C5F80730-F44F-4478-BDAE-6634EFC2CA88}.Debug|x86.ActiveCfg = Debug|Win32
		{C5F80730-F44F-4478-BDAE-6634EFC2CA88}.Release|Any CPU.ActiveCfg = Release|Win32
		{C5F80730-F44F-4478-BDAE-6634EFC2CA88}.Release|x64.ActiveCfg = Release|Win32
		{C5F80730-F44F-4478-BDAE-6634EFC2CA88}.Release|x86.ActiveCfg = Release|Win32
		{C5F80730-F44F-4478-BDAE-6634EFC2CA88}.Release|x86.Build.0 = Release|Win32
		{3A0BFB1D-30BF-4191-95E4-7D536C294080}.Debug|Any CPU.ActiveCfg = Debug|Win32
		{3A0BFB1D-30BF-4191-95E4-7D536C294080}.Debug|x64.ActiveCfg = Debug|Win32
		{3A0BFB1D-30BF-4191-95E4-7D536C294080}.Debug|x64.Build.0 = Debug|Win32
		{3A0BFB1D-30BF-4191-95E4-7D536C294080}.Debug|x86.ActiveCfg = Debug|Win32
		{3A0BFB1D-30BF-4191-95E4-7D536C294080}.Release|Any CPU.ActiveCfg = Release|Win32
		{3A0BFB1D-30BF-4191-95E4-7D536C294080}.Release|x64.ActiveCfg = Release|Win32
		{3A0BFB1D-30BF-4191-95E4-7D536C294080}.Release|x64.Build.0 = Release|Win32
		{3A0BFB1D-30BF-4191-95E4-7D536C294080}.Release|x86.ActiveCfg = Release|Win32
		{3A0BFB1D-30BF-4191-95E4-7D536C294080}.Release|x86.Build.0 = Release|Win32
		{6D26F218-0E90-43E2-8E48-F8D802DB7C92}.Debug|Any CPU.ActiveCfg = Debug|Win32
		{6D26F218-0E90-43E2-8E48-F8D802DB7C92}.Debug|x64.ActiveCfg = Debug|Win32
		{6D26F218-0E90-43E2-8E48-F8D802DB7C92}.Debug|x86.ActiveCfg = Debug|Win32
		{6D26F218-0E90-43E2-8E48-F8D802DB7C92}.Release|Any CPU.ActiveCfg = Release|Win32
		{6D26F218-0E90-43E2-8E48-F8D802DB7C92}.Release|x64.ActiveCfg = Release|Win32
		{6D26F218-0E90-43E2-8E48-F8D802DB7C92}.Release|x86.ActiveCfg = Release|Win32
		{6D26F218-0E90-43E2-8E48-F8D802DB7C92}.Release|x86.Build.0 = Release|Win32
		{02913CAE-7BC6-4226-8C35-6FCE92C5813E}.Debug|Any CPU.ActiveCfg = Debug|Win32
		{02913CAE-7BC6-4226-8C35-6FCE92C5813E}.Debug|x64.ActiveCfg = Debug|Win32
		{02913CAE-7BC6-4226-8C35-6FCE92C5813E}.Debug|x86.ActiveCfg = Debug|Win32
		{02913CAE-7BC6-4226-8C35-6FCE92C5813E}.Debug|x86.Build.0 = Debug|Win32
		{02913CAE-7BC6-4226-8C35-6FCE92C5813E}.Release|Any CPU.ActiveCfg = Release|Win32
		{02913CAE-7BC6-4226-8C35-6FCE92C5813E}.Release|x64.ActiveCfg = Release|Win32
		{02913CAE-7BC6-4226-8C35-6FCE92C5813E}.Release|x86.ActiveCfg = Release|Win32
		{02913CAE-7BC6-4226-8C35-6FCE92C5813E}.Release|x86.Build.0 = Release|Win32
		{FEDD8D73-3D9C-412E-9876-F3D0D23C0855}.Debug|Any CPU.ActiveCfg = Debug|Win32
		{FEDD8D73-3D9C-412E-9876-F3D0D23C0855}.Debug|x64.ActiveCfg = Debug|Win32
		{FEDD8D73-3D9C-412E-9876-F3D0D23C0855}.Debug|x86.ActiveCfg = Debug|Win32
		{FEDD8D73-3D9C-412E-9876-F3D0D23C0855}.Release|Any CPU.ActiveCfg = Release|Win32
		{FEDD8D73-3D9C-412E-9876-F3D0D23C0855}.Release|x64.ActiveCfg = Release|Win32
		{FEDD8D73-3D9C-412E-9876-F3D0D23C0855}.Release|x86.ActiveCfg = Release|Win32
		{FEDD8D73-3D9C-412E-9876-F3D0D23C0855}.Release|x86.Build.0 = Release|Win32
		{CFDCC87F-C8CD-4327-903F-FB0E1ABAE02F}.Debug|Any CPU.ActiveCfg = Debug|Win32
		{CFDCC87F-C8CD-4327-903F-FB0E1ABAE02F}.Debug|x64.ActiveCfg = Debug|Win32
		{CFDCC87F-C8CD-4327-903F-FB0E1ABAE02F}.Debug|x86.ActiveCfg = Debug|Win32
		{CFDCC87F-C8CD-4327-903F-FB0E1ABAE02F}.Release|Any CPU.ActiveCfg = Release|Win32
		{CFDCC87F-C8CD-4327-903F-FB0E1ABAE02F}.Release|x64.ActiveCfg = Release|Win32
		{CFDCC87F-C8CD-4327-903F-FB0E1ABAE02F}.Release|x86.ActiveCfg = Release|Win32
		{CFDCC87F-C8CD-4327-903F-FB0E1ABAE02F}.Release|x86.Build.0 = Release|Win32
		{63C4369E-2D7C-40A6-AA12-BB5E14864CFC}.Debug|Any CPU.ActiveCfg = Debug|Win32
		{63C4369E-2D7C-40A6-AA12-BB5E14864CFC}.Debug|x64.ActiveCfg = Debug|Win32
		{63C4369E-2D7C-40A6-AA12-BB5E14864CFC}.Debug|x86.ActiveCfg = Debug|Win32
		{63C4369E-2D7C-40A6-AA12-BB5E14864CFC}.Debug|x86.Build.0 = Debug|Win32
		{63C4369E-2D7C-40A6-AA12-BB5E14864CFC}.Release|Any CPU.ActiveCfg = Release|Win32
		{63C4369E-2D7C-40A6-AA12-BB5E14864CFC}.Release|x64.ActiveCfg = Release|Win32
		{63C4369E-2D7C-40A6-AA12-BB5E14864CFC}.Release|x86.ActiveCfg = Release|Win32
		{63C4369E-2D7C-40A6-AA12-BB5E14864CFC}.Release|x86.Build.0 = Release|Win32
		{0BB8FA3E-749C-46F7-BEDC-F39DA272C1AE}.Debug|Any CPU.ActiveCfg = Debug|Win32
		{0BB8FA3E-749C-46F7-BEDC-F39DA272C1AE}.Debug|x64.ActiveCfg = Debug|Win32
		{0BB8FA3E-749C-46F7-BEDC-F39DA272C1AE}.Debug|x86.ActiveCfg = Debug|Win32
		{0BB8FA3E-749C-46F7-BEDC-F39DA272C1AE}.Release|Any CPU.ActiveCfg = Release|Win32
		{0BB8FA3E-749C-46F7-BEDC-F39DA272C1AE}.Release|x64.ActiveCfg = Release|Win32
		{0BB8FA3E-749C-46F7-BEDC-F39DA272C1AE}.Release|x86.ActiveCfg = Release|Win32
		{0BB8FA3E-749C-46F7-BEDC-F39DA272C1AE}.Release|x86.Build.0 = Release|Win32
		{20F563AC-D1A9-468E-9766-FD7B32C69C5B}.Debug|Any CPU.ActiveCfg = Debug|Win32
		{20F563AC-D1A9-468E-9766-FD7B32C69C5B}.Debug|x64.ActiveCfg = Debug|Win32
		{20F563AC-D1A9-468E-9766-FD7B32C69C5B}.Debug|x86.ActiveCfg = Debug|Win32
		{20F563AC-D1A9-468E-9766-FD7B32C69C5B}.Release|Any CPU.ActiveCfg = Release|Win32
		{20F563AC-D1A9-468E-9766-FD7B32C69C5B}.Release|x64.ActiveCfg = Release|Win32
		{20F563AC-D1A9-468E-9766-FD7B32C69C5B}.Release|x64.Build.0 = Release|Win32
		{20F563AC-D1A9-468E-9766-FD7B32C69C5B}.Release|x86.ActiveCfg = Release|Win32
		{20F563AC-D1A9-468E-9766-FD7B32C69C5B}.Release|x86.Build.0 = Release|Win32
		{191A1E7B-4061-4571-BA5D-76DC5B3F35BA}.Debug|Any CPU.ActiveCfg = Debug|Win32
		{191A1E7B-4061-4571-BA5D-76DC5B3F35BA}.Debug|Any CPU.Build.0 = Debug|Win32
		{191A1E7B-4061-4571-BA5D-76DC5B3F35BA}.Debug|x64.ActiveCfg = Debug|Win32
		{191A1E7B-4061-4571-BA5D-76DC5B3F35BA}.Debug|x64.Build.0 = Debug|Win32
		{191A1E7B-4061-4571-BA5D-76DC5B3F35BA}.Debug|x86.ActiveCfg = Debug|Win32
		{191A1E7B-4061-4571-BA5D-76DC5B3F35BA}.Debug|x86.Build.0 = Debug|Win32
		{191A1E7B-4061-4571-BA5D-76DC5B3F35BA}.Release|Any CPU.ActiveCfg = Release|Win32
		{191A1E7B-4061-4571-BA5D-76DC5B3F35BA}.Release|Any CPU.Build.0 = Release|Win32
		{191A1E7B-4061-4571-BA5D-76DC5B3F35BA}.Release|x64.ActiveCfg = Release|Win32
		{191A1E7B-4061-4571-BA5D-76DC5B3F35BA}.Release|x64.Build.0 = Release|Win32
		{191A1E7B-4061-4571-BA5D-76DC5B3F35BA}.Release|x86.ActiveCfg = Release|Win32
		{191A1E7B-4061-4571-BA5D-76DC5B3F35BA}.Release|x86.Build.0 = Release|Win32
		{291CC304-B155-4A79-87F2-2DC354811A42}.Debug|Any CPU.ActiveCfg = Debug|x64
		{291CC304-B155-4A79-87F2-2DC354811A42}.Debug|Any CPU.Build.0 = Debug|x64
		{291CC304-B155-4A79-87F2-2DC354811A42}.Debug|x64.ActiveCfg = Debug|x64
		{291CC304-B155-4A79-87F2-2DC354811A42}.Debug|x64.Build.0 = Debug|x64
		{291CC304-B155-4A79-87F2-2DC354811A42}.Debug|x86.ActiveCfg = Debug|Win32
		{291CC304-B155-4A79-87F2-2DC354811A42}.Debug|x86.Build.0 = Debug|Win32
		{291CC304-B155-4A79-87F2-2DC354811A42}.Release|Any CPU.ActiveCfg = Release|x64
		{291CC304-B155-4A79-87F2-2DC354811A42}.Release|Any CPU.Build.0 = Release|x64
		{291CC304-B155-4A79-87F2-2DC354811A42}.Release|x64.ActiveCfg = Release|x64
		{291CC304-B155-4A79-87F2-2DC354811A42}.Release|x64.Build.0 = Release|x64
		{291CC304-B155-4A79-87F2-2DC354811A42}.Release|x86.ActiveCfg = Release|Win32
		{291CC304-B155-4A79-87F2-2DC354811A42}.Release|x86.Build.0 = Release|Win32
		{0BD308D1-1085-4084-8F41-33EB87D06114}.Debug|Any CPU.ActiveCfg = Debug|Any CPU
		{0BD308D1-1085-4084-8F41-33EB87D06114}.Debug|Any CPU.Build.0 = Debug|Any CPU
		{0BD308D1-1085-4084-8F41-33EB87D06114}.Debug|x64.ActiveCfg = Debug|Any CPU
		{0BD308D1-1085-4084-8F41-33EB87D06114}.Debug|x64.Build.0 = Debug|Any CPU
		{0BD308D1-1085-4084-8F41-33EB87D06114}.Debug|x86.ActiveCfg = Debug|Any CPU
		{0BD308D1-1085-4084-8F41-33EB87D06114}.Debug|x86.Build.0 = Debug|Any CPU
		{0BD308D1-1085-4084-8F41-33EB87D06114}.Release|Any CPU.ActiveCfg = Release|Any CPU
		{0BD308D1-1085-4084-8F41-33EB87D06114}.Release|Any CPU.Build.0 = Release|Any CPU
		{0BD308D1-1085-4084-8F41-33EB87D06114}.Release|x64.ActiveCfg = Release|Any CPU
		{0BD308D1-1085-4084-8F41-33EB87D06114}.Release|x64.Build.0 = Release|Any CPU
		{0BD308D1-1085-4084-8F41-33EB87D06114}.Release|x86.ActiveCfg = Release|Any CPU
		{0BD308D1-1085-4084-8F41-33EB87D06114}.Release|x86.Build.0 = Release|Any CPU
		{9E5E9221-EC28-4DF5-AC87-8FE1C2546C9E}.Debug|Any CPU.ActiveCfg = Debug|x64
		{9E5E9221-EC28-4DF5-AC87-8FE1C2546C9E}.Debug|Any CPU.Build.0 = Debug|x64
		{9E5E9221-EC28-4DF5-AC87-8FE1C2546C9E}.Debug|x64.ActiveCfg = Debug|x64
		{9E5E9221-EC28-4DF5-AC87-8FE1C2546C9E}.Debug|x64.Build.0 = Debug|x64
		{9E5E9221-EC28-4DF5-AC87-8FE1C2546C9E}.Debug|x86.ActiveCfg = Debug|x64
		{9E5E9221-EC28-4DF5-AC87-8FE1C2546C9E}.Debug|x86.Build.0 = Debug|x64
		{9E5E9221-EC28-4DF5-AC87-8FE1C2546C9E}.Release|Any CPU.ActiveCfg = Release|x64
		{9E5E9221-EC28-4DF5-AC87-8FE1C2546C9E}.Release|Any CPU.Build.0 = Release|x64
		{9E5E9221-EC28-4DF5-AC87-8FE1C2546C9E}.Release|x64.ActiveCfg = Release|x64
		{9E5E9221-EC28-4DF5-AC87-8FE1C2546C9E}.Release|x64.Build.0 = Release|x64
		{9E5E9221-EC28-4DF5-AC87-8FE1C2546C9E}.Release|x86.ActiveCfg = Release|x64
		{9E5E9221-EC28-4DF5-AC87-8FE1C2546C9E}.Release|x86.Build.0 = Release|x64
	EndGlobalSection
	GlobalSection(SolutionProperties) = preSolution
		HideSolutionNode = FALSE
	EndGlobalSection
	GlobalSection(NestedProjects) = preSolution
		{C5F80730-F44F-4478-BDAE-6634EFC2CA88} = {E8973CD6-8028-4A07-B89C-08EE505BDDF2}
		{BB5F77C8-DFBC-4855-A030-A9190D47FDE1} = {CA5FE918-E866-4CD6-9027-DEFDBAE84615}
		{6D26F218-0E90-43E2-8E48-F8D802DB7C92} = {E8973CD6-8028-4A07-B89C-08EE505BDDF2}
		{02913CAE-7BC6-4226-8C35-6FCE92C5813E} = {A56518EF-36F8-4BFF-91A4-C395BA0F1EEC}
		{FEDD8D73-3D9C-412E-9876-F3D0D23C0855} = {A56518EF-36F8-4BFF-91A4-C395BA0F1EEC}
		{0D46D298-0ADD-4A83-889F-837A2DD50DEF} = {CA5FE918-E866-4CD6-9027-DEFDBAE84615}
		{CFDCC87F-C8CD-4327-903F-FB0E1ABAE02F} = {A56518EF-36F8-4BFF-91A4-C395BA0F1EEC}
		{63C4369E-2D7C-40A6-AA12-BB5E14864CFC} = {A56518EF-36F8-4BFF-91A4-C395BA0F1EEC}
		{DFCC4823-D101-4814-B8FF-A3453E413AE1} = {CA5FE918-E866-4CD6-9027-DEFDBAE84615}
		{4E8DCDDF-FE00-4262-A274-787E915DE595} = {7C03E39A-7E0D-4206-8BA1-9A454D9D7C67}
		{7C03E39A-7E0D-4206-8BA1-9A454D9D7C67} = {CA5FE918-E866-4CD6-9027-DEFDBAE84615}
		{0BB8FA3E-749C-46F7-BEDC-F39DA272C1AE} = {7C03E39A-7E0D-4206-8BA1-9A454D9D7C67}
		{4A6771CB-5C66-4AE6-A154-CF2DF85C91EE} = {DE854AEF-B70E-4222-8434-83C36416D7B9}
		{DE854AEF-B70E-4222-8434-83C36416D7B9} = {CA5FE918-E866-4CD6-9027-DEFDBAE84615}
		{191A1E7B-4061-4571-BA5D-76DC5B3F35BA} = {DE854AEF-B70E-4222-8434-83C36416D7B9}
		{0BD308D1-1085-4084-8F41-33EB87D06114} = {DF10E3D5-4F1F-47E9-9C44-AF17635EF783}
		{9E5E9221-EC28-4DF5-AC87-8FE1C2546C9E} = {DF10E3D5-4F1F-47E9-9C44-AF17635EF783}
	EndGlobalSection
	GlobalSection(ExtensibilityGlobals) = postSolution
		SolutionGuid = {C3F8CF22-6A12-49E9-AC7D-EF82DEE742A6}
	EndGlobalSection
	GlobalSection(SharedMSBuildProjectFiles) = preSolution
		nrf24l01\nrf24l01.vcxitems*{0bb8fa3e-749c-46f7-bedc-f39da272c1ae}*SharedItemsImports = 4
		PlotterLib\PlotterLib.vcxitems*{0bb8fa3e-749c-46f7-bedc-f39da272c1ae}*SharedItemsImports = 4
		SerialControlLibrary\SerialControlLibrary.vcxitems*{0bb8fa3e-749c-46f7-bedc-f39da272c1ae}*SharedItemsImports = 4
		SharedCode\SharedCode.vcxitems*{0bb8fa3e-749c-46f7-bedc-f39da272c1ae}*SharedItemsImports = 4
		nrf24l01\nrf24l01.vcxitems*{0d46d298-0add-4a83-889f-837a2dd50def}*SharedItemsImports = 9
		SerialControlLibrary\SerialControlLibrary.vcxitems*{191a1e7b-4061-4571-ba5d-76dc5b3f35ba}*SharedItemsImports = 4
		nrf24l01\nrf24l01.vcxitems*{20f563ac-d1a9-468e-9766-fd7b32c69c5b}*SharedItemsImports = 4
		PlotterLib\PlotterLib.vcxitems*{20f563ac-d1a9-468e-9766-fd7b32c69c5b}*SharedItemsImports = 4
		SerialControlLibrary\SerialControlLibrary.vcxitems*{20f563ac-d1a9-468e-9766-fd7b32c69c5b}*SharedItemsImports = 4
		SharedCode\SharedCode.vcxitems*{20f563ac-d1a9-468e-9766-fd7b32c69c5b}*SharedItemsImports = 4
		..\GUISlice_HMI\GUISlice_HMI\GUISlice_HMI.vcxitems*{20f563ac-d1a9-468e-9766-fd7b32c69c5b}*SharedItemsImports = 4
		SerialControlLibrary\SerialControlLibrary.vcxitems*{4a6771cb-5c66-4ae6-a154-cf2df85c91ee}*SharedItemsImports = 9
		PlotterLib\PlotterLib.vcxitems*{4e8dcddf-fe00-4262-a274-787e915de595}*SharedItemsImports = 9
		SharedCode\SharedCode.vcxitems*{6d26f218-0e90-43e2-8e48-f8d802db7c92}*SharedItemsImports = 4
		..\GUISlice_HMI\GUISlice_HMI\GUISlice_HMI.vcxitems*{6d26f218-0e90-43e2-8e48-f8d802db7c92}*SharedItemsImports = 4
		..\GUISlice_HMI\GUISlice_HMI\GUISlice_HMI.vcxitems*{bb5f77c8-dfbc-4855-a030-a9190d47fde1}*SharedItemsImports = 9
		SharedCode\SharedCode.vcxitems*{bc5b2871-8236-4529-b6dc-335c9d28db92}*SharedItemsImports = 9
		SharedCode\SharedCode.vcxitems*{c5f80730-f44f-4478-bdae-6634efc2ca88}*SharedItemsImports = 4
		nrf24l01\nrf24l01.vcxitems*{cfdcc87f-c8cd-4327-903f-fb0e1abae02f}*SharedItemsImports = 4
		SharedCode\SharedCode.vcxitems*{cfdcc87f-c8cd-4327-903f-fb0e1abae02f}*SharedItemsImports = 4
		LoggerLib\LoggerLib.vcxitems*{dfcc4823-d101-4814-b8ff-a3453e413ae1}*SharedItemsImports = 9
		SharedCode\SharedCode.vcxitems*{fedd8d73-3d9c-412e-9876-f3d0d23c0855}*SharedItemsImports = 4
	EndGlobalSection
EndGlobal
