
Microsoft Visual Studio Solution File, Format Version 12.00
# Visual Studio Version 17
VisualStudioVersion = 17.9.34622.214
MinimumVisualStudioVersion = 10.0.40219.1
Project("{2150E333-8FDC-42A3-9474-1A3956D46DE8}") = "Libs", "Libs", "{757ECD46-0206-4C3F-A2C1-4C90EB4CD025}"
EndProject
Project("{2150E333-8FDC-42A3-9474-1A3956D46DE8}") = "ArduinoCode", "ArduinoCode", "{2329D005-6A98-4072-9829-AA5A847BE1B8}"
EndProject
Project("{8BC9CEB8-8B4A-11D0-8D11-00A0C91BC942}") = "Arduino_TX_Display", "MainCode\Arduino\Arduino_TX_Display\Arduino_TX_Display.vcxproj", "{3A0BFB1D-30BF-4191-95E4-7D536C294080}"
EndProject
Project("{2150E333-8FDC-42A3-9474-1A3956D46DE8}") = "DesktopCode", "DesktopCode", "{BBC97472-5507-4B4E-B417-2540D2F29C84}"
EndProject
Project("{9A19103F-16F7-4668-BE54-9A1E7A4F7556}") = "ControllerCompanion", "MainCode\Desktop\ControllerCompanion\ControllerCompanion.csproj", "{D7EF5A84-77B6-4E35-BA3A-2CEBA90EE2D8}"
EndProject
Project("{2150E333-8FDC-42A3-9474-1A3956D46DE8}") = "Tests", "Tests", "{0A155390-054B-47BE-8A2F-50336A8193D2}"
EndProject
Project("{2150E333-8FDC-42A3-9474-1A3956D46DE8}") = "TXTests", "TXTests", "{FC263FE0-73DA-4C15-97E6-C2389143EB62}"
EndProject
Project("{8BC9CEB8-8B4A-11D0-8D11-00A0C91BC942}") = "ExpenderTest", "Tests\ExpenderTest\ExpenderTest.vcxproj", "{02913CAE-7BC6-4226-8C35-6FCE92C5813E}"
EndProject
Project("{8BC9CEB8-8B4A-11D0-8D11-00A0C91BC942}") = "I2CTest", "Tests\I2CTest\I2CTest.vcxproj", "{3355BF85-1651-43CC-9B44-0D91EFB65660}"
EndProject
Project("{8BC9CEB8-8B4A-11D0-8D11-00A0C91BC942}") = "IOTest", "Tests\IOTest\IOTest.vcxproj", "{63C4369E-2D7C-40A6-AA12-BB5E14864CFC}"
EndProject
Project("{8BC9CEB8-8B4A-11D0-8D11-00A0C91BC942}") = "TimerTest", "Tests\TimerTest\TimerTest.vcxproj", "{2796C59D-B924-4DEC-85BF-DD4BE67A243B}"
EndProject
Project("{8BC9CEB8-8B4A-11D0-8D11-00A0C91BC942}") = "channelfunctions", "Libs\Arduino\channelfunctions\channelfunctions.vcxitems", "{F29BC8FE-058D-4457-9AA1-02046E766489}"
EndProject
Project("{8BC9CEB8-8B4A-11D0-8D11-00A0C91BC942}") = "LoggerLib", "Libs\Arduino\LoggerLib\LoggerLib.vcxitems", "{DFCC4823-D101-4814-B8FF-A3453E413AE1}"
EndProject
Project("{2150E333-8FDC-42A3-9474-1A3956D46DE8}") = "Arduino", "Arduino", "{22B227B7-4640-4AF5-B075-9622267BEEA1}"
EndProject
Project("{2150E333-8FDC-42A3-9474-1A3956D46DE8}") = "CubeIDE", "CubeIDE", "{713B8823-B038-4D68-80E9-D786FFBB4E97}"
EndProject
Project("{2150E333-8FDC-42A3-9474-1A3956D46DE8}") = "Shared", "Shared", "{14DE94D3-EFA5-4B15-9C30-C1F970E79802}"
EndProject
Project("{8BC9CEB8-8B4A-11D0-8D11-00A0C91BC942}") = "PlotterLib", "Libs\Arduino\PlotterLib\PlotterLib.vcxitems", "{4E8DCDDF-FE00-4262-A274-787E915DE595}"
EndProject
Project("{8BC9CEB8-8B4A-11D0-8D11-00A0C91BC942}") = "SerialControlLibrary", "Libs\Arduino\SerialControlLibrary\SerialControlLibrary.vcxitems", "{4A6771CB-5C66-4AE6-A154-CF2DF85C91EE}"
EndProject
Project("{8BC9CEB8-8B4A-11D0-8D11-00A0C91BC942}") = "ArduinoBackport", "Libs\CubeIDE\ArduinoBackport\ArduinoBackport.vcxitems", "{E5E835B0-2801-4B45-BC47-4B47C74C5288}"
EndProject
Project("{8BC9CEB8-8B4A-11D0-8D11-00A0C91BC942}") = "nrf24l01", "Libs\Shared\nrf24l01\nrf24l01.vcxitems", "{0D46D298-0ADD-4A83-889F-837A2DD50DEF}"
EndProject
Project("{8BC9CEB8-8B4A-11D0-8D11-00A0C91BC942}") = "SBUS", "Libs\Shared\SBUS\SBUS.vcxitems", "{D3300BAE-835F-4332-B609-EFDB57E55157}"
EndProject
Project("{8BC9CEB8-8B4A-11D0-8D11-00A0C91BC942}") = "SharedCode", "Libs\Shared\SharedCode\SharedCode.vcxitems", "{37E40067-A017-4F6E-8F24-771791287973}"
EndProject
Project("{8BC9CEB8-8B4A-11D0-8D11-00A0C91BC942}") = "SharedIndependantCode", "Libs\Shared\SharedIndependantCode\SharedIndependantCode.vcxitems", "{76DF0C5A-5B4F-43FC-83B7-3D9DD4EE6B10}"
EndProject
Project("{8BC9CEB8-8B4A-11D0-8D11-00A0C91BC942}") = "w25qxx", "Libs\Shared\w25qxx\w25qxx.vcxitems", "{20592488-FE2B-41F4-AA4A-B96FC8017107}"
EndProject
Project("{2150E333-8FDC-42A3-9474-1A3956D46DE8}") = "MainCode", "MainCode", "{5725B37A-2873-48E2-93CA-9A2E5FE86739}"
EndProject
Project("{8BC9CEB8-8B4A-11D0-8D11-00A0C91BC942}") = "Arduino_TX_Main", "MainCode\Arduino\Arduino_TX_Main\Arduino_TX_Main.vcxproj", "{F59065EA-0053-4E5A-853F-A150E4646F40}"
EndProject
Project("{8BC9CEB8-8B4A-11D0-8D11-00A0C91BC942}") = "GUISlice_HMI", "..\GUISlice_HMI\GUISlice_HMI\GUISlice_HMI.vcxitems", "{BB5F77C8-DFBC-4855-A030-A9190D47FDE1}"
EndProject
Project("{8BC9CEB8-8B4A-11D0-8D11-00A0C91BC942}") = "IBUS", "Libs\Shared\IBUS\IBUS.vcxitems", "{C375B832-7560-48DF-B360-BD5DEBFD8696}"
EndProject
Project("{8BC9CEB8-8B4A-11D0-8D11-00A0C91BC942}") = "RX_To_Lego", "MainCode\Arduino\RX_To_Lego\RX_To_Lego.vcxproj", "{4A316F83-AA59-40DA-B28C-0D3E81992FEB}"
EndProject
Project("{8BC9CEB8-8B4A-11D0-8D11-00A0C91BC942}") = "CustomRC", "Libs\Shared\CustomRC\CustomRC.vcxitems", "{C114D10A-91B2-4700-8855-AF9F04DA25FF}"
EndProject
Project("{8BC9CEB8-8B4A-11D0-8D11-00A0C91BC942}") = "ADCTest", "Tests\ADCTest\ADCTest.vcxproj", "{0BDA728E-C723-4105-A186-0DB2B34151A9}"
EndProject
Global
	GlobalSection(SolutionConfigurationPlatforms) = preSolution
		Debug|Any CPU = Debug|Any CPU
		Debug|ARM = Debug|ARM
		Debug|ARM64 = Debug|ARM64
		Debug|x64 = Debug|x64
		Debug|x86 = Debug|x86
		Release|Any CPU = Release|Any CPU
		Release|ARM = Release|ARM
		Release|ARM64 = Release|ARM64
		Release|x64 = Release|x64
		Release|x86 = Release|x86
	EndGlobalSection
	GlobalSection(ProjectConfigurationPlatforms) = postSolution
		{3A0BFB1D-30BF-4191-95E4-7D536C294080}.Debug|Any CPU.ActiveCfg = Debug|Win32
		{3A0BFB1D-30BF-4191-95E4-7D536C294080}.Debug|Any CPU.Build.0 = Debug|Win32
		{3A0BFB1D-30BF-4191-95E4-7D536C294080}.Debug|ARM.ActiveCfg = Debug|Win32
		{3A0BFB1D-30BF-4191-95E4-7D536C294080}.Debug|ARM.Build.0 = Debug|Win32
		{3A0BFB1D-30BF-4191-95E4-7D536C294080}.Debug|ARM64.ActiveCfg = Debug|Win32
		{3A0BFB1D-30BF-4191-95E4-7D536C294080}.Debug|ARM64.Build.0 = Debug|Win32
		{3A0BFB1D-30BF-4191-95E4-7D536C294080}.Debug|x64.ActiveCfg = Debug|Win32
		{3A0BFB1D-30BF-4191-95E4-7D536C294080}.Debug|x64.Build.0 = Debug|Win32
		{3A0BFB1D-30BF-4191-95E4-7D536C294080}.Debug|x86.ActiveCfg = Debug|Win32
		{3A0BFB1D-30BF-4191-95E4-7D536C294080}.Debug|x86.Build.0 = Debug|Win32
		{3A0BFB1D-30BF-4191-95E4-7D536C294080}.Release|Any CPU.ActiveCfg = Release|Win32
		{3A0BFB1D-30BF-4191-95E4-7D536C294080}.Release|Any CPU.Build.0 = Release|Win32
		{3A0BFB1D-30BF-4191-95E4-7D536C294080}.Release|ARM.ActiveCfg = Release|Win32
		{3A0BFB1D-30BF-4191-95E4-7D536C294080}.Release|ARM.Build.0 = Release|Win32
		{3A0BFB1D-30BF-4191-95E4-7D536C294080}.Release|ARM64.ActiveCfg = Release|Win32
		{3A0BFB1D-30BF-4191-95E4-7D536C294080}.Release|ARM64.Build.0 = Release|Win32
		{3A0BFB1D-30BF-4191-95E4-7D536C294080}.Release|x64.ActiveCfg = Release|Win32
		{3A0BFB1D-30BF-4191-95E4-7D536C294080}.Release|x64.Build.0 = Release|Win32
		{3A0BFB1D-30BF-4191-95E4-7D536C294080}.Release|x86.ActiveCfg = Release|Win32
		{3A0BFB1D-30BF-4191-95E4-7D536C294080}.Release|x86.Build.0 = Release|Win32
		{D7EF5A84-77B6-4E35-BA3A-2CEBA90EE2D8}.Debug|Any CPU.ActiveCfg = Debug|Any CPU
		{D7EF5A84-77B6-4E35-BA3A-2CEBA90EE2D8}.Debug|Any CPU.Build.0 = Debug|Any CPU
		{D7EF5A84-77B6-4E35-BA3A-2CEBA90EE2D8}.Debug|ARM.ActiveCfg = Debug|Any CPU
		{D7EF5A84-77B6-4E35-BA3A-2CEBA90EE2D8}.Debug|ARM.Build.0 = Debug|Any CPU
		{D7EF5A84-77B6-4E35-BA3A-2CEBA90EE2D8}.Debug|ARM64.ActiveCfg = Debug|Any CPU
		{D7EF5A84-77B6-4E35-BA3A-2CEBA90EE2D8}.Debug|ARM64.Build.0 = Debug|Any CPU
		{D7EF5A84-77B6-4E35-BA3A-2CEBA90EE2D8}.Debug|x64.ActiveCfg = Debug|Any CPU
		{D7EF5A84-77B6-4E35-BA3A-2CEBA90EE2D8}.Debug|x64.Build.0 = Debug|Any CPU
		{D7EF5A84-77B6-4E35-BA3A-2CEBA90EE2D8}.Debug|x86.ActiveCfg = Debug|Any CPU
		{D7EF5A84-77B6-4E35-BA3A-2CEBA90EE2D8}.Debug|x86.Build.0 = Debug|Any CPU
		{D7EF5A84-77B6-4E35-BA3A-2CEBA90EE2D8}.Release|Any CPU.ActiveCfg = Release|Any CPU
		{D7EF5A84-77B6-4E35-BA3A-2CEBA90EE2D8}.Release|Any CPU.Build.0 = Release|Any CPU
		{D7EF5A84-77B6-4E35-BA3A-2CEBA90EE2D8}.Release|ARM.ActiveCfg = Release|Any CPU
		{D7EF5A84-77B6-4E35-BA3A-2CEBA90EE2D8}.Release|ARM.Build.0 = Release|Any CPU
		{D7EF5A84-77B6-4E35-BA3A-2CEBA90EE2D8}.Release|ARM64.ActiveCfg = Release|Any CPU
		{D7EF5A84-77B6-4E35-BA3A-2CEBA90EE2D8}.Release|ARM64.Build.0 = Release|Any CPU
		{D7EF5A84-77B6-4E35-BA3A-2CEBA90EE2D8}.Release|x64.ActiveCfg = Release|Any CPU
		{D7EF5A84-77B6-4E35-BA3A-2CEBA90EE2D8}.Release|x64.Build.0 = Release|Any CPU
		{D7EF5A84-77B6-4E35-BA3A-2CEBA90EE2D8}.Release|x86.ActiveCfg = Release|Any CPU
		{D7EF5A84-77B6-4E35-BA3A-2CEBA90EE2D8}.Release|x86.Build.0 = Release|Any CPU
		{02913CAE-7BC6-4226-8C35-6FCE92C5813E}.Debug|Any CPU.ActiveCfg = Debug|Win32
		{02913CAE-7BC6-4226-8C35-6FCE92C5813E}.Debug|Any CPU.Build.0 = Debug|Win32
		{02913CAE-7BC6-4226-8C35-6FCE92C5813E}.Debug|ARM.ActiveCfg = Debug|Win32
		{02913CAE-7BC6-4226-8C35-6FCE92C5813E}.Debug|ARM.Build.0 = Debug|Win32
		{02913CAE-7BC6-4226-8C35-6FCE92C5813E}.Debug|ARM64.ActiveCfg = Debug|Win32
		{02913CAE-7BC6-4226-8C35-6FCE92C5813E}.Debug|ARM64.Build.0 = Debug|Win32
		{02913CAE-7BC6-4226-8C35-6FCE92C5813E}.Debug|x64.ActiveCfg = Debug|Win32
		{02913CAE-7BC6-4226-8C35-6FCE92C5813E}.Debug|x64.Build.0 = Debug|Win32
		{02913CAE-7BC6-4226-8C35-6FCE92C5813E}.Debug|x86.ActiveCfg = Debug|Win32
		{02913CAE-7BC6-4226-8C35-6FCE92C5813E}.Debug|x86.Build.0 = Debug|Win32
		{02913CAE-7BC6-4226-8C35-6FCE92C5813E}.Release|Any CPU.ActiveCfg = Release|Win32
		{02913CAE-7BC6-4226-8C35-6FCE92C5813E}.Release|Any CPU.Build.0 = Release|Win32
		{02913CAE-7BC6-4226-8C35-6FCE92C5813E}.Release|ARM.ActiveCfg = Release|Win32
		{02913CAE-7BC6-4226-8C35-6FCE92C5813E}.Release|ARM.Build.0 = Release|Win32
		{02913CAE-7BC6-4226-8C35-6FCE92C5813E}.Release|ARM64.ActiveCfg = Release|Win32
		{02913CAE-7BC6-4226-8C35-6FCE92C5813E}.Release|ARM64.Build.0 = Release|Win32
		{02913CAE-7BC6-4226-8C35-6FCE92C5813E}.Release|x64.ActiveCfg = Release|Win32
		{02913CAE-7BC6-4226-8C35-6FCE92C5813E}.Release|x64.Build.0 = Release|Win32
		{02913CAE-7BC6-4226-8C35-6FCE92C5813E}.Release|x86.ActiveCfg = Release|Win32
		{02913CAE-7BC6-4226-8C35-6FCE92C5813E}.Release|x86.Build.0 = Release|Win32
		{3355BF85-1651-43CC-9B44-0D91EFB65660}.Debug|Any CPU.ActiveCfg = Debug|x64
		{3355BF85-1651-43CC-9B44-0D91EFB65660}.Debug|Any CPU.Build.0 = Debug|x64
		{3355BF85-1651-43CC-9B44-0D91EFB65660}.Debug|Any CPU.Deploy.0 = Debug|x64
		{3355BF85-1651-43CC-9B44-0D91EFB65660}.Debug|ARM.ActiveCfg = Debug|ARM
		{3355BF85-1651-43CC-9B44-0D91EFB65660}.Debug|ARM.Build.0 = Debug|ARM
		{3355BF85-1651-43CC-9B44-0D91EFB65660}.Debug|ARM.Deploy.0 = Debug|ARM
		{3355BF85-1651-43CC-9B44-0D91EFB65660}.Debug|ARM64.ActiveCfg = Debug|ARM64
		{3355BF85-1651-43CC-9B44-0D91EFB65660}.Debug|ARM64.Build.0 = Debug|ARM64
		{3355BF85-1651-43CC-9B44-0D91EFB65660}.Debug|ARM64.Deploy.0 = Debug|ARM64
		{3355BF85-1651-43CC-9B44-0D91EFB65660}.Debug|x64.ActiveCfg = Debug|x64
		{3355BF85-1651-43CC-9B44-0D91EFB65660}.Debug|x64.Build.0 = Debug|x64
		{3355BF85-1651-43CC-9B44-0D91EFB65660}.Debug|x64.Deploy.0 = Debug|x64
		{3355BF85-1651-43CC-9B44-0D91EFB65660}.Debug|x86.ActiveCfg = Debug|x86
		{3355BF85-1651-43CC-9B44-0D91EFB65660}.Debug|x86.Build.0 = Debug|x86
		{3355BF85-1651-43CC-9B44-0D91EFB65660}.Debug|x86.Deploy.0 = Debug|x86
		{3355BF85-1651-43CC-9B44-0D91EFB65660}.Release|Any CPU.ActiveCfg = Release|x64
		{3355BF85-1651-43CC-9B44-0D91EFB65660}.Release|Any CPU.Build.0 = Release|x64
		{3355BF85-1651-43CC-9B44-0D91EFB65660}.Release|Any CPU.Deploy.0 = Release|x64
		{3355BF85-1651-43CC-9B44-0D91EFB65660}.Release|ARM.ActiveCfg = Release|ARM
		{3355BF85-1651-43CC-9B44-0D91EFB65660}.Release|ARM.Build.0 = Release|ARM
		{3355BF85-1651-43CC-9B44-0D91EFB65660}.Release|ARM.Deploy.0 = Release|ARM
		{3355BF85-1651-43CC-9B44-0D91EFB65660}.Release|ARM64.ActiveCfg = Release|ARM64
		{3355BF85-1651-43CC-9B44-0D91EFB65660}.Release|ARM64.Build.0 = Release|ARM64
		{3355BF85-1651-43CC-9B44-0D91EFB65660}.Release|ARM64.Deploy.0 = Release|ARM64
		{3355BF85-1651-43CC-9B44-0D91EFB65660}.Release|x64.ActiveCfg = Release|x64
		{3355BF85-1651-43CC-9B44-0D91EFB65660}.Release|x64.Build.0 = Release|x64
		{3355BF85-1651-43CC-9B44-0D91EFB65660}.Release|x64.Deploy.0 = Release|x64
		{3355BF85-1651-43CC-9B44-0D91EFB65660}.Release|x86.ActiveCfg = Release|x86
		{3355BF85-1651-43CC-9B44-0D91EFB65660}.Release|x86.Build.0 = Release|x86
		{3355BF85-1651-43CC-9B44-0D91EFB65660}.Release|x86.Deploy.0 = Release|x86
		{63C4369E-2D7C-40A6-AA12-BB5E14864CFC}.Debug|Any CPU.ActiveCfg = Debug|Win32
		{63C4369E-2D7C-40A6-AA12-BB5E14864CFC}.Debug|Any CPU.Build.0 = Debug|Win32
		{63C4369E-2D7C-40A6-AA12-BB5E14864CFC}.Debug|ARM.ActiveCfg = Debug|Win32
		{63C4369E-2D7C-40A6-AA12-BB5E14864CFC}.Debug|ARM.Build.0 = Debug|Win32
		{63C4369E-2D7C-40A6-AA12-BB5E14864CFC}.Debug|ARM64.ActiveCfg = Debug|Win32
		{63C4369E-2D7C-40A6-AA12-BB5E14864CFC}.Debug|ARM64.Build.0 = Debug|Win32
		{63C4369E-2D7C-40A6-AA12-BB5E14864CFC}.Debug|x64.ActiveCfg = Debug|Win32
		{63C4369E-2D7C-40A6-AA12-BB5E14864CFC}.Debug|x64.Build.0 = Debug|Win32
		{63C4369E-2D7C-40A6-AA12-BB5E14864CFC}.Debug|x86.ActiveCfg = Debug|Win32
		{63C4369E-2D7C-40A6-AA12-BB5E14864CFC}.Debug|x86.Build.0 = Debug|Win32
		{63C4369E-2D7C-40A6-AA12-BB5E14864CFC}.Release|Any CPU.ActiveCfg = Release|Win32
		{63C4369E-2D7C-40A6-AA12-BB5E14864CFC}.Release|Any CPU.Build.0 = Release|Win32
		{63C4369E-2D7C-40A6-AA12-BB5E14864CFC}.Release|ARM.ActiveCfg = Release|Win32
		{63C4369E-2D7C-40A6-AA12-BB5E14864CFC}.Release|ARM.Build.0 = Release|Win32
		{63C4369E-2D7C-40A6-AA12-BB5E14864CFC}.Release|ARM64.ActiveCfg = Release|Win32
		{63C4369E-2D7C-40A6-AA12-BB5E14864CFC}.Release|ARM64.Build.0 = Release|Win32
		{63C4369E-2D7C-40A6-AA12-BB5E14864CFC}.Release|x64.ActiveCfg = Release|Win32
		{63C4369E-2D7C-40A6-AA12-BB5E14864CFC}.Release|x64.Build.0 = Release|Win32
		{63C4369E-2D7C-40A6-AA12-BB5E14864CFC}.Release|x86.ActiveCfg = Release|Win32
		{63C4369E-2D7C-40A6-AA12-BB5E14864CFC}.Release|x86.Build.0 = Release|Win32
		{2796C59D-B924-4DEC-85BF-DD4BE67A243B}.Debug|Any CPU.ActiveCfg = Debug|Win32
		{2796C59D-B924-4DEC-85BF-DD4BE67A243B}.Debug|Any CPU.Build.0 = Debug|Win32
		{2796C59D-B924-4DEC-85BF-DD4BE67A243B}.Debug|ARM.ActiveCfg = Debug|Win32
		{2796C59D-B924-4DEC-85BF-DD4BE67A243B}.Debug|ARM.Build.0 = Debug|Win32
		{2796C59D-B924-4DEC-85BF-DD4BE67A243B}.Debug|ARM64.ActiveCfg = Debug|Win32
		{2796C59D-B924-4DEC-85BF-DD4BE67A243B}.Debug|ARM64.Build.0 = Debug|Win32
		{2796C59D-B924-4DEC-85BF-DD4BE67A243B}.Debug|x64.ActiveCfg = Debug|Win32
		{2796C59D-B924-4DEC-85BF-DD4BE67A243B}.Debug|x64.Build.0 = Debug|Win32
		{2796C59D-B924-4DEC-85BF-DD4BE67A243B}.Debug|x86.ActiveCfg = Debug|Win32
		{2796C59D-B924-4DEC-85BF-DD4BE67A243B}.Debug|x86.Build.0 = Debug|Win32
		{2796C59D-B924-4DEC-85BF-DD4BE67A243B}.Release|Any CPU.ActiveCfg = Release|Win32
		{2796C59D-B924-4DEC-85BF-DD4BE67A243B}.Release|Any CPU.Build.0 = Release|Win32
		{2796C59D-B924-4DEC-85BF-DD4BE67A243B}.Release|ARM.ActiveCfg = Release|Win32
		{2796C59D-B924-4DEC-85BF-DD4BE67A243B}.Release|ARM.Build.0 = Release|Win32
		{2796C59D-B924-4DEC-85BF-DD4BE67A243B}.Release|ARM64.ActiveCfg = Release|Win32
		{2796C59D-B924-4DEC-85BF-DD4BE67A243B}.Release|ARM64.Build.0 = Release|Win32
		{2796C59D-B924-4DEC-85BF-DD4BE67A243B}.Release|x64.ActiveCfg = Release|Win32
		{2796C59D-B924-4DEC-85BF-DD4BE67A243B}.Release|x64.Build.0 = Release|Win32
		{2796C59D-B924-4DEC-85BF-DD4BE67A243B}.Release|x86.ActiveCfg = Release|Win32
		{2796C59D-B924-4DEC-85BF-DD4BE67A243B}.Release|x86.Build.0 = Release|Win32
		{F59065EA-0053-4E5A-853F-A150E4646F40}.Debug|Any CPU.ActiveCfg = Debug|ARM
		{F59065EA-0053-4E5A-853F-A150E4646F40}.Debug|Any CPU.Build.0 = Debug|ARM
		{F59065EA-0053-4E5A-853F-A150E4646F40}.Debug|Any CPU.Deploy.0 = Debug|ARM
		{F59065EA-0053-4E5A-853F-A150E4646F40}.Debug|ARM.ActiveCfg = Debug|ARM
		{F59065EA-0053-4E5A-853F-A150E4646F40}.Debug|ARM.Build.0 = Debug|ARM
		{F59065EA-0053-4E5A-853F-A150E4646F40}.Debug|ARM.Deploy.0 = Debug|ARM
		{F59065EA-0053-4E5A-853F-A150E4646F40}.Debug|ARM64.ActiveCfg = Debug|ARM64
		{F59065EA-0053-4E5A-853F-A150E4646F40}.Debug|ARM64.Build.0 = Debug|ARM64
		{F59065EA-0053-4E5A-853F-A150E4646F40}.Debug|ARM64.Deploy.0 = Debug|ARM64
		{F59065EA-0053-4E5A-853F-A150E4646F40}.Debug|x64.ActiveCfg = Debug|ARM
		{F59065EA-0053-4E5A-853F-A150E4646F40}.Debug|x64.Build.0 = Debug|ARM
		{F59065EA-0053-4E5A-853F-A150E4646F40}.Debug|x64.Deploy.0 = Debug|ARM
		{F59065EA-0053-4E5A-853F-A150E4646F40}.Debug|x86.ActiveCfg = Debug|ARM
		{F59065EA-0053-4E5A-853F-A150E4646F40}.Debug|x86.Build.0 = Debug|ARM
		{F59065EA-0053-4E5A-853F-A150E4646F40}.Debug|x86.Deploy.0 = Debug|ARM
		{F59065EA-0053-4E5A-853F-A150E4646F40}.Release|Any CPU.ActiveCfg = Release|ARM
		{F59065EA-0053-4E5A-853F-A150E4646F40}.Release|Any CPU.Build.0 = Release|ARM
		{F59065EA-0053-4E5A-853F-A150E4646F40}.Release|Any CPU.Deploy.0 = Release|ARM
		{F59065EA-0053-4E5A-853F-A150E4646F40}.Release|ARM.ActiveCfg = Release|ARM
		{F59065EA-0053-4E5A-853F-A150E4646F40}.Release|ARM.Build.0 = Release|ARM
		{F59065EA-0053-4E5A-853F-A150E4646F40}.Release|ARM.Deploy.0 = Release|ARM
		{F59065EA-0053-4E5A-853F-A150E4646F40}.Release|ARM64.ActiveCfg = Release|ARM64
		{F59065EA-0053-4E5A-853F-A150E4646F40}.Release|ARM64.Build.0 = Release|ARM64
		{F59065EA-0053-4E5A-853F-A150E4646F40}.Release|ARM64.Deploy.0 = Release|ARM64
		{F59065EA-0053-4E5A-853F-A150E4646F40}.Release|x64.ActiveCfg = Release|ARM
		{F59065EA-0053-4E5A-853F-A150E4646F40}.Release|x64.Build.0 = Release|ARM
		{F59065EA-0053-4E5A-853F-A150E4646F40}.Release|x64.Deploy.0 = Release|ARM
		{F59065EA-0053-4E5A-853F-A150E4646F40}.Release|x86.ActiveCfg = Release|ARM
		{F59065EA-0053-4E5A-853F-A150E4646F40}.Release|x86.Build.0 = Release|ARM
		{F59065EA-0053-4E5A-853F-A150E4646F40}.Release|x86.Deploy.0 = Release|ARM
		{4A316F83-AA59-40DA-B28C-0D3E81992FEB}.Debug|Any CPU.ActiveCfg = Debug|x64
		{4A316F83-AA59-40DA-B28C-0D3E81992FEB}.Debug|Any CPU.Build.0 = Debug|x64
		{4A316F83-AA59-40DA-B28C-0D3E81992FEB}.Debug|Any CPU.Deploy.0 = Debug|x64
		{4A316F83-AA59-40DA-B28C-0D3E81992FEB}.Debug|ARM.ActiveCfg = Debug|ARM
		{4A316F83-AA59-40DA-B28C-0D3E81992FEB}.Debug|ARM.Build.0 = Debug|ARM
		{4A316F83-AA59-40DA-B28C-0D3E81992FEB}.Debug|ARM.Deploy.0 = Debug|ARM
		{4A316F83-AA59-40DA-B28C-0D3E81992FEB}.Debug|ARM64.ActiveCfg = Debug|ARM64
		{4A316F83-AA59-40DA-B28C-0D3E81992FEB}.Debug|ARM64.Build.0 = Debug|ARM64
		{4A316F83-AA59-40DA-B28C-0D3E81992FEB}.Debug|ARM64.Deploy.0 = Debug|ARM64
		{4A316F83-AA59-40DA-B28C-0D3E81992FEB}.Debug|x64.ActiveCfg = Debug|x64
		{4A316F83-AA59-40DA-B28C-0D3E81992FEB}.Debug|x64.Build.0 = Debug|x64
		{4A316F83-AA59-40DA-B28C-0D3E81992FEB}.Debug|x64.Deploy.0 = Debug|x64
		{4A316F83-AA59-40DA-B28C-0D3E81992FEB}.Debug|x86.ActiveCfg = Debug|x86
		{4A316F83-AA59-40DA-B28C-0D3E81992FEB}.Debug|x86.Build.0 = Debug|x86
		{4A316F83-AA59-40DA-B28C-0D3E81992FEB}.Debug|x86.Deploy.0 = Debug|x86
		{4A316F83-AA59-40DA-B28C-0D3E81992FEB}.Release|Any CPU.ActiveCfg = Release|x64
		{4A316F83-AA59-40DA-B28C-0D3E81992FEB}.Release|Any CPU.Build.0 = Release|x64
		{4A316F83-AA59-40DA-B28C-0D3E81992FEB}.Release|Any CPU.Deploy.0 = Release|x64
		{4A316F83-AA59-40DA-B28C-0D3E81992FEB}.Release|ARM.ActiveCfg = Release|ARM
		{4A316F83-AA59-40DA-B28C-0D3E81992FEB}.Release|ARM.Build.0 = Release|ARM
		{4A316F83-AA59-40DA-B28C-0D3E81992FEB}.Release|ARM.Deploy.0 = Release|ARM
		{4A316F83-AA59-40DA-B28C-0D3E81992FEB}.Release|ARM64.ActiveCfg = Release|ARM64
		{4A316F83-AA59-40DA-B28C-0D3E81992FEB}.Release|ARM64.Build.0 = Release|ARM64
		{4A316F83-AA59-40DA-B28C-0D3E81992FEB}.Release|ARM64.Deploy.0 = Release|ARM64
		{4A316F83-AA59-40DA-B28C-0D3E81992FEB}.Release|x64.ActiveCfg = Release|x64
		{4A316F83-AA59-40DA-B28C-0D3E81992FEB}.Release|x64.Build.0 = Release|x64
		{4A316F83-AA59-40DA-B28C-0D3E81992FEB}.Release|x64.Deploy.0 = Release|x64
		{4A316F83-AA59-40DA-B28C-0D3E81992FEB}.Release|x86.ActiveCfg = Release|x86
		{4A316F83-AA59-40DA-B28C-0D3E81992FEB}.Release|x86.Build.0 = Release|x86
		{4A316F83-AA59-40DA-B28C-0D3E81992FEB}.Release|x86.Deploy.0 = Release|x86
		{0BDA728E-C723-4105-A186-0DB2B34151A9}.Debug|Any CPU.ActiveCfg = Debug|ARM
		{0BDA728E-C723-4105-A186-0DB2B34151A9}.Debug|Any CPU.Build.0 = Debug|ARM
		{0BDA728E-C723-4105-A186-0DB2B34151A9}.Debug|Any CPU.Deploy.0 = Debug|ARM
		{0BDA728E-C723-4105-A186-0DB2B34151A9}.Debug|ARM.ActiveCfg = Debug|ARM
		{0BDA728E-C723-4105-A186-0DB2B34151A9}.Debug|ARM.Build.0 = Debug|ARM
		{0BDA728E-C723-4105-A186-0DB2B34151A9}.Debug|ARM.Deploy.0 = Debug|ARM
		{0BDA728E-C723-4105-A186-0DB2B34151A9}.Debug|ARM64.ActiveCfg = Debug|ARM64
		{0BDA728E-C723-4105-A186-0DB2B34151A9}.Debug|ARM64.Build.0 = Debug|ARM64
		{0BDA728E-C723-4105-A186-0DB2B34151A9}.Debug|ARM64.Deploy.0 = Debug|ARM64
		{0BDA728E-C723-4105-A186-0DB2B34151A9}.Debug|x64.ActiveCfg = Debug|ARM
		{0BDA728E-C723-4105-A186-0DB2B34151A9}.Debug|x64.Build.0 = Debug|ARM
		{0BDA728E-C723-4105-A186-0DB2B34151A9}.Debug|x64.Deploy.0 = Debug|ARM
		{0BDA728E-C723-4105-A186-0DB2B34151A9}.Debug|x86.ActiveCfg = Debug|ARM
		{0BDA728E-C723-4105-A186-0DB2B34151A9}.Debug|x86.Build.0 = Debug|ARM
		{0BDA728E-C723-4105-A186-0DB2B34151A9}.Debug|x86.Deploy.0 = Debug|ARM
		{0BDA728E-C723-4105-A186-0DB2B34151A9}.Release|Any CPU.ActiveCfg = Release|ARM
		{0BDA728E-C723-4105-A186-0DB2B34151A9}.Release|Any CPU.Build.0 = Release|ARM
		{0BDA728E-C723-4105-A186-0DB2B34151A9}.Release|Any CPU.Deploy.0 = Release|ARM
		{0BDA728E-C723-4105-A186-0DB2B34151A9}.Release|ARM.ActiveCfg = Release|ARM
		{0BDA728E-C723-4105-A186-0DB2B34151A9}.Release|ARM.Build.0 = Release|ARM
		{0BDA728E-C723-4105-A186-0DB2B34151A9}.Release|ARM.Deploy.0 = Release|ARM
		{0BDA728E-C723-4105-A186-0DB2B34151A9}.Release|ARM64.ActiveCfg = Release|ARM64
		{0BDA728E-C723-4105-A186-0DB2B34151A9}.Release|ARM64.Build.0 = Release|ARM64
		{0BDA728E-C723-4105-A186-0DB2B34151A9}.Release|ARM64.Deploy.0 = Release|ARM64
		{0BDA728E-C723-4105-A186-0DB2B34151A9}.Release|x64.ActiveCfg = Release|ARM
		{0BDA728E-C723-4105-A186-0DB2B34151A9}.Release|x64.Build.0 = Release|ARM
		{0BDA728E-C723-4105-A186-0DB2B34151A9}.Release|x64.Deploy.0 = Release|ARM
		{0BDA728E-C723-4105-A186-0DB2B34151A9}.Release|x86.ActiveCfg = Release|ARM
		{0BDA728E-C723-4105-A186-0DB2B34151A9}.Release|x86.Build.0 = Release|ARM
		{0BDA728E-C723-4105-A186-0DB2B34151A9}.Release|x86.Deploy.0 = Release|ARM
	EndGlobalSection
	GlobalSection(SolutionProperties) = preSolution
		HideSolutionNode = FALSE
	EndGlobalSection
	GlobalSection(NestedProjects) = preSolution
		{2329D005-6A98-4072-9829-AA5A847BE1B8} = {5725B37A-2873-48E2-93CA-9A2E5FE86739}
		{3A0BFB1D-30BF-4191-95E4-7D536C294080} = {2329D005-6A98-4072-9829-AA5A847BE1B8}
		{BBC97472-5507-4B4E-B417-2540D2F29C84} = {5725B37A-2873-48E2-93CA-9A2E5FE86739}
		{D7EF5A84-77B6-4E35-BA3A-2CEBA90EE2D8} = {BBC97472-5507-4B4E-B417-2540D2F29C84}
		{FC263FE0-73DA-4C15-97E6-C2389143EB62} = {0A155390-054B-47BE-8A2F-50336A8193D2}
		{02913CAE-7BC6-4226-8C35-6FCE92C5813E} = {FC263FE0-73DA-4C15-97E6-C2389143EB62}
		{3355BF85-1651-43CC-9B44-0D91EFB65660} = {FC263FE0-73DA-4C15-97E6-C2389143EB62}
		{63C4369E-2D7C-40A6-AA12-BB5E14864CFC} = {FC263FE0-73DA-4C15-97E6-C2389143EB62}
		{2796C59D-B924-4DEC-85BF-DD4BE67A243B} = {FC263FE0-73DA-4C15-97E6-C2389143EB62}
		{F29BC8FE-058D-4457-9AA1-02046E766489} = {22B227B7-4640-4AF5-B075-9622267BEEA1}
		{DFCC4823-D101-4814-B8FF-A3453E413AE1} = {22B227B7-4640-4AF5-B075-9622267BEEA1}
		{22B227B7-4640-4AF5-B075-9622267BEEA1} = {757ECD46-0206-4C3F-A2C1-4C90EB4CD025}
		{713B8823-B038-4D68-80E9-D786FFBB4E97} = {757ECD46-0206-4C3F-A2C1-4C90EB4CD025}
		{14DE94D3-EFA5-4B15-9C30-C1F970E79802} = {757ECD46-0206-4C3F-A2C1-4C90EB4CD025}
		{4E8DCDDF-FE00-4262-A274-787E915DE595} = {22B227B7-4640-4AF5-B075-9622267BEEA1}
		{4A6771CB-5C66-4AE6-A154-CF2DF85C91EE} = {22B227B7-4640-4AF5-B075-9622267BEEA1}
		{E5E835B0-2801-4B45-BC47-4B47C74C5288} = {713B8823-B038-4D68-80E9-D786FFBB4E97}
		{0D46D298-0ADD-4A83-889F-837A2DD50DEF} = {14DE94D3-EFA5-4B15-9C30-C1F970E79802}
		{D3300BAE-835F-4332-B609-EFDB57E55157} = {14DE94D3-EFA5-4B15-9C30-C1F970E79802}
		{37E40067-A017-4F6E-8F24-771791287973} = {14DE94D3-EFA5-4B15-9C30-C1F970E79802}
		{76DF0C5A-5B4F-43FC-83B7-3D9DD4EE6B10} = {14DE94D3-EFA5-4B15-9C30-C1F970E79802}
		{20592488-FE2B-41F4-AA4A-B96FC8017107} = {14DE94D3-EFA5-4B15-9C30-C1F970E79802}
		{F59065EA-0053-4E5A-853F-A150E4646F40} = {2329D005-6A98-4072-9829-AA5A847BE1B8}
		{BB5F77C8-DFBC-4855-A030-A9190D47FDE1} = {22B227B7-4640-4AF5-B075-9622267BEEA1}
		{C375B832-7560-48DF-B360-BD5DEBFD8696} = {14DE94D3-EFA5-4B15-9C30-C1F970E79802}
		{4A316F83-AA59-40DA-B28C-0D3E81992FEB} = {2329D005-6A98-4072-9829-AA5A847BE1B8}
		{C114D10A-91B2-4700-8855-AF9F04DA25FF} = {14DE94D3-EFA5-4B15-9C30-C1F970E79802}
		{0BDA728E-C723-4105-A186-0DB2B34151A9} = {FC263FE0-73DA-4C15-97E6-C2389143EB62}
	EndGlobalSection
	GlobalSection(ExtensibilityGlobals) = postSolution
		SolutionGuid = {0B74BF33-0935-45D9-B3AA-A41E9B101535}
	EndGlobalSection
	GlobalSection(SharedMSBuildProjectFiles) = preSolution
		Libs\Shared\nrf24l01\nrf24l01.vcxitems*{0d46d298-0add-4a83-889f-837a2dd50def}*SharedItemsImports = 9
		Libs\Shared\w25qxx\w25qxx.vcxitems*{20592488-fe2b-41f4-aa4a-b96fc8017107}*SharedItemsImports = 9
		Libs\Shared\SharedCode\SharedCode.vcxitems*{37e40067-a017-4f6e-8f24-771791287973}*SharedItemsImports = 9
		Libs\Shared\CustomRC\CustomRC.vcxitems*{4a316f83-aa59-40da-b28c-0d3e81992feb}*SharedItemsImports = 4
		Libs\Arduino\SerialControlLibrary\SerialControlLibrary.vcxitems*{4a6771cb-5c66-4ae6-a154-cf2df85c91ee}*SharedItemsImports = 9
		Libs\Arduino\PlotterLib\PlotterLib.vcxitems*{4e8dcddf-fe00-4262-a274-787e915de595}*SharedItemsImports = 9
		Libs\Shared\SharedIndependantCode\SharedIndependantCode.vcxitems*{76df0c5a-5b4f-43fc-83b7-3d9dd4ee6b10}*SharedItemsImports = 9
		..\GUISlice_HMI\GUISlice_HMI\GUISlice_HMI.vcxitems*{bb5f77c8-dfbc-4855-a030-a9190d47fde1}*SharedItemsImports = 9
		Libs\Shared\CustomRC\CustomRC.vcxitems*{c114d10a-91b2-4700-8855-af9f04da25ff}*SharedItemsImports = 9
		Libs\Shared\IBUS\IBUS.vcxitems*{c375b832-7560-48df-b360-bd5debfd8696}*SharedItemsImports = 9
		Libs\Shared\SBUS\SBUS.vcxitems*{d3300bae-835f-4332-b609-efdb57e55157}*SharedItemsImports = 9
		Libs\Arduino\LoggerLib\LoggerLib.vcxitems*{dfcc4823-d101-4814-b8ff-a3453e413ae1}*SharedItemsImports = 9
		Libs\CubeIDE\ArduinoBackport\ArduinoBackport.vcxitems*{e5e835b0-2801-4b45-bc47-4b47c74c5288}*SharedItemsImports = 9
		Libs\Arduino\channelfunctions\channelfunctions.vcxitems*{f29bc8fe-058d-4457-9aa1-02046e766489}*SharedItemsImports = 9
		Libs\Arduino\channelfunctions\channelfunctions.vcxitems*{f59065ea-0053-4e5a-853f-a150e4646f40}*SharedItemsImports = 4
		Libs\Arduino\LoggerLib\LoggerLib.vcxitems*{f59065ea-0053-4e5a-853f-a150e4646f40}*SharedItemsImports = 4
		Libs\Arduino\PlotterLib\PlotterLib.vcxitems*{f59065ea-0053-4e5a-853f-a150e4646f40}*SharedItemsImports = 4
		Libs\Arduino\SerialControlLibrary\SerialControlLibrary.vcxitems*{f59065ea-0053-4e5a-853f-a150e4646f40}*SharedItemsImports = 4
		Libs\Shared\IBUS\IBUS.vcxitems*{f59065ea-0053-4e5a-853f-a150e4646f40}*SharedItemsImports = 4
		Libs\Shared\nrf24l01\nrf24l01.vcxitems*{f59065ea-0053-4e5a-853f-a150e4646f40}*SharedItemsImports = 4
		Libs\Shared\SBUS\SBUS.vcxitems*{f59065ea-0053-4e5a-853f-a150e4646f40}*SharedItemsImports = 4
		Libs\Shared\SharedCode\SharedCode.vcxitems*{f59065ea-0053-4e5a-853f-a150e4646f40}*SharedItemsImports = 4
		Libs\Shared\SharedIndependantCode\SharedIndependantCode.vcxitems*{f59065ea-0053-4e5a-853f-a150e4646f40}*SharedItemsImports = 4
		..\GUISlice_HMI\GUISlice_HMI\GUISlice_HMI.vcxitems*{f59065ea-0053-4e5a-853f-a150e4646f40}*SharedItemsImports = 4
	EndGlobalSection
EndGlobal
