<?xml version="1.0" encoding="utf-8"?>
<Project ToolsVersion="4.0" xmlns="http://schemas.microsoft.com/developer/msbuild/2003">
  <ItemGroup>
    <Filter Include="Source Files">
      <UniqueIdentifier>{4FC737F1-C7A5-4376-A066-2A32D752A2FF}</UniqueIdentifier>
      <Extensions>cpp;c;cc;cxx;def;odl;idl;hpj;bat;asm;asmx</Extensions>
    </Filter>
    <Filter Include="Header Files">
      <UniqueIdentifier>{93995380-89BD-4b04-88EB-625FBE52EBFB}</UniqueIdentifier>
      <Extensions>h;hh;hpp;hxx;hm;inl;inc;xsd</Extensions>
    </Filter>
    <Filter Include="Resource Files">
      <UniqueIdentifier>{67DA6AB6-F800-4c08-8B7A-83BB121AAD01}</UniqueIdentifier>
      <Extensions>rc;ico;cur;bmp;dlg;rc2;rct;bin;rgs;gif;jpg;jpeg;jpe;resx;tiff;tif;png;wav;mfcribbon-ms</Extensions>
    </Filter>
    <Filter Include="src">
      <UniqueIdentifier>{07446004-4847-4c9d-99a6-3b017a8802b3}</UniqueIdentifier>
    </Filter>
    <Filter Include="src\_micro-api-readonly">
      <UniqueIdentifier>{bf41da2b-1053-47ab-821e-158e22fbae47}</UniqueIdentifier>
    </Filter>
    <Filter Include="src\_micro-api-readonly\core">
      <UniqueIdentifier>{486ead42-690e-4792-9ce4-36c75bfc4ae1}</UniqueIdentifier>
    </Filter>
    <Filter Include="src\_micro-api-readonly\core\avr">
      <UniqueIdentifier>{4430cfc8-55d0-42a2-8903-70c0ca49d74e}</UniqueIdentifier>
    </Filter>
    <Filter Include="src\_micro-api-readonly\core\stm32">
      <UniqueIdentifier>{6d73d34f-56b4-4b5b-8ce0-32ec23a2f261}</UniqueIdentifier>
    </Filter>
    <Filter Include="src\_micro-api-readonly\core\stm32\LL">
      <UniqueIdentifier>{8d82bbac-8da6-48ee-aa8a-fcce25b8f2b7}</UniqueIdentifier>
    </Filter>
    <Filter Include="src\_micro-api-readonly\core\stm32\OpenAMP">
      <UniqueIdentifier>{87fdab0e-614f-4e5a-b8c6-b0c04124f89d}</UniqueIdentifier>
    </Filter>
    <Filter Include="src\_micro-api-readonly\core\stm32\OpenAMP\libmetal">
      <UniqueIdentifier>{88cfcc68-21c6-49dd-89e1-2dcf84136a4c}</UniqueIdentifier>
    </Filter>
    <Filter Include="src\_micro-api-readonly\core\stm32\OpenAMP\libmetal\generic">
      <UniqueIdentifier>{49d07ed8-05db-45de-b63c-5ce94703c2ea}</UniqueIdentifier>
    </Filter>
    <Filter Include="src\_micro-api-readonly\core\stm32\OpenAMP\libmetal\generic\cortexm">
      <UniqueIdentifier>{6e5a44df-f70c-48e7-a6b7-f58bebf54770}</UniqueIdentifier>
    </Filter>
    <Filter Include="src\_micro-api-readonly\core\stm32\OpenAMP\open-amp">
      <UniqueIdentifier>{eafa75ce-54d2-4650-8e75-da27d5d8334f}</UniqueIdentifier>
    </Filter>
    <Filter Include="src\_micro-api-readonly\core\stm32\OpenAMP\open-amp\remoteproc">
      <UniqueIdentifier>{c0c0132f-7cd6-4bd5-ab6c-8682a38f83e1}</UniqueIdentifier>
    </Filter>
    <Filter Include="src\_micro-api-readonly\core\stm32\OpenAMP\open-amp\rpmsg">
      <UniqueIdentifier>{308acc7c-0b53-4f7a-a4c9-7a68af61d39f}</UniqueIdentifier>
    </Filter>
    <Filter Include="src\_micro-api-readonly\core\stm32\OpenAMP\virtio">
      <UniqueIdentifier>{5a7b2fab-510f-4774-8793-a22b31d45497}</UniqueIdentifier>
    </Filter>
    <Filter Include="src\_micro-api-readonly\core\stm32\usb">
      <UniqueIdentifier>{bc297eb6-37da-4af0-a87f-91f9349827be}</UniqueIdentifier>
    </Filter>
    <Filter Include="src\_micro-api-readonly\core\stm32\usb\cdc">
      <UniqueIdentifier>{2aade535-5122-49b3-ab28-baaabe0c5083}</UniqueIdentifier>
    </Filter>
    <Filter Include="src\_micro-api-readonly\core\stm32\usb\hid">
      <UniqueIdentifier>{3cd3e5d4-8039-48bf-b1bb-f5b12db486e7}</UniqueIdentifier>
    </Filter>
    <Filter Include="src\_micro-api-readonly\libraries">
      <UniqueIdentifier>{e3b9c7ed-1e92-455c-8379-98449d86ca1f}</UniqueIdentifier>
    </Filter>
    <Filter Include="src\_micro-api-readonly\libraries\SrcWrapper">
      <UniqueIdentifier>{1c38a115-0d51-44af-a062-f2a37bdb4e5b}</UniqueIdentifier>
    </Filter>
    <Filter Include="src\_micro-api-readonly\libraries\ArduinoTimer">
      <UniqueIdentifier>{10eee392-5db2-4855-9942-71b72ed5fbba}</UniqueIdentifier>
    </Filter>
  </ItemGroup>
  <ItemGroup>
    <None Include="ADCDMATestHAL.ino" />
    <None Include="..\..\..\..\Arduino\portable\packages\STMicroelectronics\hardware\stm32\2.1.0\libraries\SrcWrapper\library.properties">
      <Filter>src\_micro-api-readonly\libraries\SrcWrapper</Filter>
    </None>
  </ItemGroup>
  <ItemGroup>
    <ClInclude Include="__vm\.ADCDMATestHAL.vsarduino.h">
      <Filter>Header Files</Filter>
    </ClInclude>
    <ClInclude Include="..\..\..\..\Arduino\portable\packages\STMicroelectronics\hardware\stm32\2.1.0\cores\arduino\Arduino.h">
      <Filter>src\_micro-api-readonly\core</Filter>
    </ClInclude>
    <ClInclude Include="..\..\..\..\Arduino\portable\packages\STMicroelectronics\hardware\stm32\2.1.0\cores\arduino\binary.h">
      <Filter>src\_micro-api-readonly\core</Filter>
    </ClInclude>
    <ClInclude Include="..\..\..\..\Arduino\portable\packages\STMicroelectronics\hardware\stm32\2.1.0\cores\arduino\board.h">
      <Filter>src\_micro-api-readonly\core</Filter>
    </ClInclude>
    <ClInclude Include="..\..\..\..\Arduino\portable\packages\STMicroelectronics\hardware\stm32\2.1.0\cores\arduino\Client.h">
      <Filter>src\_micro-api-readonly\core</Filter>
    </ClInclude>
    <ClInclude Include="..\..\..\..\Arduino\portable\packages\STMicroelectronics\hardware\stm32\2.1.0\cores\arduino\core_debug.h">
      <Filter>src\_micro-api-readonly\core</Filter>
    </ClInclude>
    <ClInclude Include="..\..\..\..\Arduino\portable\packages\STMicroelectronics\hardware\stm32\2.1.0\cores\arduino\HardwareSerial.h">
      <Filter>src\_micro-api-readonly\core</Filter>
    </ClInclude>
    <ClInclude Include="..\..\..\..\Arduino\portable\packages\STMicroelectronics\hardware\stm32\2.1.0\cores\arduino\HardwareTimer.h">
      <Filter>src\_micro-api-readonly\core</Filter>
    </ClInclude>
    <ClInclude Include="..\..\..\..\Arduino\portable\packages\STMicroelectronics\hardware\stm32\2.1.0\cores\arduino\IPAddress.h">
      <Filter>src\_micro-api-readonly\core</Filter>
    </ClInclude>
    <ClInclude Include="..\..\..\..\Arduino\portable\packages\STMicroelectronics\hardware\stm32\2.1.0\cores\arduino\itoa.h">
      <Filter>src\_micro-api-readonly\core</Filter>
    </ClInclude>
    <ClInclude Include="..\..\..\..\Arduino\portable\packages\STMicroelectronics\hardware\stm32\2.1.0\cores\arduino\pins_arduino.h">
      <Filter>src\_micro-api-readonly\core</Filter>
    </ClInclude>
    <ClInclude Include="..\..\..\..\Arduino\portable\packages\STMicroelectronics\hardware\stm32\2.1.0\cores\arduino\pins_arduino_analog.h">
      <Filter>src\_micro-api-readonly\core</Filter>
    </ClInclude>
    <ClInclude Include="..\..\..\..\Arduino\portable\packages\STMicroelectronics\hardware\stm32\2.1.0\cores\arduino\pins_arduino_digital.h">
      <Filter>src\_micro-api-readonly\core</Filter>
    </ClInclude>
    <ClInclude Include="..\..\..\..\Arduino\portable\packages\STMicroelectronics\hardware\stm32\2.1.0\cores\arduino\Print.h">
      <Filter>src\_micro-api-readonly\core</Filter>
    </ClInclude>
    <ClInclude Include="..\..\..\..\Arduino\portable\packages\STMicroelectronics\hardware\stm32\2.1.0\cores\arduino\Printable.h">
      <Filter>src\_micro-api-readonly\core</Filter>
    </ClInclude>
    <ClInclude Include="..\..\..\..\Arduino\portable\packages\STMicroelectronics\hardware\stm32\2.1.0\cores\arduino\RingBuffer.h">
      <Filter>src\_micro-api-readonly\core</Filter>
    </ClInclude>
    <ClInclude Include="..\..\..\..\Arduino\portable\packages\STMicroelectronics\hardware\stm32\2.1.0\cores\arduino\Server.h">
      <Filter>src\_micro-api-readonly\core</Filter>
    </ClInclude>
    <ClInclude Include="..\..\..\..\Arduino\portable\packages\STMicroelectronics\hardware\stm32\2.1.0\cores\arduino\Stream.h">
      <Filter>src\_micro-api-readonly\core</Filter>
    </ClInclude>
    <ClInclude Include="..\..\..\..\Arduino\portable\packages\STMicroelectronics\hardware\stm32\2.1.0\cores\arduino\Tone.h">
      <Filter>src\_micro-api-readonly\core</Filter>
    </ClInclude>
    <ClInclude Include="..\..\..\..\Arduino\portable\packages\STMicroelectronics\hardware\stm32\2.1.0\cores\arduino\Udp.h">
      <Filter>src\_micro-api-readonly\core</Filter>
    </ClInclude>
    <ClInclude Include="..\..\..\..\Arduino\portable\packages\STMicroelectronics\hardware\stm32\2.1.0\cores\arduino\USBSerial.h">
      <Filter>src\_micro-api-readonly\core</Filter>
    </ClInclude>
    <ClInclude Include="..\..\..\..\Arduino\portable\packages\STMicroelectronics\hardware\stm32\2.1.0\cores\arduino\utils.h">
      <Filter>src\_micro-api-readonly\core</Filter>
    </ClInclude>
    <ClInclude Include="..\..\..\..\Arduino\portable\packages\STMicroelectronics\hardware\stm32\2.1.0\cores\arduino\variant.h">
      <Filter>src\_micro-api-readonly\core</Filter>
    </ClInclude>
    <ClInclude Include="..\..\..\..\Arduino\portable\packages\STMicroelectronics\hardware\stm32\2.1.0\cores\arduino\VirtIOSerial.h">
      <Filter>src\_micro-api-readonly\core</Filter>
    </ClInclude>
    <ClInclude Include="..\..\..\..\Arduino\portable\packages\STMicroelectronics\hardware\stm32\2.1.0\cores\arduino\WCharacter.h">
      <Filter>src\_micro-api-readonly\core</Filter>
    </ClInclude>
    <ClInclude Include="..\..\..\..\Arduino\portable\packages\STMicroelectronics\hardware\stm32\2.1.0\cores\arduino\WInterrupts.h">
      <Filter>src\_micro-api-readonly\core</Filter>
    </ClInclude>
    <ClInclude Include="..\..\..\..\Arduino\portable\packages\STMicroelectronics\hardware\stm32\2.1.0\cores\arduino\wiring.h">
      <Filter>src\_micro-api-readonly\core</Filter>
    </ClInclude>
    <ClInclude Include="..\..\..\..\Arduino\portable\packages\STMicroelectronics\hardware\stm32\2.1.0\cores\arduino\wiring_analog.h">
      <Filter>src\_micro-api-readonly\core</Filter>
    </ClInclude>
    <ClInclude Include="..\..\..\..\Arduino\portable\packages\STMicroelectronics\hardware\stm32\2.1.0\cores\arduino\wiring_constants.h">
      <Filter>src\_micro-api-readonly\core</Filter>
    </ClInclude>
    <ClInclude Include="..\..\..\..\Arduino\portable\packages\STMicroelectronics\hardware\stm32\2.1.0\cores\arduino\wiring_digital.h">
      <Filter>src\_micro-api-readonly\core</Filter>
    </ClInclude>
    <ClInclude Include="..\..\..\..\Arduino\portable\packages\STMicroelectronics\hardware\stm32\2.1.0\cores\arduino\wiring_private.h">
      <Filter>src\_micro-api-readonly\core</Filter>
    </ClInclude>
    <ClInclude Include="..\..\..\..\Arduino\portable\packages\STMicroelectronics\hardware\stm32\2.1.0\cores\arduino\wiring_pulse.h">
      <Filter>src\_micro-api-readonly\core</Filter>
    </ClInclude>
    <ClInclude Include="..\..\..\..\Arduino\portable\packages\STMicroelectronics\hardware\stm32\2.1.0\cores\arduino\wiring_shift.h">
      <Filter>src\_micro-api-readonly\core</Filter>
    </ClInclude>
    <ClInclude Include="..\..\..\..\Arduino\portable\packages\STMicroelectronics\hardware\stm32\2.1.0\cores\arduino\wiring_time.h">
      <Filter>src\_micro-api-readonly\core</Filter>
    </ClInclude>
    <ClInclude Include="..\..\..\..\Arduino\portable\packages\STMicroelectronics\hardware\stm32\2.1.0\cores\arduino\WMath.h">
      <Filter>src\_micro-api-readonly\core</Filter>
    </ClInclude>
    <ClInclude Include="..\..\..\..\Arduino\portable\packages\STMicroelectronics\hardware\stm32\2.1.0\cores\arduino\WSerial.h">
      <Filter>src\_micro-api-readonly\core</Filter>
    </ClInclude>
    <ClInclude Include="..\..\..\..\Arduino\portable\packages\STMicroelectronics\hardware\stm32\2.1.0\cores\arduino\WString.h">
      <Filter>src\_micro-api-readonly\core</Filter>
    </ClInclude>
    <ClInclude Include="..\..\..\..\Arduino\portable\packages\STMicroelectronics\hardware\stm32\2.1.0\cores\arduino\avr\dtostrf.h">
      <Filter>src\_micro-api-readonly\core\avr</Filter>
    </ClInclude>
    <ClInclude Include="..\..\..\..\Arduino\portable\packages\STMicroelectronics\hardware\stm32\2.1.0\cores\arduino\avr\pgmspace.h">
      <Filter>src\_micro-api-readonly\core\avr</Filter>
    </ClInclude>
    <ClInclude Include="..\..\..\..\Arduino\portable\packages\STMicroelectronics\hardware\stm32\2.1.0\cores\arduino\stm32\analog.h">
      <Filter>src\_micro-api-readonly\core\stm32</Filter>
    </ClInclude>
    <ClInclude Include="..\..\..\..\Arduino\portable\packages\STMicroelectronics\hardware\stm32\2.1.0\cores\arduino\stm32\backup.h">
      <Filter>src\_micro-api-readonly\core\stm32</Filter>
    </ClInclude>
    <ClInclude Include="..\..\..\..\Arduino\portable\packages\STMicroelectronics\hardware\stm32\2.1.0\cores\arduino\stm32\bootloader.h">
      <Filter>src\_micro-api-readonly\core\stm32</Filter>
    </ClInclude>
    <ClInclude Include="..\..\..\..\Arduino\portable\packages\STMicroelectronics\hardware\stm32\2.1.0\cores\arduino\stm32\clock.h">
      <Filter>src\_micro-api-readonly\core\stm32</Filter>
    </ClInclude>
    <ClInclude Include="..\..\..\..\Arduino\portable\packages\STMicroelectronics\hardware\stm32\2.1.0\cores\arduino\stm32\core_callback.h">
      <Filter>src\_micro-api-readonly\core\stm32</Filter>
    </ClInclude>
    <ClInclude Include="..\..\..\..\Arduino\portable\packages\STMicroelectronics\hardware\stm32\2.1.0\cores\arduino\stm32\digital_io.h">
      <Filter>src\_micro-api-readonly\core\stm32</Filter>
    </ClInclude>
    <ClInclude Include="..\..\..\..\Arduino\portable\packages\STMicroelectronics\hardware\stm32\2.1.0\cores\arduino\stm32\dwt.h">
      <Filter>src\_micro-api-readonly\core\stm32</Filter>
    </ClInclude>
    <ClInclude Include="..\..\..\..\Arduino\portable\packages\STMicroelectronics\hardware\stm32\2.1.0\cores\arduino\stm32\hw_config.h">
      <Filter>src\_micro-api-readonly\core\stm32</Filter>
    </ClInclude>
    <ClInclude Include="..\..\..\..\Arduino\portable\packages\STMicroelectronics\hardware\stm32\2.1.0\cores\arduino\stm32\interrupt.h">
      <Filter>src\_micro-api-readonly\core\stm32</Filter>
    </ClInclude>
    <ClInclude Include="..\..\..\..\Arduino\portable\packages\STMicroelectronics\hardware\stm32\2.1.0\cores\arduino\stm32\lock_resource.h">
      <Filter>src\_micro-api-readonly\core\stm32</Filter>
    </ClInclude>
    <ClInclude Include="..\..\..\..\Arduino\portable\packages\STMicroelectronics\hardware\stm32\2.1.0\cores\arduino\stm32\otp.h">
      <Filter>src\_micro-api-readonly\core\stm32</Filter>
    </ClInclude>
    <ClInclude Include="..\..\..\..\Arduino\portable\packages\STMicroelectronics\hardware\stm32\2.1.0\cores\arduino\stm32\PeripheralPins.h">
      <Filter>src\_micro-api-readonly\core\stm32</Filter>
    </ClInclude>
    <ClInclude Include="..\..\..\..\Arduino\portable\packages\STMicroelectronics\hardware\stm32\2.1.0\cores\arduino\stm32\PinAF_STM32F1.h">
      <Filter>src\_micro-api-readonly\core\stm32</Filter>
    </ClInclude>
    <ClInclude Include="..\..\..\..\Arduino\portable\packages\STMicroelectronics\hardware\stm32\2.1.0\cores\arduino\stm32\pinconfig.h">
      <Filter>src\_micro-api-readonly\core\stm32</Filter>
    </ClInclude>
    <ClInclude Include="..\..\..\..\Arduino\portable\packages\STMicroelectronics\hardware\stm32\2.1.0\cores\arduino\stm32\PinConfigured.h">
      <Filter>src\_micro-api-readonly\core\stm32</Filter>
    </ClInclude>
    <ClInclude Include="..\..\..\..\Arduino\portable\packages\STMicroelectronics\hardware\stm32\2.1.0\cores\arduino\stm32\pinmap.h">
      <Filter>src\_micro-api-readonly\core\stm32</Filter>
    </ClInclude>
    <ClInclude Include="..\..\..\..\Arduino\portable\packages\STMicroelectronics\hardware\stm32\2.1.0\cores\arduino\stm32\PinNames.h">
      <Filter>src\_micro-api-readonly\core\stm32</Filter>
    </ClInclude>
    <ClInclude Include="..\..\..\..\Arduino\portable\packages\STMicroelectronics\hardware\stm32\2.1.0\cores\arduino\stm32\PinNamesTypes.h">
      <Filter>src\_micro-api-readonly\core\stm32</Filter>
    </ClInclude>
    <ClInclude Include="..\..\..\..\Arduino\portable\packages\STMicroelectronics\hardware\stm32\2.1.0\cores\arduino\stm32\PortNames.h">
      <Filter>src\_micro-api-readonly\core\stm32</Filter>
    </ClInclude>
    <ClInclude Include="..\..\..\..\Arduino\portable\packages\STMicroelectronics\hardware\stm32\2.1.0\cores\arduino\stm32\stm32yyxx_hal_conf.h">
      <Filter>src\_micro-api-readonly\core\stm32</Filter>
    </ClInclude>
    <ClInclude Include="..\..\..\..\Arduino\portable\packages\STMicroelectronics\hardware\stm32\2.1.0\cores\arduino\stm32\stm32_def.h">
      <Filter>src\_micro-api-readonly\core\stm32</Filter>
    </ClInclude>
    <ClInclude Include="..\..\..\..\Arduino\portable\packages\STMicroelectronics\hardware\stm32\2.1.0\cores\arduino\stm32\stm32_def_build.h">
      <Filter>src\_micro-api-readonly\core\stm32</Filter>
    </ClInclude>
    <ClInclude Include="..\..\..\..\Arduino\portable\packages\STMicroelectronics\hardware\stm32\2.1.0\cores\arduino\stm32\timer.h">
      <Filter>src\_micro-api-readonly\core\stm32</Filter>
    </ClInclude>
    <ClInclude Include="..\..\..\..\Arduino\portable\packages\STMicroelectronics\hardware\stm32\2.1.0\cores\arduino\stm32\uart.h">
      <Filter>src\_micro-api-readonly\core\stm32</Filter>
    </ClInclude>
    <ClInclude Include="..\..\..\..\Arduino\portable\packages\STMicroelectronics\hardware\stm32\2.1.0\cores\arduino\stm32\LL\stm32yyxx_ll.h">
      <Filter>src\_micro-api-readonly\core\stm32\LL</Filter>
    </ClInclude>
    <ClInclude Include="..\..\..\..\Arduino\portable\packages\STMicroelectronics\hardware\stm32\2.1.0\cores\arduino\stm32\LL\stm32yyxx_ll_adc.h">
      <Filter>src\_micro-api-readonly\core\stm32\LL</Filter>
    </ClInclude>
    <ClInclude Include="..\..\..\..\Arduino\portable\packages\STMicroelectronics\hardware\stm32\2.1.0\cores\arduino\stm32\LL\stm32yyxx_ll_bdma.h">
      <Filter>src\_micro-api-readonly\core\stm32\LL</Filter>
    </ClInclude>
    <ClInclude Include="..\..\..\..\Arduino\portable\packages\STMicroelectronics\hardware\stm32\2.1.0\cores\arduino\stm32\LL\stm32yyxx_ll_bus.h">
      <Filter>src\_micro-api-readonly\core\stm32\LL</Filter>
    </ClInclude>
    <ClInclude Include="..\..\..\..\Arduino\portable\packages\STMicroelectronics\hardware\stm32\2.1.0\cores\arduino\stm32\LL\stm32yyxx_ll_comp.h">
      <Filter>src\_micro-api-readonly\core\stm32\LL</Filter>
    </ClInclude>
    <ClInclude Include="..\..\..\..\Arduino\portable\packages\STMicroelectronics\hardware\stm32\2.1.0\cores\arduino\stm32\LL\stm32yyxx_ll_cordic.h">
      <Filter>src\_micro-api-readonly\core\stm32\LL</Filter>
    </ClInclude>
    <ClInclude Include="..\..\..\..\Arduino\portable\packages\STMicroelectronics\hardware\stm32\2.1.0\cores\arduino\stm32\LL\stm32yyxx_ll_cortex.h">
      <Filter>src\_micro-api-readonly\core\stm32\LL</Filter>
    </ClInclude>
    <ClInclude Include="..\..\..\..\Arduino\portable\packages\STMicroelectronics\hardware\stm32\2.1.0\cores\arduino\stm32\LL\stm32yyxx_ll_crc.h">
      <Filter>src\_micro-api-readonly\core\stm32\LL</Filter>
    </ClInclude>
    <ClInclude Include="..\..\..\..\Arduino\portable\packages\STMicroelectronics\hardware\stm32\2.1.0\cores\arduino\stm32\LL\stm32yyxx_ll_crs.h">
      <Filter>src\_micro-api-readonly\core\stm32\LL</Filter>
    </ClInclude>
    <ClInclude Include="..\..\..\..\Arduino\portable\packages\STMicroelectronics\hardware\stm32\2.1.0\cores\arduino\stm32\LL\stm32yyxx_ll_dac.h">
      <Filter>src\_micro-api-readonly\core\stm32\LL</Filter>
    </ClInclude>
    <ClInclude Include="..\..\..\..\Arduino\portable\packages\STMicroelectronics\hardware\stm32\2.1.0\cores\arduino\stm32\LL\stm32yyxx_ll_dcache.h">
      <Filter>src\_micro-api-readonly\core\stm32\LL</Filter>
    </ClInclude>
    <ClInclude Include="..\..\..\..\Arduino\portable\packages\STMicroelectronics\hardware\stm32\2.1.0\cores\arduino\stm32\LL\stm32yyxx_ll_delayblock.h">
      <Filter>src\_micro-api-readonly\core\stm32\LL</Filter>
    </ClInclude>
    <ClInclude Include="..\..\..\..\Arduino\portable\packages\STMicroelectronics\hardware\stm32\2.1.0\cores\arduino\stm32\LL\stm32yyxx_ll_dlyb.h">
      <Filter>src\_micro-api-readonly\core\stm32\LL</Filter>
    </ClInclude>
    <ClInclude Include="..\..\..\..\Arduino\portable\packages\STMicroelectronics\hardware\stm32\2.1.0\cores\arduino\stm32\LL\stm32yyxx_ll_dma.h">
      <Filter>src\_micro-api-readonly\core\stm32\LL</Filter>
    </ClInclude>
    <ClInclude Include="..\..\..\..\Arduino\portable\packages\STMicroelectronics\hardware\stm32\2.1.0\cores\arduino\stm32\LL\stm32yyxx_ll_dma2d.h">
      <Filter>src\_micro-api-readonly\core\stm32\LL</Filter>
    </ClInclude>
    <ClInclude Include="..\..\..\..\Arduino\portable\packages\STMicroelectronics\hardware\stm32\2.1.0\cores\arduino\stm32\LL\stm32yyxx_ll_dmamux.h">
      <Filter>src\_micro-api-readonly\core\stm32\LL</Filter>
    </ClInclude>
    <ClInclude Include="..\..\..\..\Arduino\portable\packages\STMicroelectronics\hardware\stm32\2.1.0\cores\arduino\stm32\LL\stm32yyxx_ll_exti.h">
      <Filter>src\_micro-api-readonly\core\stm32\LL</Filter>
    </ClInclude>
    <ClInclude Include="..\..\..\..\Arduino\portable\packages\STMicroelectronics\hardware\stm32\2.1.0\cores\arduino\stm32\LL\stm32yyxx_ll_fmac.h">
      <Filter>src\_micro-api-readonly\core\stm32\LL</Filter>
    </ClInclude>
    <ClInclude Include="..\..\..\..\Arduino\portable\packages\STMicroelectronics\hardware\stm32\2.1.0\cores\arduino\stm32\LL\stm32yyxx_ll_fmc.h">
      <Filter>src\_micro-api-readonly\core\stm32\LL</Filter>
    </ClInclude>
    <ClInclude Include="..\..\..\..\Arduino\portable\packages\STMicroelectronics\hardware\stm32\2.1.0\cores\arduino\stm32\LL\stm32yyxx_ll_fmpi2c.h">
      <Filter>src\_micro-api-readonly\core\stm32\LL</Filter>
    </ClInclude>
    <ClInclude Include="..\..\..\..\Arduino\portable\packages\STMicroelectronics\hardware\stm32\2.1.0\cores\arduino\stm32\LL\stm32yyxx_ll_fsmc.h">
      <Filter>src\_micro-api-readonly\core\stm32\LL</Filter>
    </ClInclude>
    <ClInclude Include="..\..\..\..\Arduino\portable\packages\STMicroelectronics\hardware\stm32\2.1.0\cores\arduino\stm32\LL\stm32yyxx_ll_gpio.h">
      <Filter>src\_micro-api-readonly\core\stm32\LL</Filter>
    </ClInclude>
    <ClInclude Include="..\..\..\..\Arduino\portable\packages\STMicroelectronics\hardware\stm32\2.1.0\cores\arduino\stm32\LL\stm32yyxx_ll_hrtim.h">
      <Filter>src\_micro-api-readonly\core\stm32\LL</Filter>
    </ClInclude>
    <ClInclude Include="..\..\..\..\Arduino\portable\packages\STMicroelectronics\hardware\stm32\2.1.0\cores\arduino\stm32\LL\stm32yyxx_ll_hsem.h">
      <Filter>src\_micro-api-readonly\core\stm32\LL</Filter>
    </ClInclude>
    <ClInclude Include="..\..\..\..\Arduino\portable\packages\STMicroelectronics\hardware\stm32\2.1.0\cores\arduino\stm32\LL\stm32yyxx_ll_i2c.h">
      <Filter>src\_micro-api-readonly\core\stm32\LL</Filter>
    </ClInclude>
    <ClInclude Include="..\..\..\..\Arduino\portable\packages\STMicroelectronics\hardware\stm32\2.1.0\cores\arduino\stm32\LL\stm32yyxx_ll_icache.h">
      <Filter>src\_micro-api-readonly\core\stm32\LL</Filter>
    </ClInclude>
    <ClInclude Include="..\..\..\..\Arduino\portable\packages\STMicroelectronics\hardware\stm32\2.1.0\cores\arduino\stm32\LL\stm32yyxx_ll_ipcc.h">
      <Filter>src\_micro-api-readonly\core\stm32\LL</Filter>
    </ClInclude>
    <ClInclude Include="..\..\..\..\Arduino\portable\packages\STMicroelectronics\hardware\stm32\2.1.0\cores\arduino\stm32\LL\stm32yyxx_ll_iwdg.h">
      <Filter>src\_micro-api-readonly\core\stm32\LL</Filter>
    </ClInclude>
    <ClInclude Include="..\..\..\..\Arduino\portable\packages\STMicroelectronics\hardware\stm32\2.1.0\cores\arduino\stm32\LL\stm32yyxx_ll_lpgpio.h">
      <Filter>src\_micro-api-readonly\core\stm32\LL</Filter>
    </ClInclude>
    <ClInclude Include="..\..\..\..\Arduino\portable\packages\STMicroelectronics\hardware\stm32\2.1.0\cores\arduino\stm32\LL\stm32yyxx_ll_lptim.h">
      <Filter>src\_micro-api-readonly\core\stm32\LL</Filter>
    </ClInclude>
    <ClInclude Include="..\..\..\..\Arduino\portable\packages\STMicroelectronics\hardware\stm32\2.1.0\cores\arduino\stm32\LL\stm32yyxx_ll_lpuart.h">
      <Filter>src\_micro-api-readonly\core\stm32\LL</Filter>
    </ClInclude>
    <ClInclude Include="..\..\..\..\Arduino\portable\packages\STMicroelectronics\hardware\stm32\2.1.0\cores\arduino\stm32\LL\stm32yyxx_ll_mdma.h">
      <Filter>src\_micro-api-readonly\core\stm32\LL</Filter>
    </ClInclude>
    <ClInclude Include="..\..\..\..\Arduino\portable\packages\STMicroelectronics\hardware\stm32\2.1.0\cores\arduino\stm32\LL\stm32yyxx_ll_opamp.h">
      <Filter>src\_micro-api-readonly\core\stm32\LL</Filter>
    </ClInclude>
    <ClInclude Include="..\..\..\..\Arduino\portable\packages\STMicroelectronics\hardware\stm32\2.1.0\cores\arduino\stm32\LL\stm32yyxx_ll_pka.h">
      <Filter>src\_micro-api-readonly\core\stm32\LL</Filter>
    </ClInclude>
    <ClInclude Include="..\..\..\..\Arduino\portable\packages\STMicroelectronics\hardware\stm32\2.1.0\cores\arduino\stm32\LL\stm32yyxx_ll_pwr.h">
      <Filter>src\_micro-api-readonly\core\stm32\LL</Filter>
    </ClInclude>
    <ClInclude Include="..\..\..\..\Arduino\portable\packages\STMicroelectronics\hardware\stm32\2.1.0\cores\arduino\stm32\LL\stm32yyxx_ll_rcc.h">
      <Filter>src\_micro-api-readonly\core\stm32\LL</Filter>
    </ClInclude>
    <ClInclude Include="..\..\..\..\Arduino\portable\packages\STMicroelectronics\hardware\stm32\2.1.0\cores\arduino\stm32\LL\stm32yyxx_ll_rng.h">
      <Filter>src\_micro-api-readonly\core\stm32\LL</Filter>
    </ClInclude>
    <ClInclude Include="..\..\..\..\Arduino\portable\packages\STMicroelectronics\hardware\stm32\2.1.0\cores\arduino\stm32\LL\stm32yyxx_ll_rtc.h">
      <Filter>src\_micro-api-readonly\core\stm32\LL</Filter>
    </ClInclude>
    <ClInclude Include="..\..\..\..\Arduino\portable\packages\STMicroelectronics\hardware\stm32\2.1.0\cores\arduino\stm32\LL\stm32yyxx_ll_sdmmc.h">
      <Filter>src\_micro-api-readonly\core\stm32\LL</Filter>
    </ClInclude>
    <ClInclude Include="..\..\..\..\Arduino\portable\packages\STMicroelectronics\hardware\stm32\2.1.0\cores\arduino\stm32\LL\stm32yyxx_ll_spi.h">
      <Filter>src\_micro-api-readonly\core\stm32\LL</Filter>
    </ClInclude>
    <ClInclude Include="..\..\..\..\Arduino\portable\packages\STMicroelectronics\hardware\stm32\2.1.0\cores\arduino\stm32\LL\stm32yyxx_ll_swpmi.h">
      <Filter>src\_micro-api-readonly\core\stm32\LL</Filter>
    </ClInclude>
    <ClInclude Include="..\..\..\..\Arduino\portable\packages\STMicroelectronics\hardware\stm32\2.1.0\cores\arduino\stm32\LL\stm32yyxx_ll_system.h">
      <Filter>src\_micro-api-readonly\core\stm32\LL</Filter>
    </ClInclude>
    <ClInclude Include="..\..\..\..\Arduino\portable\packages\STMicroelectronics\hardware\stm32\2.1.0\cores\arduino\stm32\LL\stm32yyxx_ll_tim.h">
      <Filter>src\_micro-api-readonly\core\stm32\LL</Filter>
    </ClInclude>
    <ClInclude Include="..\..\..\..\Arduino\portable\packages\STMicroelectronics\hardware\stm32\2.1.0\cores\arduino\stm32\LL\stm32yyxx_ll_ucpd.h">
      <Filter>src\_micro-api-readonly\core\stm32\LL</Filter>
    </ClInclude>
    <ClInclude Include="..\..\..\..\Arduino\portable\packages\STMicroelectronics\hardware\stm32\2.1.0\cores\arduino\stm32\LL\stm32yyxx_ll_usart.h">
      <Filter>src\_micro-api-readonly\core\stm32\LL</Filter>
    </ClInclude>
    <ClInclude Include="..\..\..\..\Arduino\portable\packages\STMicroelectronics\hardware\stm32\2.1.0\cores\arduino\stm32\LL\stm32yyxx_ll_usb.h">
      <Filter>src\_micro-api-readonly\core\stm32\LL</Filter>
    </ClInclude>
    <ClInclude Include="..\..\..\..\Arduino\portable\packages\STMicroelectronics\hardware\stm32\2.1.0\cores\arduino\stm32\LL\stm32yyxx_ll_utils.h">
      <Filter>src\_micro-api-readonly\core\stm32\LL</Filter>
    </ClInclude>
    <ClInclude Include="..\..\..\..\Arduino\portable\packages\STMicroelectronics\hardware\stm32\2.1.0\cores\arduino\stm32\LL\stm32yyxx_ll_wwdg.h">
      <Filter>src\_micro-api-readonly\core\stm32\LL</Filter>
    </ClInclude>
    <ClInclude Include="..\..\..\..\Arduino\portable\packages\STMicroelectronics\hardware\stm32\2.1.0\cores\arduino\stm32\OpenAMP\mbox_ipcc.h">
      <Filter>src\_micro-api-readonly\core\stm32\OpenAMP</Filter>
    </ClInclude>
    <ClInclude Include="..\..\..\..\Arduino\portable\packages\STMicroelectronics\hardware\stm32\2.1.0\cores\arduino\stm32\OpenAMP\openamp.h">
      <Filter>src\_micro-api-readonly\core\stm32\OpenAMP</Filter>
    </ClInclude>
    <ClInclude Include="..\..\..\..\Arduino\portable\packages\STMicroelectronics\hardware\stm32\2.1.0\cores\arduino\stm32\OpenAMP\openamp_conf.h">
      <Filter>src\_micro-api-readonly\core\stm32\OpenAMP</Filter>
    </ClInclude>
    <ClInclude Include="..\..\..\..\Arduino\portable\packages\STMicroelectronics\hardware\stm32\2.1.0\cores\arduino\stm32\OpenAMP\rsc_table.h">
      <Filter>src\_micro-api-readonly\core\stm32\OpenAMP</Filter>
    </ClInclude>
    <ClInclude Include="..\..\..\..\Arduino\portable\packages\STMicroelectronics\hardware\stm32\2.1.0\cores\arduino\stm32\OpenAMP\virtio_buffer.h">
      <Filter>src\_micro-api-readonly\core\stm32\OpenAMP</Filter>
    </ClInclude>
    <ClInclude Include="..\..\..\..\Arduino\portable\packages\STMicroelectronics\hardware\stm32\2.1.0\cores\arduino\stm32\OpenAMP\virtio_config.h">
      <Filter>src\_micro-api-readonly\core\stm32\OpenAMP</Filter>
    </ClInclude>
    <ClInclude Include="..\..\..\..\Arduino\portable\packages\STMicroelectronics\hardware\stm32\2.1.0\cores\arduino\stm32\OpenAMP\virtio_log.h">
      <Filter>src\_micro-api-readonly\core\stm32\OpenAMP</Filter>
    </ClInclude>
    <ClInclude Include="..\..\..\..\Arduino\portable\packages\STMicroelectronics\hardware\stm32\2.1.0\cores\arduino\stm32\usb\usbd_conf.h">
      <Filter>src\_micro-api-readonly\core\stm32\usb</Filter>
    </ClInclude>
    <ClInclude Include="..\..\..\..\Arduino\portable\packages\STMicroelectronics\hardware\stm32\2.1.0\cores\arduino\stm32\usb\usbd_desc.h">
      <Filter>src\_micro-api-readonly\core\stm32\usb</Filter>
    </ClInclude>
    <ClInclude Include="..\..\..\..\Arduino\portable\packages\STMicroelectronics\hardware\stm32\2.1.0\cores\arduino\stm32\usb\usbd_ep_conf.h">
      <Filter>src\_micro-api-readonly\core\stm32\usb</Filter>
    </ClInclude>
    <ClInclude Include="..\..\..\..\Arduino\portable\packages\STMicroelectronics\hardware\stm32\2.1.0\cores\arduino\stm32\usb\usbd_if.h">
      <Filter>src\_micro-api-readonly\core\stm32\usb</Filter>
    </ClInclude>
    <ClInclude Include="..\..\..\..\Arduino\portable\packages\STMicroelectronics\hardware\stm32\2.1.0\cores\arduino\stm32\usb\cdc\cdc_queue.h">
      <Filter>src\_micro-api-readonly\core\stm32\usb\cdc</Filter>
    </ClInclude>
    <ClInclude Include="..\..\..\..\Arduino\portable\packages\STMicroelectronics\hardware\stm32\2.1.0\cores\arduino\stm32\usb\cdc\usbd_cdc.h">
      <Filter>src\_micro-api-readonly\core\stm32\usb\cdc</Filter>
    </ClInclude>
    <ClInclude Include="..\..\..\..\Arduino\portable\packages\STMicroelectronics\hardware\stm32\2.1.0\cores\arduino\stm32\usb\cdc\usbd_cdc_if.h">
      <Filter>src\_micro-api-readonly\core\stm32\usb\cdc</Filter>
    </ClInclude>
    <ClInclude Include="..\..\..\..\Arduino\portable\packages\STMicroelectronics\hardware\stm32\2.1.0\cores\arduino\stm32\usb\hid\usbd_hid_composite.h">
      <Filter>src\_micro-api-readonly\core\stm32\usb\hid</Filter>
    </ClInclude>
    <ClInclude Include="..\..\..\..\Arduino\portable\packages\STMicroelectronics\hardware\stm32\2.1.0\cores\arduino\stm32\usb\hid\usbd_hid_composite_if.h">
      <Filter>src\_micro-api-readonly\core\stm32\usb\hid</Filter>
    </ClInclude>
    <ClInclude Include="..\..\..\..\Arduino\portable\packages\STMicroelectronics\hardware\stm32\2.1.0\libraries\SrcWrapper\src\SrcWrapper.h">
      <Filter>src\_micro-api-readonly\libraries\SrcWrapper</Filter>
    </ClInclude>
    <ClInclude Include="..\..\..\..\Arduino\portable\sketchbook\libraries\ArduinoTimer\ArduinoTimer.h">
      <Filter>src\_micro-api-readonly\libraries\ArduinoTimer</Filter>
    </ClInclude>
  </ItemGroup>
  <ItemGroup>
    <ClCompile Include="..\..\..\..\Arduino\portable\packages\STMicroelectronics\hardware\stm32\2.1.0\cores\arduino\abi.cpp">
      <Filter>src\_micro-api-readonly\core</Filter>
    </ClCompile>
    <ClCompile Include="..\..\..\..\Arduino\portable\packages\STMicroelectronics\hardware\stm32\2.1.0\cores\arduino\board.c">
      <Filter>src\_micro-api-readonly\core</Filter>
    </ClCompile>
    <ClCompile Include="..\..\..\..\Arduino\portable\packages\STMicroelectronics\hardware\stm32\2.1.0\cores\arduino\HardwareSerial.cpp">
      <Filter>src\_micro-api-readonly\core</Filter>
    </ClCompile>
    <ClCompile Include="..\..\..\..\Arduino\portable\packages\STMicroelectronics\hardware\stm32\2.1.0\cores\arduino\HardwareTimer.cpp">
      <Filter>src\_micro-api-readonly\core</Filter>
    </ClCompile>
    <ClCompile Include="..\..\..\..\Arduino\portable\packages\STMicroelectronics\hardware\stm32\2.1.0\cores\arduino\hooks.c">
      <Filter>src\_micro-api-readonly\core</Filter>
    </ClCompile>
    <ClCompile Include="..\..\..\..\Arduino\portable\packages\STMicroelectronics\hardware\stm32\2.1.0\cores\arduino\IPAddress.cpp">
      <Filter>src\_micro-api-readonly\core</Filter>
    </ClCompile>
    <ClCompile Include="..\..\..\..\Arduino\portable\packages\STMicroelectronics\hardware\stm32\2.1.0\cores\arduino\itoa.c">
      <Filter>src\_micro-api-readonly\core</Filter>
    </ClCompile>
    <ClCompile Include="..\..\..\..\Arduino\portable\packages\STMicroelectronics\hardware\stm32\2.1.0\cores\arduino\main.cpp">
      <Filter>src\_micro-api-readonly\core</Filter>
    </ClCompile>
    <ClCompile Include="..\..\..\..\Arduino\portable\packages\STMicroelectronics\hardware\stm32\2.1.0\cores\arduino\new.cpp">
      <Filter>src\_micro-api-readonly\core</Filter>
    </ClCompile>
    <ClCompile Include="..\..\..\..\Arduino\portable\packages\STMicroelectronics\hardware\stm32\2.1.0\cores\arduino\pins_arduino.c">
      <Filter>src\_micro-api-readonly\core</Filter>
    </ClCompile>
    <ClCompile Include="..\..\..\..\Arduino\portable\packages\STMicroelectronics\hardware\stm32\2.1.0\cores\arduino\Print.cpp">
      <Filter>src\_micro-api-readonly\core</Filter>
    </ClCompile>
    <ClCompile Include="..\..\..\..\Arduino\portable\packages\STMicroelectronics\hardware\stm32\2.1.0\cores\arduino\RingBuffer.cpp">
      <Filter>src\_micro-api-readonly\core</Filter>
    </ClCompile>
    <ClCompile Include="..\..\..\..\Arduino\portable\packages\STMicroelectronics\hardware\stm32\2.1.0\cores\arduino\Stream.cpp">
      <Filter>src\_micro-api-readonly\core</Filter>
    </ClCompile>
    <ClCompile Include="..\..\..\..\Arduino\portable\packages\STMicroelectronics\hardware\stm32\2.1.0\cores\arduino\Tone.cpp">
      <Filter>src\_micro-api-readonly\core</Filter>
    </ClCompile>
    <ClCompile Include="..\..\..\..\Arduino\portable\packages\STMicroelectronics\hardware\stm32\2.1.0\cores\arduino\USBSerial.cpp">
      <Filter>src\_micro-api-readonly\core</Filter>
    </ClCompile>
    <ClCompile Include="..\..\..\..\Arduino\portable\packages\STMicroelectronics\hardware\stm32\2.1.0\cores\arduino\VirtIOSerial.cpp">
      <Filter>src\_micro-api-readonly\core</Filter>
    </ClCompile>
    <ClCompile Include="..\..\..\..\Arduino\portable\packages\STMicroelectronics\hardware\stm32\2.1.0\cores\arduino\WInterrupts.cpp">
      <Filter>src\_micro-api-readonly\core</Filter>
    </ClCompile>
    <ClCompile Include="..\..\..\..\Arduino\portable\packages\STMicroelectronics\hardware\stm32\2.1.0\cores\arduino\wiring_analog.c">
      <Filter>src\_micro-api-readonly\core</Filter>
    </ClCompile>
    <ClCompile Include="..\..\..\..\Arduino\portable\packages\STMicroelectronics\hardware\stm32\2.1.0\cores\arduino\wiring_digital.c">
      <Filter>src\_micro-api-readonly\core</Filter>
    </ClCompile>
    <ClCompile Include="..\..\..\..\Arduino\portable\packages\STMicroelectronics\hardware\stm32\2.1.0\cores\arduino\wiring_pulse.cpp">
      <Filter>src\_micro-api-readonly\core</Filter>
    </ClCompile>
    <ClCompile Include="..\..\..\..\Arduino\portable\packages\STMicroelectronics\hardware\stm32\2.1.0\cores\arduino\wiring_shift.c">
      <Filter>src\_micro-api-readonly\core</Filter>
    </ClCompile>
    <ClCompile Include="..\..\..\..\Arduino\portable\packages\STMicroelectronics\hardware\stm32\2.1.0\cores\arduino\wiring_time.c">
      <Filter>src\_micro-api-readonly\core</Filter>
    </ClCompile>
    <ClCompile Include="..\..\..\..\Arduino\portable\packages\STMicroelectronics\hardware\stm32\2.1.0\cores\arduino\WMath.cpp">
      <Filter>src\_micro-api-readonly\core</Filter>
    </ClCompile>
    <ClCompile Include="..\..\..\..\Arduino\portable\packages\STMicroelectronics\hardware\stm32\2.1.0\cores\arduino\WSerial.cpp">
      <Filter>src\_micro-api-readonly\core</Filter>
    </ClCompile>
    <ClCompile Include="..\..\..\..\Arduino\portable\packages\STMicroelectronics\hardware\stm32\2.1.0\cores\arduino\WString.cpp">
      <Filter>src\_micro-api-readonly\core</Filter>
    </ClCompile>
    <ClCompile Include="..\..\..\..\Arduino\portable\packages\STMicroelectronics\hardware\stm32\2.1.0\libraries\SrcWrapper\src\syscalls.c">
      <Filter>src\_micro-api-readonly\libraries\SrcWrapper</Filter>
    </ClCompile>
    <ClCompile Include="..\..\..\..\Arduino\portable\packages\STMicroelectronics\hardware\stm32\2.1.0\libraries\SrcWrapper\src\HAL\stm32yyxx_hal.c">
      <Filter>src\_micro-api-readonly\libraries\SrcWrapper</Filter>
    </ClCompile>
    <ClCompile Include="..\..\..\..\Arduino\portable\packages\STMicroelectronics\hardware\stm32\2.1.0\libraries\SrcWrapper\src\HAL\stm32yyxx_hal_adc.c">
      <Filter>src\_micro-api-readonly\libraries\SrcWrapper</Filter>
    </ClCompile>
    <ClCompile Include="..\..\..\..\Arduino\portable\packages\STMicroelectronics\hardware\stm32\2.1.0\libraries\SrcWrapper\src\HAL\stm32yyxx_hal_adc_ex.c">
      <Filter>src\_micro-api-readonly\libraries\SrcWrapper</Filter>
    </ClCompile>
    <ClCompile Include="..\..\..\..\Arduino\portable\packages\STMicroelectronics\hardware\stm32\2.1.0\libraries\SrcWrapper\src\HAL\stm32yyxx_hal_can.c">
      <Filter>src\_micro-api-readonly\libraries\SrcWrapper</Filter>
    </ClCompile>
    <ClCompile Include="..\..\..\..\Arduino\portable\packages\STMicroelectronics\hardware\stm32\2.1.0\libraries\SrcWrapper\src\HAL\stm32yyxx_hal_cec.c">
      <Filter>src\_micro-api-readonly\libraries\SrcWrapper</Filter>
    </ClCompile>
    <ClCompile Include="..\..\..\..\Arduino\portable\packages\STMicroelectronics\hardware\stm32\2.1.0\libraries\SrcWrapper\src\HAL\stm32yyxx_hal_comp.c">
      <Filter>src\_micro-api-readonly\libraries\SrcWrapper</Filter>
    </ClCompile>
    <ClCompile Include="..\..\..\..\Arduino\portable\packages\STMicroelectronics\hardware\stm32\2.1.0\libraries\SrcWrapper\src\HAL\stm32yyxx_hal_comp_ex.c">
      <Filter>src\_micro-api-readonly\libraries\SrcWrapper</Filter>
    </ClCompile>
    <ClCompile Include="..\..\..\..\Arduino\portable\packages\STMicroelectronics\hardware\stm32\2.1.0\libraries\SrcWrapper\src\HAL\stm32yyxx_hal_cordic.c">
      <Filter>src\_micro-api-readonly\libraries\SrcWrapper</Filter>
    </ClCompile>
    <ClCompile Include="..\..\..\..\Arduino\portable\packages\STMicroelectronics\hardware\stm32\2.1.0\libraries\SrcWrapper\src\HAL\stm32yyxx_hal_cortex.c">
      <Filter>src\_micro-api-readonly\libraries\SrcWrapper</Filter>
    </ClCompile>
    <ClCompile Include="..\..\..\..\Arduino\portable\packages\STMicroelectronics\hardware\stm32\2.1.0\libraries\SrcWrapper\src\HAL\stm32yyxx_hal_crc.c">
      <Filter>src\_micro-api-readonly\libraries\SrcWrapper</Filter>
    </ClCompile>
    <ClCompile Include="..\..\..\..\Arduino\portable\packages\STMicroelectronics\hardware\stm32\2.1.0\libraries\SrcWrapper\src\HAL\stm32yyxx_hal_crc_ex.c">
      <Filter>src\_micro-api-readonly\libraries\SrcWrapper</Filter>
    </ClCompile>
    <ClCompile Include="..\..\..\..\Arduino\portable\packages\STMicroelectronics\hardware\stm32\2.1.0\libraries\SrcWrapper\src\HAL\stm32yyxx_hal_cryp.c">
      <Filter>src\_micro-api-readonly\libraries\SrcWrapper</Filter>
    </ClCompile>
    <ClCompile Include="..\..\..\..\Arduino\portable\packages\STMicroelectronics\hardware\stm32\2.1.0\libraries\SrcWrapper\src\HAL\stm32yyxx_hal_cryp_ex.c">
      <Filter>src\_micro-api-readonly\libraries\SrcWrapper</Filter>
    </ClCompile>
    <ClCompile Include="..\..\..\..\Arduino\portable\packages\STMicroelectronics\hardware\stm32\2.1.0\libraries\SrcWrapper\src\HAL\stm32yyxx_hal_dac.c">
      <Filter>src\_micro-api-readonly\libraries\SrcWrapper</Filter>
    </ClCompile>
    <ClCompile Include="..\..\..\..\Arduino\portable\packages\STMicroelectronics\hardware\stm32\2.1.0\libraries\SrcWrapper\src\HAL\stm32yyxx_hal_dac_ex.c">
      <Filter>src\_micro-api-readonly\libraries\SrcWrapper</Filter>
    </ClCompile>
    <ClCompile Include="..\..\..\..\Arduino\portable\packages\STMicroelectronics\hardware\stm32\2.1.0\libraries\SrcWrapper\src\HAL\stm32yyxx_hal_dcache.c">
      <Filter>src\_micro-api-readonly\libraries\SrcWrapper</Filter>
    </ClCompile>
    <ClCompile Include="..\..\..\..\Arduino\portable\packages\STMicroelectronics\hardware\stm32\2.1.0\libraries\SrcWrapper\src\HAL\stm32yyxx_hal_dcmi.c">
      <Filter>src\_micro-api-readonly\libraries\SrcWrapper</Filter>
    </ClCompile>
    <ClCompile Include="..\..\..\..\Arduino\portable\packages\STMicroelectronics\hardware\stm32\2.1.0\libraries\SrcWrapper\src\HAL\stm32yyxx_hal_dcmi_ex.c">
      <Filter>src\_micro-api-readonly\libraries\SrcWrapper</Filter>
    </ClCompile>
    <ClCompile Include="..\..\..\..\Arduino\portable\packages\STMicroelectronics\hardware\stm32\2.1.0\libraries\SrcWrapper\src\HAL\stm32yyxx_hal_dfsdm.c">
      <Filter>src\_micro-api-readonly\libraries\SrcWrapper</Filter>
    </ClCompile>
    <ClCompile Include="..\..\..\..\Arduino\portable\packages\STMicroelectronics\hardware\stm32\2.1.0\libraries\SrcWrapper\src\HAL\stm32yyxx_hal_dfsdm_ex.c">
      <Filter>src\_micro-api-readonly\libraries\SrcWrapper</Filter>
    </ClCompile>
    <ClCompile Include="..\..\..\..\Arduino\portable\packages\STMicroelectronics\hardware\stm32\2.1.0\libraries\SrcWrapper\src\HAL\stm32yyxx_hal_dma.c">
      <Filter>src\_micro-api-readonly\libraries\SrcWrapper</Filter>
    </ClCompile>
    <ClCompile Include="..\..\..\..\Arduino\portable\packages\STMicroelectronics\hardware\stm32\2.1.0\libraries\SrcWrapper\src\HAL\stm32yyxx_hal_dma2d.c">
      <Filter>src\_micro-api-readonly\libraries\SrcWrapper</Filter>
    </ClCompile>
    <ClCompile Include="..\..\..\..\Arduino\portable\packages\STMicroelectronics\hardware\stm32\2.1.0\libraries\SrcWrapper\src\HAL\stm32yyxx_hal_dma_ex.c">
      <Filter>src\_micro-api-readonly\libraries\SrcWrapper</Filter>
    </ClCompile>
    <ClCompile Include="..\..\..\..\Arduino\portable\packages\STMicroelectronics\hardware\stm32\2.1.0\libraries\SrcWrapper\src\HAL\stm32yyxx_hal_dsi.c">
      <Filter>src\_micro-api-readonly\libraries\SrcWrapper</Filter>
    </ClCompile>
    <ClCompile Include="..\..\..\..\Arduino\portable\packages\STMicroelectronics\hardware\stm32\2.1.0\libraries\SrcWrapper\src\HAL\stm32yyxx_hal_dts.c">
      <Filter>src\_micro-api-readonly\libraries\SrcWrapper</Filter>
    </ClCompile>
    <ClCompile Include="..\..\..\..\Arduino\portable\packages\STMicroelectronics\hardware\stm32\2.1.0\libraries\SrcWrapper\src\HAL\stm32yyxx_hal_eth.c">
      <Filter>src\_micro-api-readonly\libraries\SrcWrapper</Filter>
    </ClCompile>
    <ClCompile Include="..\..\..\..\Arduino\portable\packages\STMicroelectronics\hardware\stm32\2.1.0\libraries\SrcWrapper\src\HAL\stm32yyxx_hal_eth_ex.c">
      <Filter>src\_micro-api-readonly\libraries\SrcWrapper</Filter>
    </ClCompile>
    <ClCompile Include="..\..\..\..\Arduino\portable\packages\STMicroelectronics\hardware\stm32\2.1.0\libraries\SrcWrapper\src\HAL\stm32yyxx_hal_exti.c">
      <Filter>src\_micro-api-readonly\libraries\SrcWrapper</Filter>
    </ClCompile>
    <ClCompile Include="..\..\..\..\Arduino\portable\packages\STMicroelectronics\hardware\stm32\2.1.0\libraries\SrcWrapper\src\HAL\stm32yyxx_hal_fdcan.c">
      <Filter>src\_micro-api-readonly\libraries\SrcWrapper</Filter>
    </ClCompile>
    <ClCompile Include="..\..\..\..\Arduino\portable\packages\STMicroelectronics\hardware\stm32\2.1.0\libraries\SrcWrapper\src\HAL\stm32yyxx_hal_firewall.c">
      <Filter>src\_micro-api-readonly\libraries\SrcWrapper</Filter>
    </ClCompile>
    <ClCompile Include="..\..\..\..\Arduino\portable\packages\STMicroelectronics\hardware\stm32\2.1.0\libraries\SrcWrapper\src\HAL\stm32yyxx_hal_flash.c">
      <Filter>src\_micro-api-readonly\libraries\SrcWrapper</Filter>
    </ClCompile>
    <ClCompile Include="..\..\..\..\Arduino\portable\packages\STMicroelectronics\hardware\stm32\2.1.0\libraries\SrcWrapper\src\HAL\stm32yyxx_hal_flash_ex.c">
      <Filter>src\_micro-api-readonly\libraries\SrcWrapper</Filter>
    </ClCompile>
    <ClCompile Include="..\..\..\..\Arduino\portable\packages\STMicroelectronics\hardware\stm32\2.1.0\libraries\SrcWrapper\src\HAL\stm32yyxx_hal_flash_ramfunc.c">
      <Filter>src\_micro-api-readonly\libraries\SrcWrapper</Filter>
    </ClCompile>
    <ClCompile Include="..\..\..\..\Arduino\portable\packages\STMicroelectronics\hardware\stm32\2.1.0\libraries\SrcWrapper\src\HAL\stm32yyxx_hal_fmac.c">
      <Filter>src\_micro-api-readonly\libraries\SrcWrapper</Filter>
    </ClCompile>
    <ClCompile Include="..\..\..\..\Arduino\portable\packages\STMicroelectronics\hardware\stm32\2.1.0\libraries\SrcWrapper\src\HAL\stm32yyxx_hal_fmpi2c.c">
      <Filter>src\_micro-api-readonly\libraries\SrcWrapper</Filter>
    </ClCompile>
    <ClCompile Include="..\..\..\..\Arduino\portable\packages\STMicroelectronics\hardware\stm32\2.1.0\libraries\SrcWrapper\src\HAL\stm32yyxx_hal_fmpi2c_ex.c">
      <Filter>src\_micro-api-readonly\libraries\SrcWrapper</Filter>
    </ClCompile>
    <ClCompile Include="..\..\..\..\Arduino\portable\packages\STMicroelectronics\hardware\stm32\2.1.0\libraries\SrcWrapper\src\HAL\stm32yyxx_hal_fmpsmbus.c">
      <Filter>src\_micro-api-readonly\libraries\SrcWrapper</Filter>
    </ClCompile>
    <ClCompile Include="..\..\..\..\Arduino\portable\packages\STMicroelectronics\hardware\stm32\2.1.0\libraries\SrcWrapper\src\HAL\stm32yyxx_hal_fmpsmbus_ex.c">
      <Filter>src\_micro-api-readonly\libraries\SrcWrapper</Filter>
    </ClCompile>
    <ClCompile Include="..\..\..\..\Arduino\portable\packages\STMicroelectronics\hardware\stm32\2.1.0\libraries\SrcWrapper\src\HAL\stm32yyxx_hal_gfxmmu.c">
      <Filter>src\_micro-api-readonly\libraries\SrcWrapper</Filter>
    </ClCompile>
    <ClCompile Include="..\..\..\..\Arduino\portable\packages\STMicroelectronics\hardware\stm32\2.1.0\libraries\SrcWrapper\src\HAL\stm32yyxx_hal_gpio.c">
      <Filter>src\_micro-api-readonly\libraries\SrcWrapper</Filter>
    </ClCompile>
    <ClCompile Include="..\..\..\..\Arduino\portable\packages\STMicroelectronics\hardware\stm32\2.1.0\libraries\SrcWrapper\src\HAL\stm32yyxx_hal_gpio_ex.c">
      <Filter>src\_micro-api-readonly\libraries\SrcWrapper</Filter>
    </ClCompile>
    <ClCompile Include="..\..\..\..\Arduino\portable\packages\STMicroelectronics\hardware\stm32\2.1.0\libraries\SrcWrapper\src\HAL\stm32yyxx_hal_gtzc.c">
      <Filter>src\_micro-api-readonly\libraries\SrcWrapper</Filter>
    </ClCompile>
    <ClCompile Include="..\..\..\..\Arduino\portable\packages\STMicroelectronics\hardware\stm32\2.1.0\libraries\SrcWrapper\src\HAL\stm32yyxx_hal_hash.c">
      <Filter>src\_micro-api-readonly\libraries\SrcWrapper</Filter>
    </ClCompile>
    <ClCompile Include="..\..\..\..\Arduino\portable\packages\STMicroelectronics\hardware\stm32\2.1.0\libraries\SrcWrapper\src\HAL\stm32yyxx_hal_hash_ex.c">
      <Filter>src\_micro-api-readonly\libraries\SrcWrapper</Filter>
    </ClCompile>
    <ClCompile Include="..\..\..\..\Arduino\portable\packages\STMicroelectronics\hardware\stm32\2.1.0\libraries\SrcWrapper\src\HAL\stm32yyxx_hal_hcd.c">
      <Filter>src\_micro-api-readonly\libraries\SrcWrapper</Filter>
    </ClCompile>
    <ClCompile Include="..\..\..\..\Arduino\portable\packages\STMicroelectronics\hardware\stm32\2.1.0\libraries\SrcWrapper\src\HAL\stm32yyxx_hal_hrtim.c">
      <Filter>src\_micro-api-readonly\libraries\SrcWrapper</Filter>
    </ClCompile>
    <ClCompile Include="..\..\..\..\Arduino\portable\packages\STMicroelectronics\hardware\stm32\2.1.0\libraries\SrcWrapper\src\HAL\stm32yyxx_hal_hsem.c">
      <Filter>src\_micro-api-readonly\libraries\SrcWrapper</Filter>
    </ClCompile>
    <ClCompile Include="..\..\..\..\Arduino\portable\packages\STMicroelectronics\hardware\stm32\2.1.0\libraries\SrcWrapper\src\HAL\stm32yyxx_hal_i2c.c">
      <Filter>src\_micro-api-readonly\libraries\SrcWrapper</Filter>
    </ClCompile>
    <ClCompile Include="..\..\..\..\Arduino\portable\packages\STMicroelectronics\hardware\stm32\2.1.0\libraries\SrcWrapper\src\HAL\stm32yyxx_hal_i2c_ex.c">
      <Filter>src\_micro-api-readonly\libraries\SrcWrapper</Filter>
    </ClCompile>
    <ClCompile Include="..\..\..\..\Arduino\portable\packages\STMicroelectronics\hardware\stm32\2.1.0\libraries\SrcWrapper\src\HAL\stm32yyxx_hal_i2s.c">
      <Filter>src\_micro-api-readonly\libraries\SrcWrapper</Filter>
    </ClCompile>
    <ClCompile Include="..\..\..\..\Arduino\portable\packages\STMicroelectronics\hardware\stm32\2.1.0\libraries\SrcWrapper\src\HAL\stm32yyxx_hal_i2s_ex.c">
      <Filter>src\_micro-api-readonly\libraries\SrcWrapper</Filter>
    </ClCompile>
    <ClCompile Include="..\..\..\..\Arduino\portable\packages\STMicroelectronics\hardware\stm32\2.1.0\libraries\SrcWrapper\src\HAL\stm32yyxx_hal_icache.c">
      <Filter>src\_micro-api-readonly\libraries\SrcWrapper</Filter>
    </ClCompile>
    <ClCompile Include="..\..\..\..\Arduino\portable\packages\STMicroelectronics\hardware\stm32\2.1.0\libraries\SrcWrapper\src\HAL\stm32yyxx_hal_ipcc.c">
      <Filter>src\_micro-api-readonly\libraries\SrcWrapper</Filter>
    </ClCompile>
    <ClCompile Include="..\..\..\..\Arduino\portable\packages\STMicroelectronics\hardware\stm32\2.1.0\libraries\SrcWrapper\src\HAL\stm32yyxx_hal_irda.c">
      <Filter>src\_micro-api-readonly\libraries\SrcWrapper</Filter>
    </ClCompile>
    <ClCompile Include="..\..\..\..\Arduino\portable\packages\STMicroelectronics\hardware\stm32\2.1.0\libraries\SrcWrapper\src\HAL\stm32yyxx_hal_iwdg.c">
      <Filter>src\_micro-api-readonly\libraries\SrcWrapper</Filter>
    </ClCompile>
    <ClCompile Include="..\..\..\..\Arduino\portable\packages\STMicroelectronics\hardware\stm32\2.1.0\libraries\SrcWrapper\src\HAL\stm32yyxx_hal_jpeg.c">
      <Filter>src\_micro-api-readonly\libraries\SrcWrapper</Filter>
    </ClCompile>
    <ClCompile Include="..\..\..\..\Arduino\portable\packages\STMicroelectronics\hardware\stm32\2.1.0\libraries\SrcWrapper\src\HAL\stm32yyxx_hal_lcd.c">
      <Filter>src\_micro-api-readonly\libraries\SrcWrapper</Filter>
    </ClCompile>
    <ClCompile Include="..\..\..\..\Arduino\portable\packages\STMicroelectronics\hardware\stm32\2.1.0\libraries\SrcWrapper\src\HAL\stm32yyxx_hal_lptim.c">
      <Filter>src\_micro-api-readonly\libraries\SrcWrapper</Filter>
    </ClCompile>
    <ClCompile Include="..\..\..\..\Arduino\portable\packages\STMicroelectronics\hardware\stm32\2.1.0\libraries\SrcWrapper\src\HAL\stm32yyxx_hal_ltdc.c">
      <Filter>src\_micro-api-readonly\libraries\SrcWrapper</Filter>
    </ClCompile>
    <ClCompile Include="..\..\..\..\Arduino\portable\packages\STMicroelectronics\hardware\stm32\2.1.0\libraries\SrcWrapper\src\HAL\stm32yyxx_hal_ltdc_ex.c">
      <Filter>src\_micro-api-readonly\libraries\SrcWrapper</Filter>
    </ClCompile>
    <ClCompile Include="..\..\..\..\Arduino\portable\packages\STMicroelectronics\hardware\stm32\2.1.0\libraries\SrcWrapper\src\HAL\stm32yyxx_hal_mdf.c">
      <Filter>src\_micro-api-readonly\libraries\SrcWrapper</Filter>
    </ClCompile>
    <ClCompile Include="..\..\..\..\Arduino\portable\packages\STMicroelectronics\hardware\stm32\2.1.0\libraries\SrcWrapper\src\HAL\stm32yyxx_hal_mdios.c">
      <Filter>src\_micro-api-readonly\libraries\SrcWrapper</Filter>
    </ClCompile>
    <ClCompile Include="..\..\..\..\Arduino\portable\packages\STMicroelectronics\hardware\stm32\2.1.0\libraries\SrcWrapper\src\HAL\stm32yyxx_hal_mdma.c">
      <Filter>src\_micro-api-readonly\libraries\SrcWrapper</Filter>
    </ClCompile>
    <ClCompile Include="..\..\..\..\Arduino\portable\packages\STMicroelectronics\hardware\stm32\2.1.0\libraries\SrcWrapper\src\HAL\stm32yyxx_hal_mmc.c">
      <Filter>src\_micro-api-readonly\libraries\SrcWrapper</Filter>
    </ClCompile>
    <ClCompile Include="..\..\..\..\Arduino\portable\packages\STMicroelectronics\hardware\stm32\2.1.0\libraries\SrcWrapper\src\HAL\stm32yyxx_hal_mmc_ex.c">
      <Filter>src\_micro-api-readonly\libraries\SrcWrapper</Filter>
    </ClCompile>
    <ClCompile Include="..\..\..\..\Arduino\portable\packages\STMicroelectronics\hardware\stm32\2.1.0\libraries\SrcWrapper\src\HAL\stm32yyxx_hal_nand.c">
      <Filter>src\_micro-api-readonly\libraries\SrcWrapper</Filter>
    </ClCompile>
    <ClCompile Include="..\..\..\..\Arduino\portable\packages\STMicroelectronics\hardware\stm32\2.1.0\libraries\SrcWrapper\src\HAL\stm32yyxx_hal_nor.c">
      <Filter>src\_micro-api-readonly\libraries\SrcWrapper</Filter>
    </ClCompile>
    <ClCompile Include="..\..\..\..\Arduino\portable\packages\STMicroelectronics\hardware\stm32\2.1.0\libraries\SrcWrapper\src\HAL\stm32yyxx_hal_opamp.c">
      <Filter>src\_micro-api-readonly\libraries\SrcWrapper</Filter>
    </ClCompile>
    <ClCompile Include="..\..\..\..\Arduino\portable\packages\STMicroelectronics\hardware\stm32\2.1.0\libraries\SrcWrapper\src\HAL\stm32yyxx_hal_opamp_ex.c">
      <Filter>src\_micro-api-readonly\libraries\SrcWrapper</Filter>
    </ClCompile>
    <ClCompile Include="..\..\..\..\Arduino\portable\packages\STMicroelectronics\hardware\stm32\2.1.0\libraries\SrcWrapper\src\HAL\stm32yyxx_hal_ospi.c">
      <Filter>src\_micro-api-readonly\libraries\SrcWrapper</Filter>
    </ClCompile>
    <ClCompile Include="..\..\..\..\Arduino\portable\packages\STMicroelectronics\hardware\stm32\2.1.0\libraries\SrcWrapper\src\HAL\stm32yyxx_hal_otfdec.c">
      <Filter>src\_micro-api-readonly\libraries\SrcWrapper</Filter>
    </ClCompile>
    <ClCompile Include="..\..\..\..\Arduino\portable\packages\STMicroelectronics\hardware\stm32\2.1.0\libraries\SrcWrapper\src\HAL\stm32yyxx_hal_pccard.c">
      <Filter>src\_micro-api-readonly\libraries\SrcWrapper</Filter>
    </ClCompile>
    <ClCompile Include="..\..\..\..\Arduino\portable\packages\STMicroelectronics\hardware\stm32\2.1.0\libraries\SrcWrapper\src\HAL\stm32yyxx_hal_pcd.c">
      <Filter>src\_micro-api-readonly\libraries\SrcWrapper</Filter>
    </ClCompile>
    <ClCompile Include="..\..\..\..\Arduino\portable\packages\STMicroelectronics\hardware\stm32\2.1.0\libraries\SrcWrapper\src\HAL\stm32yyxx_hal_pcd_ex.c">
      <Filter>src\_micro-api-readonly\libraries\SrcWrapper</Filter>
    </ClCompile>
    <ClCompile Include="..\..\..\..\Arduino\portable\packages\STMicroelectronics\hardware\stm32\2.1.0\libraries\SrcWrapper\src\HAL\stm32yyxx_hal_pka.c">
      <Filter>src\_micro-api-readonly\libraries\SrcWrapper</Filter>
    </ClCompile>
    <ClCompile Include="..\..\..\..\Arduino\portable\packages\STMicroelectronics\hardware\stm32\2.1.0\libraries\SrcWrapper\src\HAL\stm32yyxx_hal_pssi.c">
      <Filter>src\_micro-api-readonly\libraries\SrcWrapper</Filter>
    </ClCompile>
    <ClCompile Include="..\..\..\..\Arduino\portable\packages\STMicroelectronics\hardware\stm32\2.1.0\libraries\SrcWrapper\src\HAL\stm32yyxx_hal_pwr.c">
      <Filter>src\_micro-api-readonly\libraries\SrcWrapper</Filter>
    </ClCompile>
    <ClCompile Include="..\..\..\..\Arduino\portable\packages\STMicroelectronics\hardware\stm32\2.1.0\libraries\SrcWrapper\src\HAL\stm32yyxx_hal_pwr_ex.c">
      <Filter>src\_micro-api-readonly\libraries\SrcWrapper</Filter>
    </ClCompile>
    <ClCompile Include="..\..\..\..\Arduino\portable\packages\STMicroelectronics\hardware\stm32\2.1.0\libraries\SrcWrapper\src\HAL\stm32yyxx_hal_qspi.c">
      <Filter>src\_micro-api-readonly\libraries\SrcWrapper</Filter>
    </ClCompile>
    <ClCompile Include="..\..\..\..\Arduino\portable\packages\STMicroelectronics\hardware\stm32\2.1.0\libraries\SrcWrapper\src\HAL\stm32yyxx_hal_ramcfg.c">
      <Filter>src\_micro-api-readonly\libraries\SrcWrapper</Filter>
    </ClCompile>
    <ClCompile Include="..\..\..\..\Arduino\portable\packages\STMicroelectronics\hardware\stm32\2.1.0\libraries\SrcWrapper\src\HAL\stm32yyxx_hal_ramecc.c">
      <Filter>src\_micro-api-readonly\libraries\SrcWrapper</Filter>
    </ClCompile>
    <ClCompile Include="..\..\..\..\Arduino\portable\packages\STMicroelectronics\hardware\stm32\2.1.0\libraries\SrcWrapper\src\HAL\stm32yyxx_hal_rcc.c">
      <Filter>src\_micro-api-readonly\libraries\SrcWrapper</Filter>
    </ClCompile>
    <ClCompile Include="..\..\..\..\Arduino\portable\packages\STMicroelectronics\hardware\stm32\2.1.0\libraries\SrcWrapper\src\HAL\stm32yyxx_hal_rcc_ex.c">
      <Filter>src\_micro-api-readonly\libraries\SrcWrapper</Filter>
    </ClCompile>
    <ClCompile Include="..\..\..\..\Arduino\portable\packages\STMicroelectronics\hardware\stm32\2.1.0\libraries\SrcWrapper\src\HAL\stm32yyxx_hal_rng.c">
      <Filter>src\_micro-api-readonly\libraries\SrcWrapper</Filter>
    </ClCompile>
    <ClCompile Include="..\..\..\..\Arduino\portable\packages\STMicroelectronics\hardware\stm32\2.1.0\libraries\SrcWrapper\src\HAL\stm32yyxx_hal_rng_ex.c">
      <Filter>src\_micro-api-readonly\libraries\SrcWrapper</Filter>
    </ClCompile>
    <ClCompile Include="..\..\..\..\Arduino\portable\packages\STMicroelectronics\hardware\stm32\2.1.0\libraries\SrcWrapper\src\HAL\stm32yyxx_hal_rtc.c">
      <Filter>src\_micro-api-readonly\libraries\SrcWrapper</Filter>
    </ClCompile>
    <ClCompile Include="..\..\..\..\Arduino\portable\packages\STMicroelectronics\hardware\stm32\2.1.0\libraries\SrcWrapper\src\HAL\stm32yyxx_hal_rtc_ex.c">
      <Filter>src\_micro-api-readonly\libraries\SrcWrapper</Filter>
    </ClCompile>
    <ClCompile Include="..\..\..\..\Arduino\portable\packages\STMicroelectronics\hardware\stm32\2.1.0\libraries\SrcWrapper\src\HAL\stm32yyxx_hal_sai.c">
      <Filter>src\_micro-api-readonly\libraries\SrcWrapper</Filter>
    </ClCompile>
    <ClCompile Include="..\..\..\..\Arduino\portable\packages\STMicroelectronics\hardware\stm32\2.1.0\libraries\SrcWrapper\src\HAL\stm32yyxx_hal_sai_ex.c">
      <Filter>src\_micro-api-readonly\libraries\SrcWrapper</Filter>
    </ClCompile>
    <ClCompile Include="..\..\..\..\Arduino\portable\packages\STMicroelectronics\hardware\stm32\2.1.0\libraries\SrcWrapper\src\HAL\stm32yyxx_hal_sd.c">
      <Filter>src\_micro-api-readonly\libraries\SrcWrapper</Filter>
    </ClCompile>
    <ClCompile Include="..\..\..\..\Arduino\portable\packages\STMicroelectronics\hardware\stm32\2.1.0\libraries\SrcWrapper\src\HAL\stm32yyxx_hal_sdadc.c">
      <Filter>src\_micro-api-readonly\libraries\SrcWrapper</Filter>
    </ClCompile>
    <ClCompile Include="..\..\..\..\Arduino\portable\packages\STMicroelectronics\hardware\stm32\2.1.0\libraries\SrcWrapper\src\HAL\stm32yyxx_hal_sdram.c">
      <Filter>src\_micro-api-readonly\libraries\SrcWrapper</Filter>
    </ClCompile>
    <ClCompile Include="..\..\..\..\Arduino\portable\packages\STMicroelectronics\hardware\stm32\2.1.0\libraries\SrcWrapper\src\HAL\stm32yyxx_hal_sd_ex.c">
      <Filter>src\_micro-api-readonly\libraries\SrcWrapper</Filter>
    </ClCompile>
    <ClCompile Include="..\..\..\..\Arduino\portable\packages\STMicroelectronics\hardware\stm32\2.1.0\libraries\SrcWrapper\src\HAL\stm32yyxx_hal_smartcard.c">
      <Filter>src\_micro-api-readonly\libraries\SrcWrapper</Filter>
    </ClCompile>
    <ClCompile Include="..\..\..\..\Arduino\portable\packages\STMicroelectronics\hardware\stm32\2.1.0\libraries\SrcWrapper\src\HAL\stm32yyxx_hal_smartcard_ex.c">
      <Filter>src\_micro-api-readonly\libraries\SrcWrapper</Filter>
    </ClCompile>
    <ClCompile Include="..\..\..\..\Arduino\portable\packages\STMicroelectronics\hardware\stm32\2.1.0\libraries\SrcWrapper\src\HAL\stm32yyxx_hal_smbus.c">
      <Filter>src\_micro-api-readonly\libraries\SrcWrapper</Filter>
    </ClCompile>
    <ClCompile Include="..\..\..\..\Arduino\portable\packages\STMicroelectronics\hardware\stm32\2.1.0\libraries\SrcWrapper\src\HAL\stm32yyxx_hal_smbus_ex.c">
      <Filter>src\_micro-api-readonly\libraries\SrcWrapper</Filter>
    </ClCompile>
    <ClCompile Include="..\..\..\..\Arduino\portable\packages\STMicroelectronics\hardware\stm32\2.1.0\libraries\SrcWrapper\src\HAL\stm32yyxx_hal_spdifrx.c">
      <Filter>src\_micro-api-readonly\libraries\SrcWrapper</Filter>
    </ClCompile>
    <ClCompile Include="..\..\..\..\Arduino\portable\packages\STMicroelectronics\hardware\stm32\2.1.0\libraries\SrcWrapper\src\HAL\stm32yyxx_hal_spi.c">
      <Filter>src\_micro-api-readonly\libraries\SrcWrapper</Filter>
    </ClCompile>
    <ClCompile Include="..\..\..\..\Arduino\portable\packages\STMicroelectronics\hardware\stm32\2.1.0\libraries\SrcWrapper\src\HAL\stm32yyxx_hal_spi_ex.c">
      <Filter>src\_micro-api-readonly\libraries\SrcWrapper</Filter>
    </ClCompile>
    <ClCompile Include="..\..\..\..\Arduino\portable\packages\STMicroelectronics\hardware\stm32\2.1.0\libraries\SrcWrapper\src\HAL\stm32yyxx_hal_sram.c">
      <Filter>src\_micro-api-readonly\libraries\SrcWrapper</Filter>
    </ClCompile>
    <ClCompile Include="..\..\..\..\Arduino\portable\packages\STMicroelectronics\hardware\stm32\2.1.0\libraries\SrcWrapper\src\HAL\stm32yyxx_hal_subghz.c">
      <Filter>src\_micro-api-readonly\libraries\SrcWrapper</Filter>
    </ClCompile>
    <ClCompile Include="..\..\..\..\Arduino\portable\packages\STMicroelectronics\hardware\stm32\2.1.0\libraries\SrcWrapper\src\HAL\stm32yyxx_hal_swpmi.c">
      <Filter>src\_micro-api-readonly\libraries\SrcWrapper</Filter>
    </ClCompile>
    <ClCompile Include="..\..\..\..\Arduino\portable\packages\STMicroelectronics\hardware\stm32\2.1.0\libraries\SrcWrapper\src\HAL\stm32yyxx_hal_tim.c">
      <Filter>src\_micro-api-readonly\libraries\SrcWrapper</Filter>
    </ClCompile>
    <ClCompile Include="..\..\..\..\Arduino\portable\packages\STMicroelectronics\hardware\stm32\2.1.0\libraries\SrcWrapper\src\HAL\stm32yyxx_hal_tim_ex.c">
      <Filter>src\_micro-api-readonly\libraries\SrcWrapper</Filter>
    </ClCompile>
    <ClCompile Include="..\..\..\..\Arduino\portable\packages\STMicroelectronics\hardware\stm32\2.1.0\libraries\SrcWrapper\src\HAL\stm32yyxx_hal_tsc.c">
      <Filter>src\_micro-api-readonly\libraries\SrcWrapper</Filter>
    </ClCompile>
    <ClCompile Include="..\..\..\..\Arduino\portable\packages\STMicroelectronics\hardware\stm32\2.1.0\libraries\SrcWrapper\src\HAL\stm32yyxx_hal_uart.c">
      <Filter>src\_micro-api-readonly\libraries\SrcWrapper</Filter>
    </ClCompile>
    <ClCompile Include="..\..\..\..\Arduino\portable\packages\STMicroelectronics\hardware\stm32\2.1.0\libraries\SrcWrapper\src\HAL\stm32yyxx_hal_uart_ex.c">
      <Filter>src\_micro-api-readonly\libraries\SrcWrapper</Filter>
    </ClCompile>
    <ClCompile Include="..\..\..\..\Arduino\portable\packages\STMicroelectronics\hardware\stm32\2.1.0\libraries\SrcWrapper\src\HAL\stm32yyxx_hal_usart.c">
      <Filter>src\_micro-api-readonly\libraries\SrcWrapper</Filter>
    </ClCompile>
    <ClCompile Include="..\..\..\..\Arduino\portable\packages\STMicroelectronics\hardware\stm32\2.1.0\libraries\SrcWrapper\src\HAL\stm32yyxx_hal_usart_ex.c">
      <Filter>src\_micro-api-readonly\libraries\SrcWrapper</Filter>
    </ClCompile>
    <ClCompile Include="..\..\..\..\Arduino\portable\packages\STMicroelectronics\hardware\stm32\2.1.0\libraries\SrcWrapper\src\HAL\stm32yyxx_hal_wwdg.c">
      <Filter>src\_micro-api-readonly\libraries\SrcWrapper</Filter>
    </ClCompile>
    <ClCompile Include="..\..\..\..\Arduino\portable\packages\STMicroelectronics\hardware\stm32\2.1.0\libraries\SrcWrapper\src\LL\stm32yyxx_ll_adc.c">
      <Filter>src\_micro-api-readonly\libraries\SrcWrapper</Filter>
    </ClCompile>
    <ClCompile Include="..\..\..\..\Arduino\portable\packages\STMicroelectronics\hardware\stm32\2.1.0\libraries\SrcWrapper\src\LL\stm32yyxx_ll_bdma.c">
      <Filter>src\_micro-api-readonly\libraries\SrcWrapper</Filter>
    </ClCompile>
    <ClCompile Include="..\..\..\..\Arduino\portable\packages\STMicroelectronics\hardware\stm32\2.1.0\libraries\SrcWrapper\src\LL\stm32yyxx_ll_comp.c">
      <Filter>src\_micro-api-readonly\libraries\SrcWrapper</Filter>
    </ClCompile>
    <ClCompile Include="..\..\..\..\Arduino\portable\packages\STMicroelectronics\hardware\stm32\2.1.0\libraries\SrcWrapper\src\LL\stm32yyxx_ll_cordic.c">
      <Filter>src\_micro-api-readonly\libraries\SrcWrapper</Filter>
    </ClCompile>
    <ClCompile Include="..\..\..\..\Arduino\portable\packages\STMicroelectronics\hardware\stm32\2.1.0\libraries\SrcWrapper\src\LL\stm32yyxx_ll_crc.c">
      <Filter>src\_micro-api-readonly\libraries\SrcWrapper</Filter>
    </ClCompile>
    <ClCompile Include="..\..\..\..\Arduino\portable\packages\STMicroelectronics\hardware\stm32\2.1.0\libraries\SrcWrapper\src\LL\stm32yyxx_ll_crs.c">
      <Filter>src\_micro-api-readonly\libraries\SrcWrapper</Filter>
    </ClCompile>
    <ClCompile Include="..\..\..\..\Arduino\portable\packages\STMicroelectronics\hardware\stm32\2.1.0\libraries\SrcWrapper\src\LL\stm32yyxx_ll_dac.c">
      <Filter>src\_micro-api-readonly\libraries\SrcWrapper</Filter>
    </ClCompile>
    <ClCompile Include="..\..\..\..\Arduino\portable\packages\STMicroelectronics\hardware\stm32\2.1.0\libraries\SrcWrapper\src\LL\stm32yyxx_ll_delayblock.c">
      <Filter>src\_micro-api-readonly\libraries\SrcWrapper</Filter>
    </ClCompile>
    <ClCompile Include="..\..\..\..\Arduino\portable\packages\STMicroelectronics\hardware\stm32\2.1.0\libraries\SrcWrapper\src\LL\stm32yyxx_ll_dlyb.c">
      <Filter>src\_micro-api-readonly\libraries\SrcWrapper</Filter>
    </ClCompile>
    <ClCompile Include="..\..\..\..\Arduino\portable\packages\STMicroelectronics\hardware\stm32\2.1.0\libraries\SrcWrapper\src\LL\stm32yyxx_ll_dma.c">
      <Filter>src\_micro-api-readonly\libraries\SrcWrapper</Filter>
    </ClCompile>
    <ClCompile Include="..\..\..\..\Arduino\portable\packages\STMicroelectronics\hardware\stm32\2.1.0\libraries\SrcWrapper\src\LL\stm32yyxx_ll_dma2d.c">
      <Filter>src\_micro-api-readonly\libraries\SrcWrapper</Filter>
    </ClCompile>
    <ClCompile Include="..\..\..\..\Arduino\portable\packages\STMicroelectronics\hardware\stm32\2.1.0\libraries\SrcWrapper\src\LL\stm32yyxx_ll_exti.c">
      <Filter>src\_micro-api-readonly\libraries\SrcWrapper</Filter>
    </ClCompile>
    <ClCompile Include="..\..\..\..\Arduino\portable\packages\STMicroelectronics\hardware\stm32\2.1.0\libraries\SrcWrapper\src\LL\stm32yyxx_ll_fmac.c">
      <Filter>src\_micro-api-readonly\libraries\SrcWrapper</Filter>
    </ClCompile>
    <ClCompile Include="..\..\..\..\Arduino\portable\packages\STMicroelectronics\hardware\stm32\2.1.0\libraries\SrcWrapper\src\LL\stm32yyxx_ll_fmc.c">
      <Filter>src\_micro-api-readonly\libraries\SrcWrapper</Filter>
    </ClCompile>
    <ClCompile Include="..\..\..\..\Arduino\portable\packages\STMicroelectronics\hardware\stm32\2.1.0\libraries\SrcWrapper\src\LL\stm32yyxx_ll_fmpi2c.c">
      <Filter>src\_micro-api-readonly\libraries\SrcWrapper</Filter>
    </ClCompile>
    <ClCompile Include="..\..\..\..\Arduino\portable\packages\STMicroelectronics\hardware\stm32\2.1.0\libraries\SrcWrapper\src\LL\stm32yyxx_ll_fsmc.c">
      <Filter>src\_micro-api-readonly\libraries\SrcWrapper</Filter>
    </ClCompile>
    <ClCompile Include="..\..\..\..\Arduino\portable\packages\STMicroelectronics\hardware\stm32\2.1.0\libraries\SrcWrapper\src\LL\stm32yyxx_ll_gpio.c">
      <Filter>src\_micro-api-readonly\libraries\SrcWrapper</Filter>
    </ClCompile>
    <ClCompile Include="..\..\..\..\Arduino\portable\packages\STMicroelectronics\hardware\stm32\2.1.0\libraries\SrcWrapper\src\LL\stm32yyxx_ll_hrtim.c">
      <Filter>src\_micro-api-readonly\libraries\SrcWrapper</Filter>
    </ClCompile>
    <ClCompile Include="..\..\..\..\Arduino\portable\packages\STMicroelectronics\hardware\stm32\2.1.0\libraries\SrcWrapper\src\LL\stm32yyxx_ll_i2c.c">
      <Filter>src\_micro-api-readonly\libraries\SrcWrapper</Filter>
    </ClCompile>
    <ClCompile Include="..\..\..\..\Arduino\portable\packages\STMicroelectronics\hardware\stm32\2.1.0\libraries\SrcWrapper\src\LL\stm32yyxx_ll_icache.c">
      <Filter>src\_micro-api-readonly\libraries\SrcWrapper</Filter>
    </ClCompile>
    <ClCompile Include="..\..\..\..\Arduino\portable\packages\STMicroelectronics\hardware\stm32\2.1.0\libraries\SrcWrapper\src\LL\stm32yyxx_ll_lpgpio.c">
      <Filter>src\_micro-api-readonly\libraries\SrcWrapper</Filter>
    </ClCompile>
    <ClCompile Include="..\..\..\..\Arduino\portable\packages\STMicroelectronics\hardware\stm32\2.1.0\libraries\SrcWrapper\src\LL\stm32yyxx_ll_lptim.c">
      <Filter>src\_micro-api-readonly\libraries\SrcWrapper</Filter>
    </ClCompile>
    <ClCompile Include="..\..\..\..\Arduino\portable\packages\STMicroelectronics\hardware\stm32\2.1.0\libraries\SrcWrapper\src\LL\stm32yyxx_ll_lpuart.c">
      <Filter>src\_micro-api-readonly\libraries\SrcWrapper</Filter>
    </ClCompile>
    <ClCompile Include="..\..\..\..\Arduino\portable\packages\STMicroelectronics\hardware\stm32\2.1.0\libraries\SrcWrapper\src\LL\stm32yyxx_ll_mdma.c">
      <Filter>src\_micro-api-readonly\libraries\SrcWrapper</Filter>
    </ClCompile>
    <ClCompile Include="..\..\..\..\Arduino\portable\packages\STMicroelectronics\hardware\stm32\2.1.0\libraries\SrcWrapper\src\LL\stm32yyxx_ll_opamp.c">
      <Filter>src\_micro-api-readonly\libraries\SrcWrapper</Filter>
    </ClCompile>
    <ClCompile Include="..\..\..\..\Arduino\portable\packages\STMicroelectronics\hardware\stm32\2.1.0\libraries\SrcWrapper\src\LL\stm32yyxx_ll_pka.c">
      <Filter>src\_micro-api-readonly\libraries\SrcWrapper</Filter>
    </ClCompile>
    <ClCompile Include="..\..\..\..\Arduino\portable\packages\STMicroelectronics\hardware\stm32\2.1.0\libraries\SrcWrapper\src\LL\stm32yyxx_ll_pwr.c">
      <Filter>src\_micro-api-readonly\libraries\SrcWrapper</Filter>
    </ClCompile>
    <ClCompile Include="..\..\..\..\Arduino\portable\packages\STMicroelectronics\hardware\stm32\2.1.0\libraries\SrcWrapper\src\LL\stm32yyxx_ll_rcc.c">
      <Filter>src\_micro-api-readonly\libraries\SrcWrapper</Filter>
    </ClCompile>
    <ClCompile Include="..\..\..\..\Arduino\portable\packages\STMicroelectronics\hardware\stm32\2.1.0\libraries\SrcWrapper\src\LL\stm32yyxx_ll_rng.c">
      <Filter>src\_micro-api-readonly\libraries\SrcWrapper</Filter>
    </ClCompile>
    <ClCompile Include="..\..\..\..\Arduino\portable\packages\STMicroelectronics\hardware\stm32\2.1.0\libraries\SrcWrapper\src\LL\stm32yyxx_ll_rtc.c">
      <Filter>src\_micro-api-readonly\libraries\SrcWrapper</Filter>
    </ClCompile>
    <ClCompile Include="..\..\..\..\Arduino\portable\packages\STMicroelectronics\hardware\stm32\2.1.0\libraries\SrcWrapper\src\LL\stm32yyxx_ll_sdmmc.c">
      <Filter>src\_micro-api-readonly\libraries\SrcWrapper</Filter>
    </ClCompile>
    <ClCompile Include="..\..\..\..\Arduino\portable\packages\STMicroelectronics\hardware\stm32\2.1.0\libraries\SrcWrapper\src\LL\stm32yyxx_ll_spi.c">
      <Filter>src\_micro-api-readonly\libraries\SrcWrapper</Filter>
    </ClCompile>
    <ClCompile Include="..\..\..\..\Arduino\portable\packages\STMicroelectronics\hardware\stm32\2.1.0\libraries\SrcWrapper\src\LL\stm32yyxx_ll_swpmi.c">
      <Filter>src\_micro-api-readonly\libraries\SrcWrapper</Filter>
    </ClCompile>
    <ClCompile Include="..\..\..\..\Arduino\portable\packages\STMicroelectronics\hardware\stm32\2.1.0\libraries\SrcWrapper\src\LL\stm32yyxx_ll_tim.c">
      <Filter>src\_micro-api-readonly\libraries\SrcWrapper</Filter>
    </ClCompile>
    <ClCompile Include="..\..\..\..\Arduino\portable\packages\STMicroelectronics\hardware\stm32\2.1.0\libraries\SrcWrapper\src\LL\stm32yyxx_ll_ucpd.c">
      <Filter>src\_micro-api-readonly\libraries\SrcWrapper</Filter>
    </ClCompile>
    <ClCompile Include="..\..\..\..\Arduino\portable\packages\STMicroelectronics\hardware\stm32\2.1.0\libraries\SrcWrapper\src\LL\stm32yyxx_ll_usart.c">
      <Filter>src\_micro-api-readonly\libraries\SrcWrapper</Filter>
    </ClCompile>
    <ClCompile Include="..\..\..\..\Arduino\portable\packages\STMicroelectronics\hardware\stm32\2.1.0\libraries\SrcWrapper\src\LL\stm32yyxx_ll_usb.c">
      <Filter>src\_micro-api-readonly\libraries\SrcWrapper</Filter>
    </ClCompile>
    <ClCompile Include="..\..\..\..\Arduino\portable\packages\STMicroelectronics\hardware\stm32\2.1.0\libraries\SrcWrapper\src\LL\stm32yyxx_ll_utils.c">
      <Filter>src\_micro-api-readonly\libraries\SrcWrapper</Filter>
    </ClCompile>
    <ClCompile Include="..\..\..\..\Arduino\portable\packages\STMicroelectronics\hardware\stm32\2.1.0\libraries\SrcWrapper\src\stm32\analog.cpp">
      <Filter>src\_micro-api-readonly\libraries\SrcWrapper</Filter>
    </ClCompile>
    <ClCompile Include="..\..\..\..\Arduino\portable\packages\STMicroelectronics\hardware\stm32\2.1.0\libraries\SrcWrapper\src\stm32\bootloader.c">
      <Filter>src\_micro-api-readonly\libraries\SrcWrapper</Filter>
    </ClCompile>
    <ClCompile Include="..\..\..\..\Arduino\portable\packages\STMicroelectronics\hardware\stm32\2.1.0\libraries\SrcWrapper\src\stm32\clock.c">
      <Filter>src\_micro-api-readonly\libraries\SrcWrapper</Filter>
    </ClCompile>
    <ClCompile Include="..\..\..\..\Arduino\portable\packages\STMicroelectronics\hardware\stm32\2.1.0\libraries\SrcWrapper\src\stm32\core_callback.c">
      <Filter>src\_micro-api-readonly\libraries\SrcWrapper</Filter>
    </ClCompile>
    <ClCompile Include="..\..\..\..\Arduino\portable\packages\STMicroelectronics\hardware\stm32\2.1.0\libraries\SrcWrapper\src\stm32\dwt.c">
      <Filter>src\_micro-api-readonly\libraries\SrcWrapper</Filter>
    </ClCompile>
    <ClCompile Include="..\..\..\..\Arduino\portable\packages\STMicroelectronics\hardware\stm32\2.1.0\libraries\SrcWrapper\src\stm32\hw_config.c">
      <Filter>src\_micro-api-readonly\libraries\SrcWrapper</Filter>
    </ClCompile>
    <ClCompile Include="..\..\..\..\Arduino\portable\packages\STMicroelectronics\hardware\stm32\2.1.0\libraries\SrcWrapper\src\stm32\interrupt.cpp">
      <Filter>src\_micro-api-readonly\libraries\SrcWrapper</Filter>
    </ClCompile>
    <ClCompile Include="..\..\..\..\Arduino\portable\packages\STMicroelectronics\hardware\stm32\2.1.0\libraries\SrcWrapper\src\stm32\otp.c">
      <Filter>src\_micro-api-readonly\libraries\SrcWrapper</Filter>
    </ClCompile>
    <ClCompile Include="..\..\..\..\Arduino\portable\packages\STMicroelectronics\hardware\stm32\2.1.0\libraries\SrcWrapper\src\stm32\pinmap.c">
      <Filter>src\_micro-api-readonly\libraries\SrcWrapper</Filter>
    </ClCompile>
    <ClCompile Include="..\..\..\..\Arduino\portable\packages\STMicroelectronics\hardware\stm32\2.1.0\libraries\SrcWrapper\src\stm32\PortNames.c">
      <Filter>src\_micro-api-readonly\libraries\SrcWrapper</Filter>
    </ClCompile>
    <ClCompile Include="..\..\..\..\Arduino\portable\packages\STMicroelectronics\hardware\stm32\2.1.0\libraries\SrcWrapper\src\stm32\stm32_def.c">
      <Filter>src\_micro-api-readonly\libraries\SrcWrapper</Filter>
    </ClCompile>
    <ClCompile Include="..\..\..\..\Arduino\portable\packages\STMicroelectronics\hardware\stm32\2.1.0\libraries\SrcWrapper\src\stm32\system_stm32yyxx.c">
      <Filter>src\_micro-api-readonly\libraries\SrcWrapper</Filter>
    </ClCompile>
    <ClCompile Include="..\..\..\..\Arduino\portable\packages\STMicroelectronics\hardware\stm32\2.1.0\libraries\SrcWrapper\src\stm32\timer.c">
      <Filter>src\_micro-api-readonly\libraries\SrcWrapper</Filter>
    </ClCompile>
    <ClCompile Include="..\..\..\..\Arduino\portable\packages\STMicroelectronics\hardware\stm32\2.1.0\libraries\SrcWrapper\src\stm32\uart.c">
      <Filter>src\_micro-api-readonly\libraries\SrcWrapper</Filter>
    </ClCompile>
    <ClCompile Include="..\..\..\..\Arduino\portable\sketchbook\libraries\ArduinoTimer\ArduinoTimer.cpp">
      <Filter>src\_micro-api-readonly\libraries\ArduinoTimer</Filter>
    </ClCompile>
  </ItemGroup>
  <ItemGroup>
    <Text Include="..\..\..\..\Arduino\portable\packages\STMicroelectronics\hardware\stm32\2.1.0\libraries\SrcWrapper\keywords.txt">
      <Filter>src\_micro-api-readonly\libraries\SrcWrapper</Filter>
    </Text>
  </ItemGroup>
</Project>