<?xml version="1.0" encoding="utf-8"?>
<Project ToolsVersion="4.0" xmlns="http://schemas.microsoft.com/developer/msbuild/2003">
  <ItemGroup>
    <Filter Include="Source Files">
      <UniqueIdentifier>{4FC737F1-C7A5-4376-A066-2A32D752A2FF}</UniqueIdentifier>
      <Extensions>cpp;c;cc;cxx;def;odl;idl;hpj;bat;asm;asmx</Extensions>
    </Filter>
    <Filter Include="Header Files">
      <UniqueIdentifier>{93995380-89BD-4b04-88EB-625FBE52EBFB}</UniqueIdentifier>
      <Extensions>h;hh;hpp;hxx;hm;inl;inc;xsd</Extensions>
    </Filter>
    <Filter Include="Resource Files">
      <UniqueIdentifier>{67DA6AB6-F800-4c08-8B7A-83BB121AAD01}</UniqueIdentifier>
      <Extensions>rc;ico;cur;bmp;dlg;rc2;rct;bin;rgs;gif;jpg;jpeg;jpe;resx;tiff;tif;png;wav;mfcribbon-ms</Extensions>
    </Filter>
    <Filter Include="src">
      <UniqueIdentifier>{b2547a7a-5744-42d3-991a-1e2de5e5f019}</UniqueIdentifier>
    </Filter>
    <Filter Include="src\_micro-api-readonly">
      <UniqueIdentifier>{736e2a33-f60f-4241-aff2-10f4479e7567}</UniqueIdentifier>
    </Filter>
    <Filter Include="src\_micro-api-readonly\core">
      <UniqueIdentifier>{985403f4-07a3-497d-9550-a76937328e58}</UniqueIdentifier>
    </Filter>
    <Filter Include="src\_micro-api-readonly\core\avr">
      <UniqueIdentifier>{a3980cef-69e9-416d-aa03-b8c80628714e}</UniqueIdentifier>
    </Filter>
    <Filter Include="src\_micro-api-readonly\core\stm32">
      <UniqueIdentifier>{cdf6b6b8-35ff-44f4-b986-d48001a7a70b}</UniqueIdentifier>
    </Filter>
    <Filter Include="src\_micro-api-readonly\core\stm32\LL">
      <UniqueIdentifier>{390c4945-3a67-4b40-990c-cce3509e9746}</UniqueIdentifier>
    </Filter>
    <Filter Include="src\_micro-api-readonly\core\stm32\OpenAMP">
      <UniqueIdentifier>{853c4fb3-74ca-4f8e-a90a-4cf4860e6c3a}</UniqueIdentifier>
    </Filter>
    <Filter Include="src\_micro-api-readonly\core\stm32\OpenAMP\libmetal">
      <UniqueIdentifier>{81d13ce1-b911-4948-9326-653804f0bec6}</UniqueIdentifier>
    </Filter>
    <Filter Include="src\_micro-api-readonly\core\stm32\OpenAMP\libmetal\generic">
      <UniqueIdentifier>{b35fce34-f14e-4572-8371-ec532a88f98c}</UniqueIdentifier>
    </Filter>
    <Filter Include="src\_micro-api-readonly\core\stm32\OpenAMP\libmetal\generic\cortexm">
      <UniqueIdentifier>{4854c047-1350-4030-a962-e74c59995a83}</UniqueIdentifier>
    </Filter>
    <Filter Include="src\_micro-api-readonly\core\stm32\OpenAMP\open-amp">
      <UniqueIdentifier>{dbb9d113-c2b3-4c4e-b951-56b28e87cbb3}</UniqueIdentifier>
    </Filter>
    <Filter Include="src\_micro-api-readonly\core\stm32\OpenAMP\open-amp\remoteproc">
      <UniqueIdentifier>{c366f121-1d51-4862-a64c-04b59958cea6}</UniqueIdentifier>
    </Filter>
    <Filter Include="src\_micro-api-readonly\core\stm32\OpenAMP\open-amp\rpmsg">
      <UniqueIdentifier>{4e330aef-9d19-4642-94bc-0b64d33a1978}</UniqueIdentifier>
    </Filter>
    <Filter Include="src\_micro-api-readonly\core\stm32\OpenAMP\virtio">
      <UniqueIdentifier>{ee5bfb36-dad0-4d48-98a2-574898a6ccf9}</UniqueIdentifier>
    </Filter>
    <Filter Include="src\_micro-api-readonly\core\stm32\usb">
      <UniqueIdentifier>{70d19e6a-0dd3-45c0-84ef-1b0c59ba5c3e}</UniqueIdentifier>
    </Filter>
    <Filter Include="src\_micro-api-readonly\core\stm32\usb\cdc">
      <UniqueIdentifier>{ab1b1954-c07c-44ec-a5df-5666a03510e3}</UniqueIdentifier>
    </Filter>
    <Filter Include="src\_micro-api-readonly\core\stm32\usb\hid">
      <UniqueIdentifier>{f59c51ed-bf32-4739-aa0e-0c3d1aba3fcd}</UniqueIdentifier>
    </Filter>
    <Filter Include="src\_micro-api-readonly\libraries">
      <UniqueIdentifier>{12a1b708-628c-4ba9-94e8-5dc61f992075}</UniqueIdentifier>
    </Filter>
  </ItemGroup>
  <ItemGroup>
    <None Include="ADCDMATesdt.ino" />
  </ItemGroup>
  <ItemGroup>
    <ClInclude Include="__vm\.ADCDMATesdt.vsarduino.h">
      <Filter>Header Files</Filter>
    </ClInclude>
    <ClInclude Include="..\..\..\..\Arduino\portable\packages\STMicroelectronics\hardware\stm32\2.1.0\cores\arduino\Arduino.h">
      <Filter>src\_micro-api-readonly\core</Filter>
    </ClInclude>
    <ClInclude Include="..\..\..\..\Arduino\portable\packages\STMicroelectronics\hardware\stm32\2.1.0\cores\arduino\binary.h">
      <Filter>src\_micro-api-readonly\core</Filter>
    </ClInclude>
    <ClInclude Include="..\..\..\..\Arduino\portable\packages\STMicroelectronics\hardware\stm32\2.1.0\cores\arduino\board.h">
      <Filter>src\_micro-api-readonly\core</Filter>
    </ClInclude>
    <ClInclude Include="..\..\..\..\Arduino\portable\packages\STMicroelectronics\hardware\stm32\2.1.0\cores\arduino\Client.h">
      <Filter>src\_micro-api-readonly\core</Filter>
    </ClInclude>
    <ClInclude Include="..\..\..\..\Arduino\portable\packages\STMicroelectronics\hardware\stm32\2.1.0\cores\arduino\core_debug.h">
      <Filter>src\_micro-api-readonly\core</Filter>
    </ClInclude>
    <ClInclude Include="..\..\..\..\Arduino\portable\packages\STMicroelectronics\hardware\stm32\2.1.0\cores\arduino\HardwareSerial.h">
      <Filter>src\_micro-api-readonly\core</Filter>
    </ClInclude>
    <ClInclude Include="..\..\..\..\Arduino\portable\packages\STMicroelectronics\hardware\stm32\2.1.0\cores\arduino\HardwareTimer.h">
      <Filter>src\_micro-api-readonly\core</Filter>
    </ClInclude>
    <ClInclude Include="..\..\..\..\Arduino\portable\packages\STMicroelectronics\hardware\stm32\2.1.0\cores\arduino\IPAddress.h">
      <Filter>src\_micro-api-readonly\core</Filter>
    </ClInclude>
    <ClInclude Include="..\..\..\..\Arduino\portable\packages\STMicroelectronics\hardware\stm32\2.1.0\cores\arduino\itoa.h">
      <Filter>src\_micro-api-readonly\core</Filter>
    </ClInclude>
    <ClInclude Include="..\..\..\..\Arduino\portable\packages\STMicroelectronics\hardware\stm32\2.1.0\cores\arduino\pins_arduino.h">
      <Filter>src\_micro-api-readonly\core</Filter>
    </ClInclude>
    <ClInclude Include="..\..\..\..\Arduino\portable\packages\STMicroelectronics\hardware\stm32\2.1.0\cores\arduino\pins_arduino_analog.h">
      <Filter>src\_micro-api-readonly\core</Filter>
    </ClInclude>
    <ClInclude Include="..\..\..\..\Arduino\portable\packages\STMicroelectronics\hardware\stm32\2.1.0\cores\arduino\pins_arduino_digital.h">
      <Filter>src\_micro-api-readonly\core</Filter>
    </ClInclude>
    <ClInclude Include="..\..\..\..\Arduino\portable\packages\STMicroelectronics\hardware\stm32\2.1.0\cores\arduino\Print.h">
      <Filter>src\_micro-api-readonly\core</Filter>
    </ClInclude>
    <ClInclude Include="..\..\..\..\Arduino\portable\packages\STMicroelectronics\hardware\stm32\2.1.0\cores\arduino\Printable.h">
      <Filter>src\_micro-api-readonly\core</Filter>
    </ClInclude>
    <ClInclude Include="..\..\..\..\Arduino\portable\packages\STMicroelectronics\hardware\stm32\2.1.0\cores\arduino\RingBuffer.h">
      <Filter>src\_micro-api-readonly\core</Filter>
    </ClInclude>
    <ClInclude Include="..\..\..\..\Arduino\portable\packages\STMicroelectronics\hardware\stm32\2.1.0\cores\arduino\Server.h">
      <Filter>src\_micro-api-readonly\core</Filter>
    </ClInclude>
    <ClInclude Include="..\..\..\..\Arduino\portable\packages\STMicroelectronics\hardware\stm32\2.1.0\cores\arduino\Stream.h">
      <Filter>src\_micro-api-readonly\core</Filter>
    </ClInclude>
    <ClInclude Include="..\..\..\..\Arduino\portable\packages\STMicroelectronics\hardware\stm32\2.1.0\cores\arduino\Tone.h">
      <Filter>src\_micro-api-readonly\core</Filter>
    </ClInclude>
    <ClInclude Include="..\..\..\..\Arduino\portable\packages\STMicroelectronics\hardware\stm32\2.1.0\cores\arduino\Udp.h">
      <Filter>src\_micro-api-readonly\core</Filter>
    </ClInclude>
    <ClInclude Include="..\..\..\..\Arduino\portable\packages\STMicroelectronics\hardware\stm32\2.1.0\cores\arduino\USBSerial.h">
      <Filter>src\_micro-api-readonly\core</Filter>
    </ClInclude>
    <ClInclude Include="..\..\..\..\Arduino\portable\packages\STMicroelectronics\hardware\stm32\2.1.0\cores\arduino\utils.h">
      <Filter>src\_micro-api-readonly\core</Filter>
    </ClInclude>
    <ClInclude Include="..\..\..\..\Arduino\portable\packages\STMicroelectronics\hardware\stm32\2.1.0\cores\arduino\variant.h">
      <Filter>src\_micro-api-readonly\core</Filter>
    </ClInclude>
    <ClInclude Include="..\..\..\..\Arduino\portable\packages\STMicroelectronics\hardware\stm32\2.1.0\cores\arduino\VirtIOSerial.h">
      <Filter>src\_micro-api-readonly\core</Filter>
    </ClInclude>
    <ClInclude Include="..\..\..\..\Arduino\portable\packages\STMicroelectronics\hardware\stm32\2.1.0\cores\arduino\WCharacter.h">
      <Filter>src\_micro-api-readonly\core</Filter>
    </ClInclude>
    <ClInclude Include="..\..\..\..\Arduino\portable\packages\STMicroelectronics\hardware\stm32\2.1.0\cores\arduino\WInterrupts.h">
      <Filter>src\_micro-api-readonly\core</Filter>
    </ClInclude>
    <ClInclude Include="..\..\..\..\Arduino\portable\packages\STMicroelectronics\hardware\stm32\2.1.0\cores\arduino\wiring.h">
      <Filter>src\_micro-api-readonly\core</Filter>
    </ClInclude>
    <ClInclude Include="..\..\..\..\Arduino\portable\packages\STMicroelectronics\hardware\stm32\2.1.0\cores\arduino\wiring_analog.h">
      <Filter>src\_micro-api-readonly\core</Filter>
    </ClInclude>
    <ClInclude Include="..\..\..\..\Arduino\portable\packages\STMicroelectronics\hardware\stm32\2.1.0\cores\arduino\wiring_constants.h">
      <Filter>src\_micro-api-readonly\core</Filter>
    </ClInclude>
    <ClInclude Include="..\..\..\..\Arduino\portable\packages\STMicroelectronics\hardware\stm32\2.1.0\cores\arduino\wiring_digital.h">
      <Filter>src\_micro-api-readonly\core</Filter>
    </ClInclude>
    <ClInclude Include="..\..\..\..\Arduino\portable\packages\STMicroelectronics\hardware\stm32\2.1.0\cores\arduino\wiring_private.h">
      <Filter>src\_micro-api-readonly\core</Filter>
    </ClInclude>
    <ClInclude Include="..\..\..\..\Arduino\portable\packages\STMicroelectronics\hardware\stm32\2.1.0\cores\arduino\wiring_pulse.h">
      <Filter>src\_micro-api-readonly\core</Filter>
    </ClInclude>
    <ClInclude Include="..\..\..\..\Arduino\portable\packages\STMicroelectronics\hardware\stm32\2.1.0\cores\arduino\wiring_shift.h">
      <Filter>src\_micro-api-readonly\core</Filter>
    </ClInclude>
    <ClInclude Include="..\..\..\..\Arduino\portable\packages\STMicroelectronics\hardware\stm32\2.1.0\cores\arduino\wiring_time.h">
      <Filter>src\_micro-api-readonly\core</Filter>
    </ClInclude>
    <ClInclude Include="..\..\..\..\Arduino\portable\packages\STMicroelectronics\hardware\stm32\2.1.0\cores\arduino\WMath.h">
      <Filter>src\_micro-api-readonly\core</Filter>
    </ClInclude>
    <ClInclude Include="..\..\..\..\Arduino\portable\packages\STMicroelectronics\hardware\stm32\2.1.0\cores\arduino\WSerial.h">
      <Filter>src\_micro-api-readonly\core</Filter>
    </ClInclude>
    <ClInclude Include="..\..\..\..\Arduino\portable\packages\STMicroelectronics\hardware\stm32\2.1.0\cores\arduino\WString.h">
      <Filter>src\_micro-api-readonly\core</Filter>
    </ClInclude>
    <ClInclude Include="..\..\..\..\Arduino\portable\packages\STMicroelectronics\hardware\stm32\2.1.0\cores\arduino\avr\dtostrf.h">
      <Filter>src\_micro-api-readonly\core\avr</Filter>
    </ClInclude>
    <ClInclude Include="..\..\..\..\Arduino\portable\packages\STMicroelectronics\hardware\stm32\2.1.0\cores\arduino\avr\pgmspace.h">
      <Filter>src\_micro-api-readonly\core\avr</Filter>
    </ClInclude>
    <ClInclude Include="..\..\..\..\Arduino\portable\packages\STMicroelectronics\hardware\stm32\2.1.0\cores\arduino\stm32\analog.h">
      <Filter>src\_micro-api-readonly\core\stm32</Filter>
    </ClInclude>
    <ClInclude Include="..\..\..\..\Arduino\portable\packages\STMicroelectronics\hardware\stm32\2.1.0\cores\arduino\stm32\backup.h">
      <Filter>src\_micro-api-readonly\core\stm32</Filter>
    </ClInclude>
    <ClInclude Include="..\..\..\..\Arduino\portable\packages\STMicroelectronics\hardware\stm32\2.1.0\cores\arduino\stm32\bootloader.h">
      <Filter>src\_micro-api-readonly\core\stm32</Filter>
    </ClInclude>
    <ClInclude Include="..\..\..\..\Arduino\portable\packages\STMicroelectronics\hardware\stm32\2.1.0\cores\arduino\stm32\clock.h">
      <Filter>src\_micro-api-readonly\core\stm32</Filter>
    </ClInclude>
    <ClInclude Include="..\..\..\..\Arduino\portable\packages\STMicroelectronics\hardware\stm32\2.1.0\cores\arduino\stm32\core_callback.h">
      <Filter>src\_micro-api-readonly\core\stm32</Filter>
    </ClInclude>
    <ClInclude Include="..\..\..\..\Arduino\portable\packages\STMicroelectronics\hardware\stm32\2.1.0\cores\arduino\stm32\digital_io.h">
      <Filter>src\_micro-api-readonly\core\stm32</Filter>
    </ClInclude>
    <ClInclude Include="..\..\..\..\Arduino\portable\packages\STMicroelectronics\hardware\stm32\2.1.0\cores\arduino\stm32\dwt.h">
      <Filter>src\_micro-api-readonly\core\stm32</Filter>
    </ClInclude>
    <ClInclude Include="..\..\..\..\Arduino\portable\packages\STMicroelectronics\hardware\stm32\2.1.0\cores\arduino\stm32\hw_config.h">
      <Filter>src\_micro-api-readonly\core\stm32</Filter>
    </ClInclude>
    <ClInclude Include="..\..\..\..\Arduino\portable\packages\STMicroelectronics\hardware\stm32\2.1.0\cores\arduino\stm32\interrupt.h">
      <Filter>src\_micro-api-readonly\core\stm32</Filter>
    </ClInclude>
    <ClInclude Include="..\..\..\..\Arduino\portable\packages\STMicroelectronics\hardware\stm32\2.1.0\cores\arduino\stm32\lock_resource.h">
      <Filter>src\_micro-api-readonly\core\stm32</Filter>
    </ClInclude>
    <ClInclude Include="..\..\..\..\Arduino\portable\packages\STMicroelectronics\hardware\stm32\2.1.0\cores\arduino\stm32\otp.h">
      <Filter>src\_micro-api-readonly\core\stm32</Filter>
    </ClInclude>
    <ClInclude Include="..\..\..\..\Arduino\portable\packages\STMicroelectronics\hardware\stm32\2.1.0\cores\arduino\stm32\PeripheralPins.h">
      <Filter>src\_micro-api-readonly\core\stm32</Filter>
    </ClInclude>
    <ClInclude Include="..\..\..\..\Arduino\portable\packages\STMicroelectronics\hardware\stm32\2.1.0\cores\arduino\stm32\PinAF_STM32F1.h">
      <Filter>src\_micro-api-readonly\core\stm32</Filter>
    </ClInclude>
    <ClInclude Include="..\..\..\..\Arduino\portable\packages\STMicroelectronics\hardware\stm32\2.1.0\cores\arduino\stm32\pinconfig.h">
      <Filter>src\_micro-api-readonly\core\stm32</Filter>
    </ClInclude>
    <ClInclude Include="..\..\..\..\Arduino\portable\packages\STMicroelectronics\hardware\stm32\2.1.0\cores\arduino\stm32\PinConfigured.h">
      <Filter>src\_micro-api-readonly\core\stm32</Filter>
    </ClInclude>
    <ClInclude Include="..\..\..\..\Arduino\portable\packages\STMicroelectronics\hardware\stm32\2.1.0\cores\arduino\stm32\pinmap.h">
      <Filter>src\_micro-api-readonly\core\stm32</Filter>
    </ClInclude>
    <ClInclude Include="..\..\..\..\Arduino\portable\packages\STMicroelectronics\hardware\stm32\2.1.0\cores\arduino\stm32\PinNames.h">
      <Filter>src\_micro-api-readonly\core\stm32</Filter>
    </ClInclude>
    <ClInclude Include="..\..\..\..\Arduino\portable\packages\STMicroelectronics\hardware\stm32\2.1.0\cores\arduino\stm32\PinNamesTypes.h">
      <Filter>src\_micro-api-readonly\core\stm32</Filter>
    </ClInclude>
    <ClInclude Include="..\..\..\..\Arduino\portable\packages\STMicroelectronics\hardware\stm32\2.1.0\cores\arduino\stm32\PortNames.h">
      <Filter>src\_micro-api-readonly\core\stm32</Filter>
    </ClInclude>
    <ClInclude Include="..\..\..\..\Arduino\portable\packages\STMicroelectronics\hardware\stm32\2.1.0\cores\arduino\stm32\stm32yyxx_hal_conf.h">
      <Filter>src\_micro-api-readonly\core\stm32</Filter>
    </ClInclude>
    <ClInclude Include="..\..\..\..\Arduino\portable\packages\STMicroelectronics\hardware\stm32\2.1.0\cores\arduino\stm32\stm32_def.h">
      <Filter>src\_micro-api-readonly\core\stm32</Filter>
    </ClInclude>
    <ClInclude Include="..\..\..\..\Arduino\portable\packages\STMicroelectronics\hardware\stm32\2.1.0\cores\arduino\stm32\stm32_def_build.h">
      <Filter>src\_micro-api-readonly\core\stm32</Filter>
    </ClInclude>
    <ClInclude Include="..\..\..\..\Arduino\portable\packages\STMicroelectronics\hardware\stm32\2.1.0\cores\arduino\stm32\timer.h">
      <Filter>src\_micro-api-readonly\core\stm32</Filter>
    </ClInclude>
    <ClInclude Include="..\..\..\..\Arduino\portable\packages\STMicroelectronics\hardware\stm32\2.1.0\cores\arduino\stm32\uart.h">
      <Filter>src\_micro-api-readonly\core\stm32</Filter>
    </ClInclude>
    <ClInclude Include="..\..\..\..\Arduino\portable\packages\STMicroelectronics\hardware\stm32\2.1.0\cores\arduino\stm32\LL\stm32yyxx_ll.h">
      <Filter>src\_micro-api-readonly\core\stm32\LL</Filter>
    </ClInclude>
    <ClInclude Include="..\..\..\..\Arduino\portable\packages\STMicroelectronics\hardware\stm32\2.1.0\cores\arduino\stm32\LL\stm32yyxx_ll_adc.h">
      <Filter>src\_micro-api-readonly\core\stm32\LL</Filter>
    </ClInclude>
    <ClInclude Include="..\..\..\..\Arduino\portable\packages\STMicroelectronics\hardware\stm32\2.1.0\cores\arduino\stm32\LL\stm32yyxx_ll_bdma.h">
      <Filter>src\_micro-api-readonly\core\stm32\LL</Filter>
    </ClInclude>
    <ClInclude Include="..\..\..\..\Arduino\portable\packages\STMicroelectronics\hardware\stm32\2.1.0\cores\arduino\stm32\LL\stm32yyxx_ll_bus.h">
      <Filter>src\_micro-api-readonly\core\stm32\LL</Filter>
    </ClInclude>
    <ClInclude Include="..\..\..\..\Arduino\portable\packages\STMicroelectronics\hardware\stm32\2.1.0\cores\arduino\stm32\LL\stm32yyxx_ll_comp.h">
      <Filter>src\_micro-api-readonly\core\stm32\LL</Filter>
    </ClInclude>
    <ClInclude Include="..\..\..\..\Arduino\portable\packages\STMicroelectronics\hardware\stm32\2.1.0\cores\arduino\stm32\LL\stm32yyxx_ll_cordic.h">
      <Filter>src\_micro-api-readonly\core\stm32\LL</Filter>
    </ClInclude>
    <ClInclude Include="..\..\..\..\Arduino\portable\packages\STMicroelectronics\hardware\stm32\2.1.0\cores\arduino\stm32\LL\stm32yyxx_ll_cortex.h">
      <Filter>src\_micro-api-readonly\core\stm32\LL</Filter>
    </ClInclude>
    <ClInclude Include="..\..\..\..\Arduino\portable\packages\STMicroelectronics\hardware\stm32\2.1.0\cores\arduino\stm32\LL\stm32yyxx_ll_crc.h">
      <Filter>src\_micro-api-readonly\core\stm32\LL</Filter>
    </ClInclude>
    <ClInclude Include="..\..\..\..\Arduino\portable\packages\STMicroelectronics\hardware\stm32\2.1.0\cores\arduino\stm32\LL\stm32yyxx_ll_crs.h">
      <Filter>src\_micro-api-readonly\core\stm32\LL</Filter>
    </ClInclude>
    <ClInclude Include="..\..\..\..\Arduino\portable\packages\STMicroelectronics\hardware\stm32\2.1.0\cores\arduino\stm32\LL\stm32yyxx_ll_dac.h">
      <Filter>src\_micro-api-readonly\core\stm32\LL</Filter>
    </ClInclude>
    <ClInclude Include="..\..\..\..\Arduino\portable\packages\STMicroelectronics\hardware\stm32\2.1.0\cores\arduino\stm32\LL\stm32yyxx_ll_dcache.h">
      <Filter>src\_micro-api-readonly\core\stm32\LL</Filter>
    </ClInclude>
    <ClInclude Include="..\..\..\..\Arduino\portable\packages\STMicroelectronics\hardware\stm32\2.1.0\cores\arduino\stm32\LL\stm32yyxx_ll_delayblock.h">
      <Filter>src\_micro-api-readonly\core\stm32\LL</Filter>
    </ClInclude>
    <ClInclude Include="..\..\..\..\Arduino\portable\packages\STMicroelectronics\hardware\stm32\2.1.0\cores\arduino\stm32\LL\stm32yyxx_ll_dlyb.h">
      <Filter>src\_micro-api-readonly\core\stm32\LL</Filter>
    </ClInclude>
    <ClInclude Include="..\..\..\..\Arduino\portable\packages\STMicroelectronics\hardware\stm32\2.1.0\cores\arduino\stm32\LL\stm32yyxx_ll_dma.h">
      <Filter>src\_micro-api-readonly\core\stm32\LL</Filter>
    </ClInclude>
    <ClInclude Include="..\..\..\..\Arduino\portable\packages\STMicroelectronics\hardware\stm32\2.1.0\cores\arduino\stm32\LL\stm32yyxx_ll_dma2d.h">
      <Filter>src\_micro-api-readonly\core\stm32\LL</Filter>
    </ClInclude>
    <ClInclude Include="..\..\..\..\Arduino\portable\packages\STMicroelectronics\hardware\stm32\2.1.0\cores\arduino\stm32\LL\stm32yyxx_ll_dmamux.h">
      <Filter>src\_micro-api-readonly\core\stm32\LL</Filter>
    </ClInclude>
    <ClInclude Include="..\..\..\..\Arduino\portable\packages\STMicroelectronics\hardware\stm32\2.1.0\cores\arduino\stm32\LL\stm32yyxx_ll_exti.h">
      <Filter>src\_micro-api-readonly\core\stm32\LL</Filter>
    </ClInclude>
    <ClInclude Include="..\..\..\..\Arduino\portable\packages\STMicroelectronics\hardware\stm32\2.1.0\cores\arduino\stm32\LL\stm32yyxx_ll_fmac.h">
      <Filter>src\_micro-api-readonly\core\stm32\LL</Filter>
    </ClInclude>
    <ClInclude Include="..\..\..\..\Arduino\portable\packages\STMicroelectronics\hardware\stm32\2.1.0\cores\arduino\stm32\LL\stm32yyxx_ll_fmc.h">
      <Filter>src\_micro-api-readonly\core\stm32\LL</Filter>
    </ClInclude>
    <ClInclude Include="..\..\..\..\Arduino\portable\packages\STMicroelectronics\hardware\stm32\2.1.0\cores\arduino\stm32\LL\stm32yyxx_ll_fmpi2c.h">
      <Filter>src\_micro-api-readonly\core\stm32\LL</Filter>
    </ClInclude>
    <ClInclude Include="..\..\..\..\Arduino\portable\packages\STMicroelectronics\hardware\stm32\2.1.0\cores\arduino\stm32\LL\stm32yyxx_ll_fsmc.h">
      <Filter>src\_micro-api-readonly\core\stm32\LL</Filter>
    </ClInclude>
    <ClInclude Include="..\..\..\..\Arduino\portable\packages\STMicroelectronics\hardware\stm32\2.1.0\cores\arduino\stm32\LL\stm32yyxx_ll_gpio.h">
      <Filter>src\_micro-api-readonly\core\stm32\LL</Filter>
    </ClInclude>
    <ClInclude Include="..\..\..\..\Arduino\portable\packages\STMicroelectronics\hardware\stm32\2.1.0\cores\arduino\stm32\LL\stm32yyxx_ll_hrtim.h">
      <Filter>src\_micro-api-readonly\core\stm32\LL</Filter>
    </ClInclude>
    <ClInclude Include="..\..\..\..\Arduino\portable\packages\STMicroelectronics\hardware\stm32\2.1.0\cores\arduino\stm32\LL\stm32yyxx_ll_hsem.h">
      <Filter>src\_micro-api-readonly\core\stm32\LL</Filter>
    </ClInclude>
    <ClInclude Include="..\..\..\..\Arduino\portable\packages\STMicroelectronics\hardware\stm32\2.1.0\cores\arduino\stm32\LL\stm32yyxx_ll_i2c.h">
      <Filter>src\_micro-api-readonly\core\stm32\LL</Filter>
    </ClInclude>
    <ClInclude Include="..\..\..\..\Arduino\portable\packages\STMicroelectronics\hardware\stm32\2.1.0\cores\arduino\stm32\LL\stm32yyxx_ll_icache.h">
      <Filter>src\_micro-api-readonly\core\stm32\LL</Filter>
    </ClInclude>
    <ClInclude Include="..\..\..\..\Arduino\portable\packages\STMicroelectronics\hardware\stm32\2.1.0\cores\arduino\stm32\LL\stm32yyxx_ll_ipcc.h">
      <Filter>src\_micro-api-readonly\core\stm32\LL</Filter>
    </ClInclude>
    <ClInclude Include="..\..\..\..\Arduino\portable\packages\STMicroelectronics\hardware\stm32\2.1.0\cores\arduino\stm32\LL\stm32yyxx_ll_iwdg.h">
      <Filter>src\_micro-api-readonly\core\stm32\LL</Filter>
    </ClInclude>
    <ClInclude Include="..\..\..\..\Arduino\portable\packages\STMicroelectronics\hardware\stm32\2.1.0\cores\arduino\stm32\LL\stm32yyxx_ll_lpgpio.h">
      <Filter>src\_micro-api-readonly\core\stm32\LL</Filter>
    </ClInclude>
    <ClInclude Include="..\..\..\..\Arduino\portable\packages\STMicroelectronics\hardware\stm32\2.1.0\cores\arduino\stm32\LL\stm32yyxx_ll_lptim.h">
      <Filter>src\_micro-api-readonly\core\stm32\LL</Filter>
    </ClInclude>
    <ClInclude Include="..\..\..\..\Arduino\portable\packages\STMicroelectronics\hardware\stm32\2.1.0\cores\arduino\stm32\LL\stm32yyxx_ll_lpuart.h">
      <Filter>src\_micro-api-readonly\core\stm32\LL</Filter>
    </ClInclude>
    <ClInclude Include="..\..\..\..\Arduino\portable\packages\STMicroelectronics\hardware\stm32\2.1.0\cores\arduino\stm32\LL\stm32yyxx_ll_mdma.h">
      <Filter>src\_micro-api-readonly\core\stm32\LL</Filter>
    </ClInclude>
    <ClInclude Include="..\..\..\..\Arduino\portable\packages\STMicroelectronics\hardware\stm32\2.1.0\cores\arduino\stm32\LL\stm32yyxx_ll_opamp.h">
      <Filter>src\_micro-api-readonly\core\stm32\LL</Filter>
    </ClInclude>
    <ClInclude Include="..\..\..\..\Arduino\portable\packages\STMicroelectronics\hardware\stm32\2.1.0\cores\arduino\stm32\LL\stm32yyxx_ll_pka.h">
      <Filter>src\_micro-api-readonly\core\stm32\LL</Filter>
    </ClInclude>
    <ClInclude Include="..\..\..\..\Arduino\portable\packages\STMicroelectronics\hardware\stm32\2.1.0\cores\arduino\stm32\LL\stm32yyxx_ll_pwr.h">
      <Filter>src\_micro-api-readonly\core\stm32\LL</Filter>
    </ClInclude>
    <ClInclude Include="..\..\..\..\Arduino\portable\packages\STMicroelectronics\hardware\stm32\2.1.0\cores\arduino\stm32\LL\stm32yyxx_ll_rcc.h">
      <Filter>src\_micro-api-readonly\core\stm32\LL</Filter>
    </ClInclude>
    <ClInclude Include="..\..\..\..\Arduino\portable\packages\STMicroelectronics\hardware\stm32\2.1.0\cores\arduino\stm32\LL\stm32yyxx_ll_rng.h">
      <Filter>src\_micro-api-readonly\core\stm32\LL</Filter>
    </ClInclude>
    <ClInclude Include="..\..\..\..\Arduino\portable\packages\STMicroelectronics\hardware\stm32\2.1.0\cores\arduino\stm32\LL\stm32yyxx_ll_rtc.h">
      <Filter>src\_micro-api-readonly\core\stm32\LL</Filter>
    </ClInclude>
    <ClInclude Include="..\..\..\..\Arduino\portable\packages\STMicroelectronics\hardware\stm32\2.1.0\cores\arduino\stm32\LL\stm32yyxx_ll_sdmmc.h">
      <Filter>src\_micro-api-readonly\core\stm32\LL</Filter>
    </ClInclude>
    <ClInclude Include="..\..\..\..\Arduino\portable\packages\STMicroelectronics\hardware\stm32\2.1.0\cores\arduino\stm32\LL\stm32yyxx_ll_spi.h">
      <Filter>src\_micro-api-readonly\core\stm32\LL</Filter>
    </ClInclude>
    <ClInclude Include="..\..\..\..\Arduino\portable\packages\STMicroelectronics\hardware\stm32\2.1.0\cores\arduino\stm32\LL\stm32yyxx_ll_swpmi.h">
      <Filter>src\_micro-api-readonly\core\stm32\LL</Filter>
    </ClInclude>
    <ClInclude Include="..\..\..\..\Arduino\portable\packages\STMicroelectronics\hardware\stm32\2.1.0\cores\arduino\stm32\LL\stm32yyxx_ll_system.h">
      <Filter>src\_micro-api-readonly\core\stm32\LL</Filter>
    </ClInclude>
    <ClInclude Include="..\..\..\..\Arduino\portable\packages\STMicroelectronics\hardware\stm32\2.1.0\cores\arduino\stm32\LL\stm32yyxx_ll_tim.h">
      <Filter>src\_micro-api-readonly\core\stm32\LL</Filter>
    </ClInclude>
    <ClInclude Include="..\..\..\..\Arduino\portable\packages\STMicroelectronics\hardware\stm32\2.1.0\cores\arduino\stm32\LL\stm32yyxx_ll_ucpd.h">
      <Filter>src\_micro-api-readonly\core\stm32\LL</Filter>
    </ClInclude>
    <ClInclude Include="..\..\..\..\Arduino\portable\packages\STMicroelectronics\hardware\stm32\2.1.0\cores\arduino\stm32\LL\stm32yyxx_ll_usart.h">
      <Filter>src\_micro-api-readonly\core\stm32\LL</Filter>
    </ClInclude>
    <ClInclude Include="..\..\..\..\Arduino\portable\packages\STMicroelectronics\hardware\stm32\2.1.0\cores\arduino\stm32\LL\stm32yyxx_ll_usb.h">
      <Filter>src\_micro-api-readonly\core\stm32\LL</Filter>
    </ClInclude>
    <ClInclude Include="..\..\..\..\Arduino\portable\packages\STMicroelectronics\hardware\stm32\2.1.0\cores\arduino\stm32\LL\stm32yyxx_ll_utils.h">
      <Filter>src\_micro-api-readonly\core\stm32\LL</Filter>
    </ClInclude>
    <ClInclude Include="..\..\..\..\Arduino\portable\packages\STMicroelectronics\hardware\stm32\2.1.0\cores\arduino\stm32\LL\stm32yyxx_ll_wwdg.h">
      <Filter>src\_micro-api-readonly\core\stm32\LL</Filter>
    </ClInclude>
    <ClInclude Include="..\..\..\..\Arduino\portable\packages\STMicroelectronics\hardware\stm32\2.1.0\cores\arduino\stm32\OpenAMP\mbox_ipcc.h">
      <Filter>src\_micro-api-readonly\core\stm32\OpenAMP</Filter>
    </ClInclude>
    <ClInclude Include="..\..\..\..\Arduino\portable\packages\STMicroelectronics\hardware\stm32\2.1.0\cores\arduino\stm32\OpenAMP\openamp.h">
      <Filter>src\_micro-api-readonly\core\stm32\OpenAMP</Filter>
    </ClInclude>
    <ClInclude Include="..\..\..\..\Arduino\portable\packages\STMicroelectronics\hardware\stm32\2.1.0\cores\arduino\stm32\OpenAMP\openamp_conf.h">
      <Filter>src\_micro-api-readonly\core\stm32\OpenAMP</Filter>
    </ClInclude>
    <ClInclude Include="..\..\..\..\Arduino\portable\packages\STMicroelectronics\hardware\stm32\2.1.0\cores\arduino\stm32\OpenAMP\rsc_table.h">
      <Filter>src\_micro-api-readonly\core\stm32\OpenAMP</Filter>
    </ClInclude>
    <ClInclude Include="..\..\..\..\Arduino\portable\packages\STMicroelectronics\hardware\stm32\2.1.0\cores\arduino\stm32\OpenAMP\virtio_buffer.h">
      <Filter>src\_micro-api-readonly\core\stm32\OpenAMP</Filter>
    </ClInclude>
    <ClInclude Include="..\..\..\..\Arduino\portable\packages\STMicroelectronics\hardware\stm32\2.1.0\cores\arduino\stm32\OpenAMP\virtio_config.h">
      <Filter>src\_micro-api-readonly\core\stm32\OpenAMP</Filter>
    </ClInclude>
    <ClInclude Include="..\..\..\..\Arduino\portable\packages\STMicroelectronics\hardware\stm32\2.1.0\cores\arduino\stm32\OpenAMP\virtio_log.h">
      <Filter>src\_micro-api-readonly\core\stm32\OpenAMP</Filter>
    </ClInclude>
    <ClInclude Include="..\..\..\..\Arduino\portable\packages\STMicroelectronics\hardware\stm32\2.1.0\cores\arduino\stm32\usb\usbd_conf.h">
      <Filter>src\_micro-api-readonly\core\stm32\usb</Filter>
    </ClInclude>
    <ClInclude Include="..\..\..\..\Arduino\portable\packages\STMicroelectronics\hardware\stm32\2.1.0\cores\arduino\stm32\usb\usbd_desc.h">
      <Filter>src\_micro-api-readonly\core\stm32\usb</Filter>
    </ClInclude>
    <ClInclude Include="..\..\..\..\Arduino\portable\packages\STMicroelectronics\hardware\stm32\2.1.0\cores\arduino\stm32\usb\usbd_ep_conf.h">
      <Filter>src\_micro-api-readonly\core\stm32\usb</Filter>
    </ClInclude>
    <ClInclude Include="..\..\..\..\Arduino\portable\packages\STMicroelectronics\hardware\stm32\2.1.0\cores\arduino\stm32\usb\usbd_if.h">
      <Filter>src\_micro-api-readonly\core\stm32\usb</Filter>
    </ClInclude>
    <ClInclude Include="..\..\..\..\Arduino\portable\packages\STMicroelectronics\hardware\stm32\2.1.0\cores\arduino\stm32\usb\cdc\cdc_queue.h">
      <Filter>src\_micro-api-readonly\core\stm32\usb\cdc</Filter>
    </ClInclude>
    <ClInclude Include="..\..\..\..\Arduino\portable\packages\STMicroelectronics\hardware\stm32\2.1.0\cores\arduino\stm32\usb\cdc\usbd_cdc.h">
      <Filter>src\_micro-api-readonly\core\stm32\usb\cdc</Filter>
    </ClInclude>
    <ClInclude Include="..\..\..\..\Arduino\portable\packages\STMicroelectronics\hardware\stm32\2.1.0\cores\arduino\stm32\usb\cdc\usbd_cdc_if.h">
      <Filter>src\_micro-api-readonly\core\stm32\usb\cdc</Filter>
    </ClInclude>
    <ClInclude Include="..\..\..\..\Arduino\portable\packages\STMicroelectronics\hardware\stm32\2.1.0\cores\arduino\stm32\usb\hid\usbd_hid_composite.h">
      <Filter>src\_micro-api-readonly\core\stm32\usb\hid</Filter>
    </ClInclude>
    <ClInclude Include="..\..\..\..\Arduino\portable\packages\STMicroelectronics\hardware\stm32\2.1.0\cores\arduino\stm32\usb\hid\usbd_hid_composite_if.h">
      <Filter>src\_micro-api-readonly\core\stm32\usb\hid</Filter>
    </ClInclude>
  </ItemGroup>
  <ItemGroup>
    <ClCompile Include="..\..\..\..\Arduino\portable\packages\STMicroelectronics\hardware\stm32\2.1.0\cores\arduino\abi.cpp">
      <Filter>src\_micro-api-readonly\core</Filter>
    </ClCompile>
    <ClCompile Include="..\..\..\..\Arduino\portable\packages\STMicroelectronics\hardware\stm32\2.1.0\cores\arduino\board.c">
      <Filter>src\_micro-api-readonly\core</Filter>
    </ClCompile>
    <ClCompile Include="..\..\..\..\Arduino\portable\packages\STMicroelectronics\hardware\stm32\2.1.0\cores\arduino\HardwareSerial.cpp">
      <Filter>src\_micro-api-readonly\core</Filter>
    </ClCompile>
    <ClCompile Include="..\..\..\..\Arduino\portable\packages\STMicroelectronics\hardware\stm32\2.1.0\cores\arduino\HardwareTimer.cpp">
      <Filter>src\_micro-api-readonly\core</Filter>
    </ClCompile>
    <ClCompile Include="..\..\..\..\Arduino\portable\packages\STMicroelectronics\hardware\stm32\2.1.0\cores\arduino\hooks.c">
      <Filter>src\_micro-api-readonly\core</Filter>
    </ClCompile>
    <ClCompile Include="..\..\..\..\Arduino\portable\packages\STMicroelectronics\hardware\stm32\2.1.0\cores\arduino\IPAddress.cpp">
      <Filter>src\_micro-api-readonly\core</Filter>
    </ClCompile>
    <ClCompile Include="..\..\..\..\Arduino\portable\packages\STMicroelectronics\hardware\stm32\2.1.0\cores\arduino\itoa.c">
      <Filter>src\_micro-api-readonly\core</Filter>
    </ClCompile>
    <ClCompile Include="..\..\..\..\Arduino\portable\packages\STMicroelectronics\hardware\stm32\2.1.0\cores\arduino\main.cpp">
      <Filter>src\_micro-api-readonly\core</Filter>
    </ClCompile>
    <ClCompile Include="..\..\..\..\Arduino\portable\packages\STMicroelectronics\hardware\stm32\2.1.0\cores\arduino\new.cpp">
      <Filter>src\_micro-api-readonly\core</Filter>
    </ClCompile>
    <ClCompile Include="..\..\..\..\Arduino\portable\packages\STMicroelectronics\hardware\stm32\2.1.0\cores\arduino\pins_arduino.c">
      <Filter>src\_micro-api-readonly\core</Filter>
    </ClCompile>
    <ClCompile Include="..\..\..\..\Arduino\portable\packages\STMicroelectronics\hardware\stm32\2.1.0\cores\arduino\Print.cpp">
      <Filter>src\_micro-api-readonly\core</Filter>
    </ClCompile>
    <ClCompile Include="..\..\..\..\Arduino\portable\packages\STMicroelectronics\hardware\stm32\2.1.0\cores\arduino\RingBuffer.cpp">
      <Filter>src\_micro-api-readonly\core</Filter>
    </ClCompile>
    <ClCompile Include="..\..\..\..\Arduino\portable\packages\STMicroelectronics\hardware\stm32\2.1.0\cores\arduino\Stream.cpp">
      <Filter>src\_micro-api-readonly\core</Filter>
    </ClCompile>
    <ClCompile Include="..\..\..\..\Arduino\portable\packages\STMicroelectronics\hardware\stm32\2.1.0\cores\arduino\Tone.cpp">
      <Filter>src\_micro-api-readonly\core</Filter>
    </ClCompile>
    <ClCompile Include="..\..\..\..\Arduino\portable\packages\STMicroelectronics\hardware\stm32\2.1.0\cores\arduino\USBSerial.cpp">
      <Filter>src\_micro-api-readonly\core</Filter>
    </ClCompile>
    <ClCompile Include="..\..\..\..\Arduino\portable\packages\STMicroelectronics\hardware\stm32\2.1.0\cores\arduino\VirtIOSerial.cpp">
      <Filter>src\_micro-api-readonly\core</Filter>
    </ClCompile>
    <ClCompile Include="..\..\..\..\Arduino\portable\packages\STMicroelectronics\hardware\stm32\2.1.0\cores\arduino\WInterrupts.cpp">
      <Filter>src\_micro-api-readonly\core</Filter>
    </ClCompile>
    <ClCompile Include="..\..\..\..\Arduino\portable\packages\STMicroelectronics\hardware\stm32\2.1.0\cores\arduino\wiring_analog.c">
      <Filter>src\_micro-api-readonly\core</Filter>
    </ClCompile>
    <ClCompile Include="..\..\..\..\Arduino\portable\packages\STMicroelectronics\hardware\stm32\2.1.0\cores\arduino\wiring_digital.c">
      <Filter>src\_micro-api-readonly\core</Filter>
    </ClCompile>
    <ClCompile Include="..\..\..\..\Arduino\portable\packages\STMicroelectronics\hardware\stm32\2.1.0\cores\arduino\wiring_pulse.cpp">
      <Filter>src\_micro-api-readonly\core</Filter>
    </ClCompile>
    <ClCompile Include="..\..\..\..\Arduino\portable\packages\STMicroelectronics\hardware\stm32\2.1.0\cores\arduino\wiring_shift.c">
      <Filter>src\_micro-api-readonly\core</Filter>
    </ClCompile>
    <ClCompile Include="..\..\..\..\Arduino\portable\packages\STMicroelectronics\hardware\stm32\2.1.0\cores\arduino\wiring_time.c">
      <Filter>src\_micro-api-readonly\core</Filter>
    </ClCompile>
    <ClCompile Include="..\..\..\..\Arduino\portable\packages\STMicroelectronics\hardware\stm32\2.1.0\cores\arduino\WMath.cpp">
      <Filter>src\_micro-api-readonly\core</Filter>
    </ClCompile>
    <ClCompile Include="..\..\..\..\Arduino\portable\packages\STMicroelectronics\hardware\stm32\2.1.0\cores\arduino\WSerial.cpp">
      <Filter>src\_micro-api-readonly\core</Filter>
    </ClCompile>
    <ClCompile Include="..\..\..\..\Arduino\portable\packages\STMicroelectronics\hardware\stm32\2.1.0\cores\arduino\WString.cpp">
      <Filter>src\_micro-api-readonly\core</Filter>
    </ClCompile>
  </ItemGroup>
</Project>